Creation Time- 2017-02-15_01-15-49 | Status- debug | Type- scala | tests- all | User- mattfel | Origin- mattfel-Inspiron-13-7359 | Destination- max-2 | Branch- fpga | Spatial- 1ba8e | Argon- a07f0 | Virtualized- bdbad
2017-02-15_01-15-49
debug
scala
all
mattfel
mattfel-Inspiron-13-7359
1ba8e838f970d07eb9e52db33519a71129a0302e
a07f05623029d9577db67d410955ddbfdc3cb8ad
bdbad40497eeba309964562216fb2028a8c266b5
fpga
max-2
/kunle/users/mattfel/regression
