Creation Time- 2017-10-23_23-59-18 | Status- debug | Type- chisel | tests- all | User- mattfel | Origin- london | Destination- london | Branch- fpga | Spatial- 85e8f | Argon- 47e0a | Virtualized- 1a5ad | Spatial-apps- 4bd1c
2017-10-23_23-59-18
debug
chisel
all
mattfel
london
85e8fc1cb71434e6612183a1157a04107e7ca9f4
fpga
london
/home/mattfel/regression
