Creation Time- 2017-10-17_22-46-20 | Status- debug | Type- scala | tests- all | User- mattfel | Origin- london | Destination- tucson | Branch- pre-master | Spatial- a42d9 | Argon- fff25 | Virtualized- 1a5ad | Spatial-apps- 2b991
2017-10-17_22-46-20
debug
scala
all
mattfel
london
a42d9b6a478553653a2e649e395d6ea7daabb94c
pre-master
tucson
/home/mattfel/regression
