Creation Time- 2017-10-25_17-18-18 | Status- debug | Type- scala | tests- all | User- mattfel | Origin- london | Destination- tucson | Branch- develop | Spatial- b1708 | Argon- 05cb4 | Virtualized- 1a5ad | Spatial-apps- 12647
2017-10-25_17-18-18
debug
scala
all
mattfel
london
b1708ef1ef5386c0ab0989ddd2b0561346dee14a
develop
tucson
/home/mattfel/regression
