Creation Time- 2017-12-05_10-50-35 | Status- debug | Type- chisel | tests- all | User- mattfel | Origin- london | Destination- tucson | Branch- pre-master | Spatial- b24a9 | Argon- b7921 | Virtualized- 1a5ad | Spatial-apps- db60d
2017-12-05_10-50-35
debug
chisel
all
mattfel
london
b24a9efcf6c45cdd1fbc48b6a7e16efd6a63daa2
pre-master
tucson
/home/mattfel/regression
