Creation Time- 2017-11-02_13-05-48 | Status- debug | Type- chisel | tests- all | User- mattfel | Origin- london | Destination- london | Branch- syncMem | Spatial- 4f116 | Argon- 4b046 | Virtualized- 1a5ad | Spatial-apps- 479e9
2017-11-02_13-05-48
debug
chisel
all
mattfel
london
4f116265fcd079de99dc8d076dbc90023f5f92b7
syncMem
london
/home/mattfel/regression
