Creation Time- 2017-08-07_21-19-45 | Status- debug | Type- scala | tests- all | User- mattfel | Origin- london | Destination- max-2 | Branch- syncMem | Spatial- 2cdbb | Argon- a5302 | Virtualized- 1a5ad | Spatial-apps- 738e5
2017-08-07_21-19-45
debug
scala
all
mattfel
london
2cdbbe9c8cd592995585a44b0ec4d2861f10b5ba
syncMem
max-2
/kunle/users/mattfel/regression
