Creation Time- 2017-12-16_18-57-46 | Status- debug | Type- chisel | tests- all | User- mattfel | Origin- london | Destination- tucson | Branch- develop | Spatial- 1362e | Argon- 37628 | Virtualized- 1a5ad | Spatial-apps- 7be43
2017-12-16_18-57-46
debug
chisel
all
mattfel
london
1362e7314e1616df2426531b6c7d1bb334b7c3c9
develop
tucson
/home/mattfel/regression
