Creation Time- 2017-08-22_15-45-06 | Status- debug | Type- scala | tests- all | User- mattfel | Origin- london | Destination- portland | Branch- fpga | Spatial- 67255 | Argon- 1248e | Virtualized- 1a5ad | Spatial-apps- 6afe3
2017-08-22_15-45-06
debug
scala
all
mattfel
london
672559226e5f8f0821d42934a41c812adf08eff6
fpga
portland
/home/regression/
