Creation Time- 2017-12-06_00-21-06 | Status- debug | Type- scala | tests- all | User- mattfel | Origin- london | Destination- tucson | Branch- syncMem | Spatial- ec3dc | Argon- b7921 | Virtualized- 1a5ad | Spatial-apps- db60d
2017-12-06_00-21-06
debug
scala
all
mattfel
london
ec3dc06e95e80f91b9df623b715b009a9aee3086
syncMem
tucson
/home/mattfel/regression
