Creation Time- 2017-08-07_00-46-13 | Status- debug | Type- chisel | tests- all | User- mattfel | Origin- london | Destination- london | Branch- retime | Spatial- d7d08 | Argon- 0b387 | Virtualized- 1a5ad | Spatial-apps- 87047
2017-08-07_00-46-13
debug
chisel
all
mattfel
london
d7d0859d61a24a42fe5507030cedbc96fadf3873
retime
london
/home/mattfel/regression
