Creation Time- 2017-08-08_00-33-44 | Status- debug | Type- chisel | tests- all | User- dkoeplin | Origin- Wheatley | Destination- tucson | Branch- develop | Spatial- a94ec | Argon- 12283 | Virtualized- 1a5ad | Spatial-apps- 738e5
2017-08-08_00-33-44
debug
chisel
all
dkoeplin
Wheatley
a94eccf34c16750e02167df3a4ef93c16dcd585a
develop
tucson
/home/mattfel/regression
