Creation Time- 2017-08-24_17-29-48 | Status- debug | Type- scala | tests- all | User- mattfel | Origin- london | Destination- max-2 | Branch- develop | Spatial- b0e26 | Argon- 9eb7d | Virtualized- 1a5ad | Spatial-apps- b61c1
2017-08-24_17-29-48
debug
scala
all
mattfel
london
b0e26063c9ab87d93865e52bafc98338cf8ede1e
develop
max-2
/kunle/users/mattfel/regression
