Creation Time- 2017-07-20_21-07-15 | Status- debug | Type- scala | tests- all | User- david | Origin- Wheatley | Destination- max-2 | Branch- compile | Spatial- 6dbe7 | Argon- ac874 | Virtualized- 8f02d | Spatial-apps- a23f0
2017-07-20_21-07-15
debug
scala
all
david
Wheatley
6dbe77cb90f6d7195811c8a73beb622a51baaf83
compile
max-2
/kunle/users/mattfel/regression
