Creation Time- 2017-12-06_18-35-03 | Status- debug | Type- chisel | tests- all | User- mattfel | Origin- london | Destination- tucson | Branch- pre-master | Spatial- 97c04 | Argon- b7921 | Virtualized- 1a5ad | Spatial-apps- f7fdd
2017-12-06_18-35-03
debug
chisel
all
mattfel
london
97c04adf1ce1e4dacfe1cbd859967af693268db4
pre-master
tucson
/home/mattfel/regression
