Creation Time- 2017-09-25_17-34-41 | Status- debug | Type- scala | tests- all | User- mattfel | Origin- london | Destination- tflop1 | Branch- develop | Spatial- 41b79 | Argon- 577e5 | Virtualized- 1a5ad | Spatial-apps- 434d8
2017-09-25_17-34-41
debug
scala
all
mattfel
london
41b79b44f9ae18cb7d26edbfe239851c1cded427
develop
tflop1
/home/regression/
