Creation Time- 2017-05-14_12-44-36 | Status- debug | Type- scala | tests- all | User- mattfel | Origin- london | Destination- max-2 | Branch- master | Spatial- be506 | Argon- 09b6d | Virtualized- 3cee8
2017-05-14_12-44-36
debug
scala
all
mattfel
london
be506f29536400db7b4e4d655389837adb7cc564
master
max-2
/kunle/users/mattfel/regression/scala
