Creation Time- 2017-03-16_20-42-19 | Status- debug | Type- scala | tests- all | User- mattfel | Origin- mattfel-XPS-13-9360 | Destination- max-2 | Branch- fpga | Spatial- 83c18 | Argon- 7d772 | Virtualized- bdbad
2017-03-16_20-42-19
debug
scala
all
mattfel
mattfel-XPS-13-9360
83c181b5f9eefee4d163e1557d14b9a2b8ec6c83
7d7721dc5d6262619911c0d670ef0ec1215963e9
bdbad40497eeba309964562216fb2028a8c266b5
fpga
max-2
/remote/regression/scala
