Creation Time- 2017-10-15_18-26-34 | Status- debug | Type- scala | tests- all | User- mattfel | Origin- london | Destination- tucson | Branch- master | Spatial- 55cda | Argon- fff25 | Virtualized- 1a5ad | Spatial-apps- 2b991
2017-10-15_18-26-34
debug
scala
all
mattfel
london
55cda850fc14efb4730eacc07c6679552d399af6
master
tucson
/home/mattfel/regression
