Creation Time- 2017-08-06_13-31-31 | Status- debug | Type- scala | tests- all | User- mattfel | Origin- london | Destination- max-2 | Branch- pre-master | Spatial- 296ad | Argon- c1f4f | Virtualized- 1a5ad | Spatial-apps- 87047
2017-08-06_13-31-31
debug
scala
all
mattfel
london
296ad42c690c8d2e24a4a9344f243ccd3671a251
pre-master
max-2
/kunle/users/mattfel/regression
