Creation Time- 2017-09-15_16-19-19 | Status- debug | Type- scala | tests- all | User- mattfel | Origin- london | Destination- tflop1 | Branch- develop | Spatial- 571a0 | Argon- 1493d | Virtualized- 1a5ad | Spatial-apps- c58dd
2017-09-15_16-19-19
debug
scala
all
mattfel
london
571a0d60e6166219a34ac2f92995c8c01a8515ca
develop
tflop1
/home/regression/
