Creation Time- 2017-09-05_10-28-39 | Status- debug | Type- chisel | tests- all | User- mattfel | Origin- london | Destination- ottawa | Branch- fpga | Spatial- 93efa | Argon- 2e130 | Virtualized- 1a5ad | Spatial-apps- 359a7
2017-09-05_10-28-39
debug
chisel
all
mattfel
london
93efaec71be5cd7141e50baa0f04bd162da933a2
fpga
ottawa
/home/regression
