Creation Time- 2017-11-27_18-07-29 | Status- debug | Type- scala | tests- all | User- mattfel | Origin- london | Destination- tucson | Branch- develop | Spatial- d4941 | Argon- 16f65 | Virtualized- 1a5ad | Spatial-apps- 59dbc
2017-11-27_18-07-29
debug
scala
all
mattfel
london
d4941bbf6148fad0611084768046518f5f5f2d5f
develop
tucson
/home/mattfel/regression
