Creation Time- 2017-08-07_14-03-56 | Status- debug | Type- chisel | tests- all | User- mattfel | Origin- london | Destination- ottawa | Branch- fpga | Spatial- 60a41 | Argon- 0b387 | Virtualized- 1a5ad | Spatial-apps- 87047
2017-08-07_14-03-56
debug
chisel
all
mattfel
london
60a413658335dd7510f85c1ff947ea7c59a90f95
fpga
ottawa
/home/regression
