Creation Time- 2017-12-12_20-33-53 | Status- debug | Type- chisel | tests- all | User- mattfel | Origin- london | Destination- london | Branch- develop | Spatial- 0fa28 | Argon- 51a2f | Virtualized- 1a5ad | Spatial-apps- d3ef4
2017-12-12_20-33-53
debug
chisel
all
mattfel
london
0fa2891a77cfc181d7e17ca9abd125362b6fc5d9
develop
london
/home/mattfel/regression
