Creation Time- 2017-08-05_18-11-58 | Status- debug | Type- chisel | tests- all | User- mattfel | Origin- london | Destination- london | Branch- pre-master | Spatial- 2ff9a | Argon- 45eda | Virtualized- 1a5ad | Spatial-apps- ecdbd
2017-08-05_18-11-58
debug
chisel
all
mattfel
london
2ff9ac228f2c11e7da98beebeb34ca6ef6963ec8
pre-master
london
/home/mattfel/regression
