Creation Time- 2017-12-05_22-37-53 | Status- debug | Type- scala | tests- all | User- mattfel | Origin- london | Destination- tucson | Branch- fpga | Spatial- c7744 | Argon- b7921 | Virtualized- 1a5ad | Spatial-apps- db60d
2017-12-05_22-37-53
debug
scala
all
mattfel
london
c774489e0302c6a6ee7f85a4268d14fb1b5fb7ca
fpga
tucson
/home/mattfel/regression
