Creation Time- 2017-03-02_10-58-10 | Status- debug | Type- scala | tests- all | User- mattfel | Origin- mattfel-Inspiron-13-7359 | Destination- max-2 | Branch- fpga | Spatial- 4fe19 | Argon- 1355d | Virtualized- bdbad
2017-03-02_10-58-10
debug
scala
all
mattfel
mattfel-Inspiron-13-7359
4fe19707974ea79ffd12d172e039d3a26b3bd597
1355db45752dcbedafb18a0b51711fdb380d316b
bdbad40497eeba309964562216fb2028a8c266b5
fpga
max-2
/remote/regression/scala
