Creation Time- 2017-12-14_19-45-57 | Status- debug | Type- scala | tests- all | User- mattfel | Origin- london | Destination- tucson | Branch- retime | Spatial- b9a6c | Argon- 51a2f | Virtualized- 1a5ad | Spatial-apps- 7be43
2017-12-14_19-45-57
debug
scala
all
mattfel
london
b9a6c066f138e30264f791c9bbf120df0a3b7c80
retime
tucson
/home/mattfel/regression
