Creation Time- 2017-09-28_18-08-03 | Status- debug | Type- scala | tests- all | User- mattfel | Origin- london | Destination- max-2 | Branch- develop | Spatial- a8034 | Argon- 8d01c | Virtualized- 1a5ad | Spatial-apps- fb0ce
2017-09-28_18-08-03
debug
scala
all
mattfel
london
a80340dc1bd87c2fcf7afdd48a0ad945116a1192
develop
max-2
/kunle/users/mattfel/regression
