Creation Time- 2017-09-29_09-58-47 | Status- debug | Type- scala | tests- all | User- mattfel | Origin- london | Destination- max-2 | Branch- develop | Spatial- c17c2 | Argon- eed41 | Virtualized- 1a5ad | Spatial-apps- fb0ce
2017-09-29_09-58-47
debug
scala
all
mattfel
london
c17c2d0c95ffae01606fe7f72413db9b9826a7c1
develop
max-2
/kunle/users/mattfel/regression
