Creation Time- 2017-10-25_00-39-05 | Status- debug | Type- chisel | tests- all | User- mattfel | Origin- london | Destination- london | Branch- pre-master | Spatial- f66c0 | Argon- 47e0a | Virtualized- 1a5ad | Spatial-apps- 12647
2017-10-25_00-39-05
debug
chisel
all
mattfel
london
f66c0313cdb52002bc9263422fa942b5f5a46d0d
pre-master
london
/home/mattfel/regression
