Creation Time- 2017-10-04_23-56-16 | Status- debug | Type- scala | tests- all | User- mattfel | Origin- london | Destination- tflop2 | Branch- develop | Spatial- 9ed11 | Argon- e05f7 | Virtualized- 1a5ad | Spatial-apps- 3def9
2017-10-04_23-56-16
debug
scala
all
mattfel
london
9ed110eec64b5a18827c2047dc362611eaeabb4c
develop
tflop2
/home/regression/
