Creation Time- 2017-08-24_18-33-03 | Status- debug | Type- scala | tests- all | User- mattfel | Origin- london | Destination- max-2 | Branch- fpga | Spatial- 47fa3 | Argon- 9eb7d | Virtualized- 1a5ad | Spatial-apps- b61c1
2017-08-24_18-33-03
debug
scala
all
mattfel
london
47fa3105f0d76275851dd8d2b22dbfa96ca947e6
fpga
max-2
/kunle/users/mattfel/regression
