Creation Time- 2017-08-28_14-48-58 | Status- debug | Type- scala | tests- all | User- mattfel | Origin- london | Destination- portland | Branch- fpga | Spatial- ad231 | Argon- 2e480 | Virtualized- 1a5ad | Spatial-apps- ed207
2017-08-28_14-48-58
debug
scala
all
mattfel
london
ad231820e6f7a0846c6e4c894ecf729ec72b09b0
fpga
portland
/home/regression/
