Creation Time- 2017-08-09_14-31-13 | Status- debug | Type- chisel | tests- all | User- mattfel | Origin- london | Destination- tucson | Branch- syncMem | Spatial- ea884 | Argon- 7bc09 | Virtualized- 1a5ad | Spatial-apps- af221
2017-08-09_14-31-13
debug
chisel
all
mattfel
london
ea884b4d9e9ad6103bc791dd5dd13fa5497e3b76
syncMem
tucson
/home/mattfel/regression
