Creation Time- 2017-11-07_20-29-45 | Status- debug | Type- chisel | tests- all | User- mattfel | Origin- london | Destination- tucson | Branch- fpga | Spatial- a6080 | Argon- e9811 | Virtualized- 1a5ad | Spatial-apps- 969f9
2017-11-07_20-29-45
debug
chisel
all
mattfel
london
a6080e26416241e49951c29e3f6c5189762763c3
fpga
tucson
/home/mattfel/regression
