Creation Time- 2017-10-11_17-02-17 | Status- debug | Type- scala | tests- all | User- mattfel | Origin- london | Destination- tucson | Branch- pre-master | Spatial- d30ba | Argon- cb276 | Virtualized- 1a5ad | Spatial-apps- a7896
2017-10-11_17-02-17
debug
scala
all
mattfel
london
d30ba43ee38b821c04887ba15ac410398e876064
pre-master
tucson
/home/mattfel/regression
