Creation Time- 2017-11-07_15-24-51 | Status- debug | Type- scala | tests- all | User- mattfel | Origin- london | Destination- tucson | Branch- master | Spatial- f75cf | Argon- d65da | Virtualized- 1a5ad | Spatial-apps- 29bab
2017-11-07_15-24-51
debug
scala
all
mattfel
london
f75cf50cb5d93be780af4f58aacbcbdd1995a971
master
tucson
/home/mattfel/regression
