Creation Time- 2017-12-06_00-20-10 | Status- debug | Type- scala | tests- all | User- mattfel | Origin- london | Destination- tucson | Branch- fpga | Spatial- e0fb6 | Argon- b7921 | Virtualized- 1a5ad | Spatial-apps- db60d
2017-12-06_00-20-10
debug
scala
all
mattfel
london
e0fb687cc590bbdcf4922b3bcc06da803de9960a
fpga
tucson
/home/mattfel/regression
