Creation Time- 2017-11-02_13-05-17 | Status- debug | Type- scala | tests- all | User- mattfel | Origin- london | Destination- tucson | Branch- retime | Spatial- 4f116 | Argon- 4b046 | Virtualized- 1a5ad | Spatial-apps- 479e9
2017-11-02_13-05-17
debug
scala
all
mattfel
london
4f116265fcd079de99dc8d076dbc90023f5f92b7
retime
tucson
/home/mattfel/regression
