Creation Time- 2017-10-09_00-08-56 | Status- debug | Type- scala | tests- all | User- mattfel | Origin- london | Destination- tucson | Branch- develop | Spatial- 22a57 | Argon- 8d1f7 | Virtualized- 1a5ad | Spatial-apps- 315a1
2017-10-09_00-08-56
debug
scala
all
mattfel
london
22a5735f1a522ec329c89b25bd2faf0771243a06
develop
tucson
/home/mattfel/regression
