Creation Time- 2017-10-16_12-49-13 | Status- debug | Type- scala | tests- all | User- mattfel | Origin- london | Destination- tucson | Branch- develop | Spatial- 0b72d | Argon- fff25 | Virtualized- 1a5ad | Spatial-apps- 2b991
2017-10-16_12-49-13
debug
scala
all
mattfel
london
0b72ddfb87a5e0179d46594efe2277e81d4b2adf
develop
tucson
/home/mattfel/regression
