Creation Time- 2017-08-05_18-09-06 | Status- debug | Type- chisel | tests- all | User- mattfel | Origin- london | Destination- ottawa | Branch- syncMem | Spatial- f235a | Argon- 45eda | Virtualized- 1a5ad | Spatial-apps- ecdbd
2017-08-05_18-09-06
debug
chisel
all
mattfel
london
f235ac684decc8bebc526358d1d2c20b6cccba0b
syncMem
ottawa
/home/regression
