Creation Time- 2017-12-04_19-33-34 | Status- debug | Type- chisel | tests- all | User- mattfel | Origin- london | Destination- tucson | Branch- fpga | Spatial- 4bf9a | Argon- b7921 | Virtualized- 1a5ad | Spatial-apps- db60d
2017-12-04_19-33-34
debug
chisel
all
mattfel
london
4bf9a9999bf256c9c6fe05a9639353a2ed12c284
fpga
tucson
/home/mattfel/regression
