Creation Time- 2017-08-07_00-41-36 | Status- debug | Type- chisel | tests- all | User- mattfel | Origin- london | Destination- ottawa | Branch- fpga | Spatial- b5daf | Argon- 0b387 | Virtualized- 1a5ad | Spatial-apps- 87047
2017-08-07_00-41-36
debug
chisel
all
mattfel
london
b5dafb314e49d7c62a9db4bf8df62822315b0708
fpga
ottawa
/home/regression
