Creation Time- 2017-11-13_13-26-54 | Status- debug | Type- scala | tests- all | User- mattfel | Origin- london | Destination- tucson | Branch- develop | Spatial- 2f7e1 | Argon- e9811 | Virtualized- 1a5ad | Spatial-apps- 163e9
2017-11-13_13-26-54
debug
scala
all
mattfel
london
2f7e1f46e83ef63f02fd684e0cde123c660bd087
develop
tucson
/home/mattfel/regression
