Creation Time- 2017-12-12_13-49-34 | Status- debug | Type- scala | tests- all | User- mattfel | Origin- london | Destination- london | Branch- retime | Spatial- ecff8 | Argon- 7dfde | Virtualized- 1a5ad | Spatial-apps- f7fdd
2017-12-12_13-49-34
debug
scala
all
mattfel
london
ecff828703c7f32b797642ad8d7784df53a5d795
retime
london
/home/mattfel/regression
