Creation Time- 2017-09-06_23-37-28 | Status- debug | Type- scala | tests- all | User- mattfel | Origin- london | Destination- tflop1 | Branch- retime | Spatial- 3d0d9 | Argon- 2e130 | Virtualized- 1a5ad | Spatial-apps- 359a7
2017-09-06_23-37-28
debug
scala
all
mattfel
london
3d0d9424f80fc7284ba1f7a62a4f2709f126933a
retime
tflop1
/home/regression/
