Creation Time- 2017-10-09_00-02-11 | Status- debug | Type- chisel | tests- all | User- mattfel | Origin- london | Destination- london | Branch- fpga | Spatial- 02ec9 | Argon- 8d1f7 | Virtualized- 1a5ad | Spatial-apps- 74735
2017-10-09_00-02-11
debug
chisel
all
mattfel
london
02ec9413545e0cdc60d8cdfcc30d4e18c50e65cc
fpga
london
/home/mattfel/regression
