Creation Time- 2017-11-20_17-25-39 | Status- debug | Type- chisel | tests- all | User- mattfel | Origin- london | Destination- london | Branch- master | Spatial- 4e5ba | Argon- 9edf3 | Virtualized- 1a5ad | Spatial-apps- 163e9
2017-11-20_17-25-39
debug
chisel
all
mattfel
london
4e5ba070602f00e62629be71e75b1f92e87d0e28
master
london
/home/mattfel/regression
