Creation Time- 2017-11-27_11-27-27 | Status- debug | Type- scala | tests- all | User- mattfel | Origin- london | Destination- london | Branch- retime | Spatial- ce8ef | Argon- 16f65 | Virtualized- 1a5ad | Spatial-apps- 59dbc
2017-11-27_11-27-27
debug
scala
all
mattfel
london
ce8ef9ed71e48607c96f7f736b6d50fc6cac2c44
retime
london
/home/mattfel/regression
