Creation Time- 2017-12-15_17-40-52 | Status- debug | Type- chisel | tests- all | User- mattfel | Origin- london | Destination- tucson | Branch- syncMem | Spatial- 44a56 | Argon- 51a2f | Virtualized- 1a5ad | Spatial-apps- 7be43
2017-12-15_17-40-52
debug
chisel
all
mattfel
london
44a56f765029ca3f53dd04b8d8fb4d9c3617474a
syncMem
tucson
/home/mattfel/regression
