Creation Time- 2017-12-31_10-46-22 | Status- debug | Type- chisel | tests- all | User- mattfel | Origin- london | Destination- tucson | Branch- syncMem | Spatial- 4650e | Argon- 7df75 | Virtualized- 1a5ad | Spatial-apps- 8e751
2017-12-31_10-46-22
debug
chisel
all
mattfel
london
4650ee3877bf9d2a541b22e325a24c1e2621e9e7
syncMem
tucson
/home/mattfel/regression
