Creation Time- 2017-12-09_09-16-24 | Status- debug | Type- chisel | tests- all | User- mattfel | Origin- london | Destination- london | Branch- fpga | Spatial- cc197 | Argon- 7d828 | Virtualized- 1a5ad | Spatial-apps- f7fdd
2017-12-09_09-16-24
debug
chisel
all
mattfel
london
cc197deea984e06b156d6101c9190368f113f5fb
fpga
london
/home/mattfel/regression
