Creation Time- 2017-12-11_00-35-56 | Status- debug | Type- chisel | tests- all | User- mattfel | Origin- london | Destination- tucson | Branch- fpga | Spatial- b06ac | Argon- 83a80 | Virtualized- 1a5ad | Spatial-apps- f7fdd
2017-12-11_00-35-56
debug
chisel
all
mattfel
london
b06ac0b7692d0a613c592de24f6f50947610a7ff
fpga
tucson
/home/mattfel/regression
