Creation Time- 2017-09-08_10-35-10 | Status- debug | Type- scala | tests- all | User- mattfel | Origin- london | Destination- tflop1 | Branch- retime | Spatial- 6d4e1 | Argon- 2e130 | Virtualized- 1a5ad | Spatial-apps- 275e8
2017-09-08_10-35-10
debug
scala
all
mattfel
london
6d4e1fc42e0887228ff6065d9933bc26b4b02502
retime
tflop1
/home/regression/
