Creation Time- 2017-10-25_15-12-19 | Status- debug | Type- scala | tests- all | User- mattfel | Origin- london | Destination- london | Branch- retime | Spatial- ef848 | Argon- 05cb4 | Virtualized- 1a5ad | Spatial-apps- 12647
2017-10-25_15-12-19
debug
scala
all
mattfel
london
ef8489132d77db49eaef43855e0eb62d103b5121
retime
london
/home/mattfel/regression
