Creation Time- 2017-07-11_23-46-30 | Status- debug | Type- scala | tests- all | User-  | Origin- Wheatley | Destination- max-2 | Branch- compile | Spatial- 32493 | Argon- ae7a6 | Virtualized- 8f02d
2017-07-11_23-46-30
debug
scala
all
david
Wheatley
32493b2c7ee1083001d241f1505ca3933892059e
compile
max-2
/kunle/users/mattfel/regression/scala
