Creation Time- 2017-12-08_22-48-12 | Status- debug | Type- scala | tests- all | User- mattfel | Origin- london | Destination- tucson | Branch- pre-master | Spatial- 36f67 | Argon- 7d828 | Virtualized- 1a5ad | Spatial-apps- f7fdd
2017-12-08_22-48-12
debug
scala
all
mattfel
london
36f670f32395bd33b9af659d221161177262ab46
pre-master
tucson
/home/mattfel/regression
