Creation Time- 2017-08-23_10-20-34 | Status- debug | Type- scala | tests- all | User- mattfel | Origin- london | Destination- tflop1 | Branch- master | Spatial- f9ad7 | Argon- 17083 | Virtualized- 1a5ad | Spatial-apps- a518b
2017-08-23_10-20-34
debug
scala
all
mattfel
london
f9ad7c96615c95fd090074fa9c005a22741a2745
master
tflop1
/home/regression/
