Creation Time- 2017-12-31_10-48-15 | Status- debug | Type- scala | tests- all | User- mattfel | Origin- london | Destination- tucson | Branch- master | Spatial- 74348 | Argon- 7df75 | Virtualized- 1a5ad | Spatial-apps- 8e751
2017-12-31_10-48-15
debug
scala
all
mattfel
london
7434864dda98ff4ad7052fcabd612252ecd69311
master
tucson
/home/mattfel/regression
