Creation Time- 2017-08-24_18-25-32 | Status- debug | Type- scala | tests- all | User- mattfel | Origin- london | Destination- max-2 | Branch- develop | Spatial- e8d7d | Argon- 9eb7d | Virtualized- 1a5ad | Spatial-apps- b61c1
2017-08-24_18-25-32
debug
scala
all
mattfel
london
e8d7db6ac7f51aa5f627b706a6d79843ccbfb96b
develop
max-2
/kunle/users/mattfel/regression
