Creation Time- 2017-08-23_19-03-51 | Status- debug | Type- chisel | tests- all | User- mattfel | Origin- london | Destination- tflop2 | Branch- develop | Spatial- c5dd8 | Argon- 1248e | Virtualized- 1a5ad | Spatial-apps- bed02
2017-08-23_19-03-51
debug
chisel
all
mattfel
london
c5dd841803547ed13721f8303ea4aad16029819f
develop
tflop2
/home/regression/
