Creation Time- 2017-08-23_19-03-34 | Status- debug | Type- chisel | tests- all | User- mattfel | Origin- london | Destination- ottawa | Branch- fpga | Spatial- aae8b | Argon- 1248e | Virtualized- 1a5ad | Spatial-apps- bed02
2017-08-23_19-03-34
debug
chisel
all
mattfel
london
aae8b3bc9390d9266f6b6c56a61ab154780796c7
fpga
ottawa
/home/regression
