Creation Time- 2017-09-20_12-44-16 | Status- debug | Type- scala | tests- all | User- mattfel | Origin- london | Destination- portland | Branch- fpga | Spatial- 8db18 | Argon- 577e5 | Virtualized- 1a5ad | Spatial-apps- 80199
2017-09-20_12-44-16
debug
scala
all
mattfel
london
8db1888434c2fb1fd0dba6fe236fa4c522faae3a
fpga
portland
/home/regression/
