Creation Time- 2017-08-31_18-15-20 | Status- debug | Type- scala | tests- all | User- mattfel | Origin- london | Destination- max-2 | Branch- develop | Spatial- a865c | Argon- 2e480 | Virtualized- 1a5ad | Spatial-apps- 4b2e2
2017-08-31_18-15-20
debug
scala
all
mattfel
london
a865c7e964d8ac60c489f252b919b81a24d57524
develop
max-2
/kunle/users/mattfel/regression
