Creation Time- 2017-08-05_18-02-23 | Status- debug | Type- scala | tests- all | User- mattfel | Origin- london | Destination- london | Branch- retime | Spatial- f235a | Argon- 45eda | Virtualized- 1a5ad | Spatial-apps- ecdbd
2017-08-05_18-02-23
debug
scala
all
mattfel
london
f235ac684decc8bebc526358d1d2c20b6cccba0b
retime
london
/home/mattfel/regression
