Creation Time- 2017-11-22_12-41-07 | Status- debug | Type- scala | tests- all | User- mattfel | Origin- london | Destination- tucson | Branch- develop | Spatial- 54d2c | Argon- b2630 | Virtualized- 1a5ad | Spatial-apps- 292db
2017-11-22_12-41-07
debug
scala
all
mattfel
london
54d2c3d8c0f545a3cc2ec697d9817fac29876cb4
develop
tucson
/home/mattfel/regression
