Creation Time- 2017-12-11_18-52-39 | Status- debug | Type- chisel | tests- all | User- mattfel | Origin- london | Destination- london | Branch- develop | Spatial- 8bc2d | Argon- 7dfde | Virtualized- 1a5ad | Spatial-apps- f7fdd
2017-12-11_18-52-39
debug
chisel
all
mattfel
london
8bc2deaec69d14623816a17939e8825dc66a523b
develop
london
/home/mattfel/regression
