Creation Time- 2017-12-16_12-27-58 | Status- debug | Type- scala | tests- all | User- mattfel | Origin- london | Destination- tucson | Branch- syncMem | Spatial- c4687 | Argon- 51a2f | Virtualized- 1a5ad | Spatial-apps- 7be43
2017-12-16_12-27-58
debug
scala
all
mattfel
london
c4687bbca68bbe07b69cfebd88dbd0b24c677521
syncMem
tucson
/home/mattfel/regression
