Creation Time- 2017-10-10_20-50-28 | Status- debug | Type- chisel | tests- all | User- mattfel | Origin- london | Destination- tucson | Branch- retime | Spatial- e25c7 | Argon- eeeb9 | Virtualized- 1a5ad | Spatial-apps- 53a4a
2017-10-10_20-50-28
debug
chisel
all
mattfel
london
e25c7cf589bbeec43091ff6b7b7b70729819f870
retime
tucson
/home/mattfel/regression
