Creation Time- 2017-10-25_17-17-12 | Status- debug | Type- chisel | tests- all | User- mattfel | Origin- london | Destination- london | Branch- fpga | Spatial- b1708 | Argon- 05cb4 | Virtualized- 1a5ad | Spatial-apps- 12647
2017-10-25_17-17-12
debug
chisel
all
mattfel
london
b1708ef1ef5386c0ab0989ddd2b0561346dee14a
fpga
london
/home/mattfel/regression
