Creation Time- 2017-03-21_19-51-09 | Status- debug | Type- chisel | tests- all | User- mattfel | Origin- london | Destination- portland | Branch- fpga | Spatial- 2252b | Argon- 97557 | Virtualized- bdbad
2017-03-21_19-51-09
debug
chisel
all
mattfel
london
2252b29aaadde3312069d08516ddb154df9fa396
97557bdd926f5647b8ea6379648acb49b474b24b
bdbad40497eeba309964562216fb2028a8c266b5
fpga
portland
/remote/regression/chisel
