Creation Time- 2017-10-05_20-47-49 | Status- debug | Type- scala | tests- all | User- mattfel | Origin- london | Destination- london | Branch- fpga | Spatial- e7584 | Argon- cb1d3 | Virtualized- 1a5ad | Spatial-apps- b92f4
2017-10-05_20-47-49
debug
scala
all
mattfel
london
e758493066ba4fc783cf168d40d6b3eff0e67b1f
fpga
london
/home/mattfel/regression
