Creation Time- 2017-08-24_18-34-24 | Status- debug | Type- scala | tests- all | User- mattfel | Origin- london | Destination- max-2 | Branch- pre-master | Spatial- 951c5 | Argon- 724f2 | Virtualized- 1a5ad | Spatial-apps- b61c1
2017-08-24_18-34-24
debug
scala
all
mattfel
london
951c5b38f0f768f5a732a5ceba1155e29c1c3669
pre-master
max-2
/kunle/users/mattfel/regression
