Creation Time- 2017-08-09_12-09-31 | Status- debug | Type- chisel | tests- all | User- mattfel | Origin- london | Destination- portland | Branch- develop | Spatial- 006af | Argon- 12283 | Virtualized- 1a5ad | Spatial-apps- b19ee
2017-08-09_12-09-31
debug
chisel
all
mattfel
london
006af6874c0bc6ba297453fb03ea06cb607f1534
develop
portland
/home/regression/
