Creation Time- 2017-10-24_23-10-04 | Status- debug | Type- scala | tests- all | User- mattfel | Origin- london | Destination- london | Branch- pre-master | Spatial- cc1d8 | Argon- 47e0a | Virtualized- 1a5ad | Spatial-apps- 12647
2017-10-24_23-10-04
debug
scala
all
mattfel
london
cc1d8474607654fa196eef409c864c5c3c7ec631
pre-master
london
/home/mattfel/regression
