Creation Time- 2017-11-29_15-35-52 | Status- debug | Type- chisel | tests- all | User- mattfel | Origin- london | Destination- london | Branch- develop | Spatial- f9a3c | Argon- 641b8 | Virtualized- 1a5ad | Spatial-apps- db60d
2017-11-29_15-35-52
debug
chisel
all
mattfel
london
f9a3cc2002f55a14b411ca800eee55ed2e3b7756
develop
london
/home/mattfel/regression
