Creation Time- 2017-08-07_15-06-00 | Status- debug | Type- chisel | tests- all | User- mattfel | Origin- london | Destination- london | Branch- retime | Spatial- 146a7 | Argon- 0b387 | Virtualized- 1a5ad | Spatial-apps- 87047
2017-08-07_15-06-00
debug
chisel
all
mattfel
london
146a7f616763372fe3d9f2e47cc2693006db5ba3
retime
london
/home/mattfel/regression
