Creation Time- 2017-10-11_11-56-54 | Status- debug | Type- chisel | tests- all | User- mattfel | Origin- london | Destination- portland | Branch- fpga | Spatial- b6160 | Argon- 5cd7e | Virtualized- 1a5ad | Spatial-apps- a7896
2017-10-11_11-56-54
debug
chisel
all
mattfel
london
b6160936c843630f00631e7b3360f6b22c6279c8
fpga
portland
/home/regression/
