Creation Time- 2017-10-12_22-40-56 | Status- debug | Type- scala | tests- all | User- mattfel | Origin- london | Destination- tucson | Branch- retime | Spatial- 4877b | Argon- 4acb0 | Virtualized- 1a5ad | Spatial-apps- 2b991
2017-10-12_22-40-56
debug
scala
all
mattfel
london
4877b542be438f1de838c4e2040be0b38fed1261
retime
tucson
/home/mattfel/regression
