Creation Time- 2017-12-14_20-47-46 | Status- debug | Type- chisel | tests- all | User- mattfel | Origin- london | Destination- tucson | Branch- fpga | Spatial- b6891 | Argon- 51a2f | Virtualized- 1a5ad | Spatial-apps- 7be43
2017-12-14_20-47-46
debug
chisel
all
mattfel
london
b689171a6a11398bc6353bbe41e7673f538fe384
fpga
tucson
/home/mattfel/regression
