Creation Time- 2017-08-05_18-00-17 | Status- debug | Type- scala | tests- all | User- mattfel | Origin- london | Destination- max-2 | Branch- develop | Spatial- 8d037 | Argon- 45eda | Virtualized- 1a5ad | Spatial-apps- ecdbd
2017-08-05_18-00-17
debug
scala
all
mattfel
london
8d037418c2b9020361f26218f742a4ce8b7d1534
develop
max-2
/kunle/users/mattfel/regression
