Creation Time- 2017-10-22_12-40-27 | Status- debug | Type- chisel | tests- all | User- mattfel | Origin- london | Destination- london | Branch- retime | Spatial- a0045 | Argon- 47e0a | Virtualized- 1a5ad | Spatial-apps- cbca9
2017-10-22_12-40-27
debug
chisel
all
mattfel
london
a004513032fa2c94fb0382142c742cc6731db6b8
retime
london
/home/mattfel/regression
