Creation Time- 2017-10-18_09-52-15 | Status- debug | Type- chisel | tests- all | User- mattfel | Origin- london | Destination- tucson | Branch- master | Spatial- 03096 | Argon- 47e0a | Virtualized- 1a5ad | Spatial-apps- 656c3
2017-10-18_09-52-15
debug
chisel
all
mattfel
london
030961803f11f7e268a9e0f39ae98e9a76ff10fd
master
tucson
/home/mattfel/regression
