Creation Time- 2017-03-18_20-01-32 | Status- debug | Type- scala | tests- all | User- mattfel | Origin- london | Destination- max-2 | Branch- fpga | Spatial- d0964 | Argon- 273e8 | Virtualized- bdbad
2017-03-18_20-01-32
debug
scala
all
mattfel
london
d0964b102bee2e31a9bd4131d0594c227ff0b2fe
273e8db23c28042b06ed876bb0f4bcadfdd9923c
bdbad40497eeba309964562216fb2028a8c266b5
fpga
max-2
/remote/regression/scala
