Creation Time- 2017-12-06_18-32-55 | Status- debug | Type- chisel | tests- all | User- mattfel | Origin- london | Destination- tucson | Branch- fpga | Spatial- bcfaa | Argon- b7921 | Virtualized- 1a5ad | Spatial-apps- f7fdd
2017-12-06_18-32-55
debug
chisel
all
mattfel
london
bcfaaf68789fcec3275ab5c905043c0efb2e0017
fpga
tucson
/home/mattfel/regression
