Creation Time- 2017-10-03_23-58-05 | Status- debug | Type- scala | tests- all | User- mattfel | Origin- london | Destination- tflop1 | Branch- master | Spatial- a7159 | Argon- 438a1 | Virtualized- 1a5ad | Spatial-apps- 5e7e1
2017-10-03_23-58-05
debug
scala
all
mattfel
london
a7159383b608d22cd4d3c5d85a192a95334544ed
master
tflop1
/home/regression/
