Creation Time- 2017-11-26_21-59-22 | Status- debug | Type- scala | tests- all | User- mattfel | Origin- london | Destination- tucson | Branch- fpga | Spatial- 9fc57 | Argon- 16f65 | Virtualized- 1a5ad | Spatial-apps- 53177
2017-11-26_21-59-22
debug
scala
all
mattfel
london
9fc57d18412966055ca5e34a9a702219b1a75955
fpga
tucson
/home/mattfel/regression
