Creation Time- 2017-02-23_10-27-08 | Status- debug | Type- chisel | tests- all | User- mattfel | Origin- mattfel-Inspiron-13-7359 | Destination- tucson | Branch- fpga | Spatial- 6842f | Argon- 4db02 | Virtualized- bdbad
2017-02-23_10-27-08
debug
chisel
all
mattfel
mattfel-Inspiron-13-7359
6842f49e586bc96a4f032ba913cbb20798858b0a
4db029b8900db04a07a838f69d806e9eb20f95d5
bdbad40497eeba309964562216fb2028a8c266b5
fpga
tucson
/remote/chisel_regression
