Creation Time- 2017-06-01_14-03-01 | Status- debug | Type- scala | tests- all | User-  | Origin- glados | Destination- max-2 | Branch- compile | Spatial- 24479 | Argon- 2a9c1 | Virtualized- 3cee8
2017-06-01_14-03-01
debug
scala
all
david
glados
244792189858564eaea6b9dfc7281ea0884239c1
compile
max-2
/kunle/users/mattfel/regression/scala
