Creation Time- 2017-10-05_10-45-27 | Status- debug | Type- chisel | tests- all | User- mattfel | Origin- london | Destination- tucson | Branch- retime | Spatial- f7c36 | Argon- e05f7 | Virtualized- 1a5ad | Spatial-apps- eb0ba
2017-10-05_10-45-27
debug
chisel
all
mattfel
london
f7c36a96bf7311e88e4398ef7667a0cdcf9162df
retime
tucson
/home/mattfel/regression
