Creation Time- 2017-12-11_22-29-18 | Status- debug | Type- scala | tests- all | User- mattfel | Origin- london | Destination- tucson | Branch- fpga | Spatial- 033e3 | Argon- 7ff5f | Virtualized- 1a5ad | Spatial-apps- f7fdd
2017-12-11_22-29-18
debug
scala
all
mattfel
london
033e35eb334ed2ea8b5b25393fcf9847e0f8a3fd
fpga
tucson
/home/mattfel/regression
