Creation Time- 2017-07-20_14-10-46 | Status- debug | Type- scala | tests- all | User- mattfel | Origin- london | Destination- max-2 | Branch- master | Spatial- cbf8e | Argon- 0dd00 | Virtualized- 8f02d | Spatial-apps- c4333
2017-07-20_14-10-46
debug
scala
all
mattfel
london
cbf8e34f5a4be0966055fcf1fc1c35a01ebc1a50
master
max-2
/kunle/users/mattfel/regression
