Creation Time- 2017-11-22_09-52-02 | Status- debug | Type- scala | tests- all | User- mattfel | Origin- london | Destination- london | Branch- syncMem | Spatial- 8971b | Argon- b2630 | Virtualized- 1a5ad | Spatial-apps- 292db
2017-11-22_09-52-02
debug
scala
all
mattfel
london
8971b9473d116e954f08ada916898e43988e2cdb
syncMem
london
/home/mattfel/regression
