Creation Time- 2017-12-12_20-10-26 | Status- debug | Type- chisel | tests- all | User- mattfel | Origin- london | Destination- london | Branch- fpga | Spatial- 21402 | Argon- 4348e | Virtualized- 1a5ad | Spatial-apps- d3ef4
2017-12-12_20-10-26
debug
chisel
all
mattfel
london
214024bdc0fc3c4bde221852546d42077aa5e249
fpga
london
/home/mattfel/regression
