Creation Time- 2017-08-17_14-38-32 | Status- debug | Type- chisel | tests- all | User- mattfel | Origin- london | Destination- ottawa | Branch- fpga | Spatial- c54c2 | Argon- 1248e | Virtualized- 1a5ad | Spatial-apps- bfbf1
2017-08-17_14-38-32
debug
chisel
all
mattfel
london
c54c25a0af33a1d4a84d1faf919591ea1e9181ca
fpga
ottawa
/home/regression
