Creation Time- 2017-12-31_10-46-00 | Status- debug | Type- scala | tests- all | User- mattfel | Origin- london | Destination- london | Branch- retime | Spatial- 095db | Argon- 7df75 | Virtualized- 1a5ad | Spatial-apps- 8e751
2017-12-31_10-46-00
debug
scala
all
mattfel
london
095db0cafb724a7928c2aac003d0b274a1e90f5a
retime
london
/home/mattfel/regression
