Creation Time- 2017-03-08_11-27-48 | Status- debug | Type- chisel | tests- all | User- raghu | Origin- holodeck | Destination- portland | Branch- fpga | Spatial- 4d5dd | Argon- c51a3 | Virtualized- bdbad
2017-03-08_11-27-48
debug
chisel
all
raghu
holodeck
4d5ddfba896fd3f5177fa7e554919ad3ff11263d
c51a377c109b8d64b69c179b1d509aa99d2580b2
bdbad40497eeba309964562216fb2028a8c266b5
fpga
portland
/remote/regression/chisel
