Creation Time- 2017-09-05_10-28-57 | Status- debug | Type- scala | tests- all | User- mattfel | Origin- london | Destination- max-2 | Branch- develop | Spatial- c5b0d | Argon- 2e130 | Virtualized- 1a5ad | Spatial-apps- 359a7
2017-09-05_10-28-57
debug
scala
all
mattfel
london
c5b0ddba6a4abcafcb077fdf54e09ea173112222
develop
max-2
/kunle/users/mattfel/regression
