Creation Time- 2017-11-26_14-45-42 | Status- debug | Type- chisel | tests- all | User- mattfel | Origin- london | Destination- london | Branch- pre-master | Spatial- 82872 | Argon- b2630 | Virtualized- 1a5ad | Spatial-apps- 53177
2017-11-26_14-45-42
debug
chisel
all
mattfel
london
828722b0d670e4632c72fcf62d6737d2eff66a7f
pre-master
london
/home/mattfel/regression
