Creation Time- 2017-03-08_19-44-34 | Status- debug | Type- chisel | tests- all | User- mattfel | Origin- mattfel-Inspiron-13-7359 | Destination- portland | Branch- fpga | Spatial- 2d95d | Argon- ccfb7 | Virtualized- bdbad
2017-03-08_19-44-34
debug
chisel
all
mattfel
mattfel-Inspiron-13-7359
2d95d7051a5a7d85966d959c5128849db23d8971
ccfb7a98ad221fa4de720e7233ac481a491551db
bdbad40497eeba309964562216fb2028a8c266b5
fpga
portland
/remote/regression/chisel
