Creation Time- 2017-08-08_11-12-51 | Status- debug | Type- scala | tests- all | User- mattfel | Origin- london | Destination- london | Branch- retime | Spatial- 526c0 | Argon- 12283 | Virtualized- 1a5ad | Spatial-apps- 22615
2017-08-08_11-12-51
debug
scala
all
mattfel
london
526c04c3aab82c6e4876442dad014ed125b5212a
retime
london
/home/mattfel/regression
