Creation Time- 2017-12-12_22-52-40 | Status- debug | Type- chisel | tests- all | User- mattfel | Origin- london | Destination- london | Branch- retime | Spatial- 5946d | Argon- 51a2f | Virtualized- 1a5ad | Spatial-apps- d3ef4
2017-12-12_22-52-40
debug
chisel
all
mattfel
london
5946dea6a755aa746131834dcf7531a87ff1cdb3
retime
london
/home/mattfel/regression
