Creation Time- 2017-10-23_23-59-36 | Status- debug | Type- scala | tests- all | User- mattfel | Origin- london | Destination- tucson | Branch- develop | Spatial- 85e8f | Argon- 47e0a | Virtualized- 1a5ad | Spatial-apps- 4bd1c
2017-10-23_23-59-36
debug
scala
all
mattfel
london
85e8fc1cb71434e6612183a1157a04107e7ca9f4
develop
tucson
/home/mattfel/regression
