Creation Time- 2017-06-04_23-30-46 | Status- debug | Type- scala | tests- all | User-  | Origin- london | Destination- max-2 | Branch- master | Spatial- d6be9 | Argon- ae830 | Virtualized- 3cee8
2017-06-04_23-30-46
debug
scala
all
mattfel
london
d6be91007dff905271e8f95761a72da2ced985b2
master
max-2
/kunle/users/mattfel/regression/scala
