Creation Time- 2017-11-25_22-07-02 | Status- debug | Type- scala | tests- all | User- mattfel | Origin- london | Destination- tucson | Branch- develop | Spatial- 479b9 | Argon- 16f65 | Virtualized- 1a5ad | Spatial-apps- 292db
2017-11-25_22-07-02
debug
scala
all
mattfel
london
479b950230c6c71005723c4fb900e4d87245eb64
develop
tucson
/home/mattfel/regression
