Creation Time- 2017-11-29_15-35-30 | Status- debug | Type- chisel | tests- all | User- mattfel | Origin- london | Destination- tucson | Branch- fpga | Spatial- 32d53 | Argon- 641b8 | Virtualized- 1a5ad | Spatial-apps- db60d
2017-11-29_15-35-30
debug
chisel
all
mattfel
london
32d53adec03599a667c46de73549e00d56563b5c
fpga
tucson
/home/mattfel/regression
