Creation Time- 2017-02-23_10-47-07 | Status- debug | Type- chisel | tests- all | User- mattfel | Origin- mattfel-Inspiron-13-7359 | Destination- tucson | Branch- fpga | Spatial- 651df | Argon- 4db02 | Virtualized- bdbad
2017-02-23_10-47-07
debug
chisel
all
mattfel
mattfel-Inspiron-13-7359
651df5e834e1af7e22be2f60700070961d1797ed
4db029b8900db04a07a838f69d806e9eb20f95d5
bdbad40497eeba309964562216fb2028a8c266b5
fpga
tucson
/remote/chisel_regression
