Creation Time- 2017-08-07_00-41-36 | Status- debug | Type- scala | tests- all | User- mattfel | Origin- london | Destination- portland | Branch- fpga | Spatial- b5daf | Argon- 0b387 | Virtualized- 1a5ad | Spatial-apps- 87047
2017-08-07_00-41-36
debug
scala
all
mattfel
london
b5dafb314e49d7c62a9db4bf8df62822315b0708
fpga
portland
/home/regression/
