Creation Time- 2017-12-04_15-15-56 | Status- debug | Type- scala | tests- all | User- mattfel | Origin- london | Destination- tucson | Branch- fpga | Spatial- acb94 | Argon- b7921 | Virtualized- 1a5ad | Spatial-apps- db60d
2017-12-04_15-15-56
debug
scala
all
mattfel
london
acb94df24ecb9fb7df6503246033aeac8418bd73
fpga
tucson
/home/mattfel/regression
