Creation Time- 2017-12-29_21-52-59 | Status- debug | Type- chisel | tests- all | User- mattfel | Origin- london | Destination- tucson | Branch- master | Spatial- 38fa5 | Argon- 37628 | Virtualized- 1a5ad | Spatial-apps- 8e751
2017-12-29_21-52-59
debug
chisel
all
mattfel
london
38fa5e4c8d477792c10f495d84562cc552101d99
master
tucson
/home/mattfel/regression
