Creation Time- 2017-10-10_20-49-42 | Status- debug | Type- scala | tests- all | User- mattfel | Origin- london | Destination- tucson | Branch- fpga | Spatial- f3524 | Argon- eeeb9 | Virtualized- 1a5ad | Spatial-apps- 53a4a
2017-10-10_20-49-42
debug
scala
all
mattfel
london
f3524da2a1a7940731a84dd81a9290c0821d6e30
fpga
tucson
/home/mattfel/regression
