Creation Time- 2017-12-04_22-04-44 | Status- debug | Type- scala | tests- all | User- mattfel | Origin- london | Destination- tucson | Branch- fpga | Spatial- 7def4 | Argon- b7921 | Virtualized- 1a5ad | Spatial-apps- db60d
2017-12-04_22-04-44
debug
scala
all
mattfel
london
7def440550b5920fee90b0ef25097ecf5739d19b
fpga
tucson
/home/mattfel/regression
