Creation Time- 2017-10-10_16-43-16 | Status- debug | Type- scala | tests- all | User- mattfel | Origin- london | Destination- tucson | Branch- fpga | Spatial- 0e60c | Argon- 77a9f | Virtualized- 1a5ad | Spatial-apps- 53a4a
2017-10-10_16-43-16
debug
scala
all
mattfel
london
0e60cb513e5f2f700c1e2d7a583d2b9ea1f984b9
fpga
tucson
/home/mattfel/regression
