Creation Time- 2017-07-20_21-07-15 | Status- debug | Type- chisel | tests- all | User- dkoeplin | Origin- Wheatley | Destination- portland | Branch- compile | Spatial- 6dbe7 | Argon- ac874 | Virtualized- 8f02d | Spatial-apps- a23f0
2017-07-20_21-07-15
debug
chisel
all
dkoeplin
Wheatley
6dbe77cb90f6d7195811c8a73beb622a51baaf83
compile
portland
/home/regression/
