Creation Time- 2017-03-08_23-27-23 | Status- debug | Type- scala | tests- all | User- mattfel | Origin- mattfel-Inspiron-13-7359 | Destination- max-2 | Branch- fpga | Spatial- fe462 | Argon- e9e2a | Virtualized- bdbad
2017-03-08_23-27-23
debug
scala
all
mattfel
mattfel-Inspiron-13-7359
fe46215c0e5cf6f3d9a8232aa88fa919082dd36d
e9e2a5a2a9fd6e0e626855985e9b9289d989e043
bdbad40497eeba309964562216fb2028a8c266b5
fpga
max-2
/remote/regression/scala
