Creation Time- 2017-07-11_19-00-42 | Status- debug | Type- chisel | tests- all | User- david | Origin- Wheatley | Destination- portland | Branch- compile | Spatial- 7164e | Argon- a48a2 | Virtualized- 8f02d
2017-07-11_19-00-42
debug
chisel
all
dkoeplin
Wheatley
7164ec80296322d181a4c44556c99a1f22702949
compile
portland
/home/regression/chisel
