Creation Time- 2017-10-07_11-12-28 | Status- debug | Type- scala | tests- all | User- mattfel | Origin- london | Destination- london | Branch- pre-master | Spatial- 51956 | Argon- 5518a | Virtualized- 1a5ad | Spatial-apps- 0e241
2017-10-07_11-12-28
debug
scala
all
mattfel
london
51956694e46632ff628085a6a68157d3752be867
pre-master
london
/home/mattfel/regression
