Creation Time- 2017-12-29_18-10-31 | Status- debug | Type- chisel | tests- all | User- mattfel | Origin- london | Destination- london | Branch- syncMem | Spatial- 3be28 | Argon- 37628 | Virtualized- 1a5ad | Spatial-apps- 8e751
2017-12-29_18-10-31
debug
chisel
all
mattfel
london
3be28581a0a3a84247026eaa7345d05bc32f8433
syncMem
london
/home/mattfel/regression
