Creation Time- 2017-11-17_13-14-05 | Status- debug | Type- scala | tests- all | User- mattfel | Origin- london | Destination- tucson | Branch- develop | Spatial- 3df97 | Argon- 7d0dc | Virtualized- 1a5ad | Spatial-apps- 163e9
2017-11-17_13-14-05
debug
scala
all
mattfel
london
3df978fe75cad5797465d69e178df57458b962cd
develop
tucson
/home/mattfel/regression
