Creation Time- 2017-09-21_18-02-51 | Status- debug | Type- chisel | tests- all | User- mattfel | Origin- london | Destination- tflop2 | Branch- develop | Spatial- 8d8a2 | Argon- 577e5 | Virtualized- 1a5ad | Spatial-apps- dd74c
2017-09-21_18-02-51
debug
chisel
all
mattfel
london
8d8a2e3a61f0acaefa8691ed72268805c09d2c8d
develop
tflop2
/home/regression/
