Creation Time- 2017-11-02_12-57-09 | Status- debug | Type- chisel | tests- all | User- mattfel | Origin- london | Destination- london | Branch- fpga | Spatial- 534d6 | Argon- 4b046 | Virtualized- 1a5ad | Spatial-apps- 479e9
2017-11-02_12-57-09
debug
chisel
all
mattfel
london
534d65b48b671752b09a9aff207101e3bc82cac5
fpga
london
/home/mattfel/regression
