Creation Time- 2017-04-13_11-23-10 | Status- debug | Type- scala | tests- all | User- mattfel | Origin- london | Destination- max-2 | Branch- master | Spatial- 57e31 | Argon-  | Virtualized- 
2017-04-13_11-23-10
debug
scala
all
mattfel
london
57e3131d830cb92e13ad3d64f98d8af2320f91ac
master
max-2
/remote/regression/scala
