Creation Time- 2017-10-09_00-07-17 | Status- debug | Type- scala | tests- all | User- mattfel | Origin- london | Destination- tucson | Branch- develop | Spatial- d6ba2 | Argon- 8d1f7 | Virtualized- 1a5ad | Spatial-apps- 315a1
2017-10-09_00-07-17
debug
scala
all
mattfel
london
d6ba2a8b5b0951d7618f7c6dce140e6f9afefb3a
develop
tucson
/home/mattfel/regression
