Creation Time- 2017-08-25_09-11-47 | Status- debug | Type- chisel | tests- all | User- mattfel | Origin- london | Destination- ottawa | Branch- master | Spatial- cab02 | Argon- 724f2 | Virtualized- 1a5ad | Spatial-apps- b61c1
2017-08-25_09-11-47
debug
chisel
all
mattfel
london
cab023ca80c2c2627e77e5030acb27339552d0fb
master
ottawa
/home/regression
