Creation Time- 2017-02-27_20-28-06 | Status- debug | Type- scala | tests- all | User- mattfel | Origin- mattfel-Inspiron-13-7359 | Destination- max-2 | Branch- fpga | Spatial- 802e4 | Argon- bc8a2 | Virtualized- bdbad
2017-02-27_20-28-06
debug
scala
all
mattfel
mattfel-Inspiron-13-7359
802e435257ce4bd71b91f53080386dcb0f646ce3
bc8a207793b6e241d5c2559de4aebe2be1d89d5a
bdbad40497eeba309964562216fb2028a8c266b5
fpga
max-2
/remote/regression/scala
