Creation Time- 2017-08-09_18-37-27 | Status- debug | Type- chisel | tests- all | User- mattfel | Origin- london | Destination- tflop2 | Branch- syncMem | Spatial- aa171 | Argon- 7bc09 | Virtualized- 1a5ad | Spatial-apps- af221
2017-08-09_18-37-27
debug
chisel
all
mattfel
london
aa17121c88f3f9def01f7363cfc358f4cb22dc9f
syncMem
tflop2
/home/regression/
