Creation Time- 2017-07-10_17-43-40 | Status- debug | Type- chisel | tests- all | User- mattfel | Origin- mattfel-XPS-13-9360 | Destination- portland | Branch- interpreter | Spatial- a47e0 | Argon- 82116 | Virtualized- 8f02d
2017-07-10_17-43-40
debug
chisel
all
mattfel
mattfel-XPS-13-9360
a47e007e5b4199c6ef2b78d6967055f49bcaef92
interpreter
portland
/home/regression/chisel
