Creation Time- 2017-12-08_22-47-19 | Status- debug | Type- chisel | tests- all | User- mattfel | Origin- london | Destination- tucson | Branch- develop | Spatial- 36f67 | Argon- 7d828 | Virtualized- 1a5ad | Spatial-apps- f7fdd
2017-12-08_22-47-19
debug
chisel
all
mattfel
london
36f670f32395bd33b9af659d221161177262ab46
develop
tucson
/home/mattfel/regression
