Creation Time- 2017-10-03_13-45-53 | Status- debug | Type- chisel | tests- all | User- mattfel | Origin- london | Destination- ottawa | Branch- fpga | Spatial- f9241 | Argon- 1f6bd | Virtualized- 1a5ad | Spatial-apps- 5e7e1
2017-10-03_13-45-53
debug
chisel
all
mattfel
london
f9241b1cb1340ec06a23681500eada2f6a2cc8b0
fpga
ottawa
/home/regression
