Creation Time- 2017-05-02_13-59-21 | Status- debug | Type- scala | tests- all | User- mattfel | Origin- london | Destination- max-2 | Branch- master | Spatial- 86e49 | Argon- f3817 | Virtualized- 3cee8
2017-05-02_13-59-21
debug
scala
all
mattfel
london
86e499bef940464459d9b755fd2c254081ae7597
master
max-2
/kunle/users/mattfel/regression/scala
