Creation Time- 2017-06-19_17-58-55 | Status- debug | Type- chisel | tests- all | User- david | Origin- glados | Destination- portland | Branch- compile | Spatial- 42a5c | Argon- f47a0 | Virtualized- 8f02d
2017-06-19_17-58-55
debug
chisel
all
dkoeplin
glados
42a5c12d0801f9b85c658a3438a1805fe7ebe957
compile
portland
/home/regression/chisel
