Creation Time- 2017-10-08_17-15-51 | Status- debug | Type- scala | tests- all | User- raghup17 | Origin- holodeck | Destination- tucson | Branch- develop | Spatial- 6f30d | Argon- 8d1f7 | Virtualized- 1a5ad | Spatial-apps- 74735
2017-10-08_17-15-51
debug
scala
all
raghup17
holodeck
6f30d4dd568782be0e255abd13113bc27783c773
develop
tucson
/home/mattfel/regression
