Creation Time- 2017-09-26_14-53-25 | Status- debug | Type- chisel | tests- all | User- mattfel | Origin- london | Destination- ottawa | Branch- fpga | Spatial- 45e72 | Argon- 577e5 | Virtualized- 1a5ad | Spatial-apps- bff6a
2017-09-26_14-53-25
debug
chisel
all
mattfel
london
45e720bc1f51ad86b863eedabef7b05cf81ede3d
fpga
ottawa
/home/regression
