Creation Time- 2017-12-28_19-09-36 | Status- debug | Type- chisel | tests- all | User- mattfel | Origin- london | Destination- tucson | Branch- pre-master | Spatial- 8f2ad | Argon- 37628 | Virtualized- 1a5ad | Spatial-apps- 85111
2017-12-28_19-09-36
debug
chisel
all
mattfel
london
8f2ade8dcb4471da25a1fd3ea1306a6c7af1c9bf
pre-master
tucson
/home/mattfel/regression
