Creation Time- 2017-10-07_08-59-47 | Status- debug | Type- scala | tests- all | User- mattfel | Origin- london | Destination- tucson | Branch- fpga | Spatial- e001e | Argon- 5518a | Virtualized- 1a5ad | Spatial-apps- 0e241
2017-10-07_08-59-47
debug
scala
all
mattfel
london
e001e29ada9dd31bdd6d8529234a33236b6db6bc
fpga
tucson
/home/mattfel/regression
