Creation Time- 2017-02-21_18-03-14 | Status- debug | Type- chisel | tests- all | User- mattfel | Origin- mattfel-Inspiron-13-7359 | Destination- portland | Branch- fpga | Spatial- e9e23 | Argon- eceeb | Virtualized- bdbad
2017-02-21_18-03-14
debug
chisel
all
mattfel
mattfel-Inspiron-13-7359
e9e233f37f7a2d14ba5f512b6a0fa88509434ed8
eceeb168e36732c5e2b08271b24bbcdfa4580667
bdbad40497eeba309964562216fb2028a8c266b5
fpga
portland
/home/mattfel/regression
