Creation Time- 2017-09-07_12-03-48 | Status- debug | Type- scala | tests- all | User- mattfel | Origin- london | Destination- portland | Branch- pre-master | Spatial- be551 | Argon- 2e130 | Virtualized- 1a5ad | Spatial-apps- 58461
2017-09-07_12-03-48
debug
scala
all
mattfel
london
be551972abe332590db389d4f2409ef10e79e301
pre-master
portland
/home/regression/
