Creation Time- 2017-08-09_12-15-01 | Status- debug | Type- chisel | tests- all | User- mattfel | Origin- london | Destination- tflop2 | Branch- syncMem | Spatial- 86199 | Argon- 7bc09 | Virtualized- 1a5ad | Spatial-apps- b19ee
2017-08-09_12-15-01
debug
chisel
all
mattfel
london
861998c5df9ee53c0e46c894895472d593b53070
syncMem
tflop2
/home/regression/
