Creation Time- 2017-11-10_00-40-46 | Status- debug | Type- chisel | tests- all | User- mattfel | Origin- london | Destination- tucson | Branch- fpga | Spatial- 6da31 | Argon- e9811 | Virtualized- 1a5ad | Spatial-apps- c992e
2017-11-10_00-40-46
debug
chisel
all
mattfel
london
6da319a8c255b053bbbcebe070cb18b864e5d92f
fpga
tucson
/home/mattfel/regression
