Creation Time- 2017-08-08_13-43-14 | Status- debug | Type- scala | tests- all | User- mattfel | Origin- london | Destination- max-2 | Branch- develop | Spatial- 794ff | Argon- 12283 | Virtualized- 1a5ad | Spatial-apps- f9887
2017-08-08_13-43-14
debug
scala
all
mattfel
london
794ff6160a3fbc742294a1589a9eb210f12d5202
develop
max-2
/kunle/users/mattfel/regression
