Creation Time- 2017-03-15_22-06-39 | Status- debug | Type- chisel | tests- all | User- mattfel | Origin- mattfel-XPS-13-9360 | Destination- portland | Branch- fpga | Spatial- 37180 | Argon- 1dbb0 | Virtualized- bdbad
2017-03-15_22-06-39
debug
chisel
all
mattfel
mattfel-XPS-13-9360
37180791947aac4b95bd503adeb448532023a0c8
1dbb095fd71627fd85947f44982b2a3009cc0688
bdbad40497eeba309964562216fb2028a8c266b5
fpga
portland
/remote/regression/chisel
