Creation Time- 2017-09-25_15-58-41 | Status- debug | Type- scala | tests- all | User- mattfel | Origin- london | Destination- tflop1 | Branch- develop | Spatial- f72b9 | Argon- 577e5 | Virtualized- 1a5ad | Spatial-apps- 434d8
2017-09-25_15-58-41
debug
scala
all
mattfel
london
f72b98fd3332ed5a51d8d9c407b24e9f0c3c8630
develop
tflop1
/home/regression/
