Creation Time- 2017-11-08_12-22-52 | Status- debug | Type- scala | tests- all | User- mattfel | Origin- london | Destination- tucson | Branch- fpga | Spatial- 55e56 | Argon- e9811 | Virtualized- 1a5ad | Spatial-apps- 969f9
2017-11-08_12-22-52
debug
scala
all
mattfel
london
55e5654a112bde4a6cc4a44c0c142459c3cd6329
fpga
tucson
/home/mattfel/regression
