Creation Time- 2017-12-13_17-46-16 | Status- debug | Type- scala | tests- all | User- mattfel | Origin- london | Destination- tucson | Branch- syncMem | Spatial- 9f2b8 | Argon- 51a2f | Virtualized- 1a5ad | Spatial-apps- d3ef4
2017-12-13_17-46-16
debug
scala
all
mattfel
london
9f2b87f3bfa5f9fcab863ddc949b56a7a6a2d17f
syncMem
tucson
/home/mattfel/regression
