Creation Time- 2017-11-08_14-39-50 | Status- debug | Type- chisel | tests- all | User- mattfel | Origin- london | Destination- tucson | Branch- develop | Spatial- e5249 | Argon- e9811 | Virtualized- 1a5ad | Spatial-apps- 62392
2017-11-08_14-39-50
debug
chisel
all
mattfel
london
e52499ecb1e9856c0b54cf3cfc1a136d313acc28
develop
tucson
/home/mattfel/regression
