Creation Time- 2017-08-23_13-20-11 | Status- debug | Type- scala | tests- all | User- mattfel | Origin- london | Destination- portland | Branch- master | Spatial- f9ad7 | Argon- 17083 | Virtualized- 1a5ad | Spatial-apps- a518b
2017-08-23_13-20-11
debug
scala
all
mattfel
london
f9ad7c96615c95fd090074fa9c005a22741a2745
master
portland
/home/regression/
