Creation Time- 2017-10-17_23-02-26 | Status- debug | Type- chisel | tests- all | User- mattfel | Origin- london | Destination- london | Branch- fpga | Spatial- 17ac8 | Argon- fff25 | Virtualized- 1a5ad | Spatial-apps- 2b991
2017-10-17_23-02-26
debug
chisel
all
mattfel
london
17ac84dbb9c168181ef635be9e805bb1dc9661b3
fpga
london
/home/mattfel/regression
