Creation Time- 2017-09-07_21-34-36 | Status- debug | Type- chisel | tests- all | User- mattfel | Origin- london | Destination- ottawa | Branch- fpga | Spatial- b7399 | Argon- 2e130 | Virtualized- 1a5ad | Spatial-apps- 7f072
2017-09-07_21-34-36
debug
chisel
all
mattfel
london
b7399d4ac8127e288fd07276f6d033301bf30949
fpga
ottawa
/home/regression
