Creation Time- 2017-09-22_15-00-03 | Status- debug | Type- chisel | tests- all | User- mattfel | Origin- london | Destination- ottawa | Branch- fpga | Spatial- f0e73 | Argon- 577e5 | Virtualized- 1a5ad | Spatial-apps- f8c21
2017-09-22_15-00-03
debug
chisel
all
mattfel
london
f0e73c4419b167165eeb4504d1d88bebf73522f1
fpga
ottawa
/home/regression
