Creation Time- 2017-03-12_15-08-18 | Status- debug | Type- chisel | tests- all | User- raghu | Origin- holodeck | Destination- portland | Branch- fpga | Spatial- 21733 | Argon- e9e2a | Virtualized- bdbad
2017-03-12_15-08-18
debug
chisel
all
raghu
holodeck
21733bac19f7ce73c9fe53aff56f3639d7945100
e9e2a5a2a9fd6e0e626855985e9b9289d989e043
bdbad40497eeba309964562216fb2028a8c266b5
fpga
portland
/remote/regression/chisel
