Creation Time- 2017-10-09_00-05-23 | Status- debug | Type- chisel | tests- all | User- mattfel | Origin- london | Destination- tucson | Branch- develop | Spatial- cebe4 | Argon- 8d1f7 | Virtualized- 1a5ad | Spatial-apps- 74735
2017-10-09_00-05-23
debug
chisel
all
mattfel
london
cebe48d68c775ac3beac5dd6d616df87fe6cb7d4
develop
tucson
/home/mattfel/regression
