Creation Time- 2017-08-16_11-08-23 | Status- debug | Type- chisel | tests- all | User- mattfel | Origin- london | Destination- london | Branch- fpga | Spatial- 35c98 | Argon- 3ce58 | Virtualized- 1a5ad | Spatial-apps- b714c
2017-08-16_11-08-23
debug
chisel
all
mattfel
london
35c98c545d963b233fa1bd82f328d624fb7ad3ae
fpga
london
/home/mattfel/regression
