Creation Time- 2017-12-17_11-30-11 | Status- debug | Type- chisel | tests- all | User- mattfel | Origin- london | Destination- london | Branch- syncMem | Spatial- 1362e | Argon- 37628 | Virtualized- 1a5ad | Spatial-apps- 7be43
2017-12-17_11-30-11
debug
chisel
all
mattfel
london
1362e7314e1616df2426531b6c7d1bb334b7c3c9
syncMem
london
/home/mattfel/regression
