Creation Time- 2017-10-11_17-00-23 | Status- debug | Type- chisel | tests- all | User- mattfel | Origin- london | Destination- tucson | Branch- fpga | Spatial- 8b985 | Argon- cb276 | Virtualized- 1a5ad | Spatial-apps- a7896
2017-10-11_17-00-23
debug
chisel
all
mattfel
london
8b98572b25acfa1eeede18617b866b7d0a123088
fpga
tucson
/home/mattfel/regression
