Creation Time- 2017-07-16_23-49-27 | Status- debug | Type- scala | tests- all | User-  | Origin- london | Destination- max-2 | Branch- master | Spatial- 781e9 | Argon- 9874e | Virtualized- 8f02d | Spatial-apps- d43ea
2017-07-16_23-49-27
debug
scala
all
mattfel
london
781e9bfbcb49cea7c708aafb3b0baf4063b3e2ca
master
max-2
/kunle/users/mattfel/regression/scala
