Creation Time- 2017-11-26_14-44-46 | Status- debug | Type- scala | tests- all | User- mattfel | Origin- london | Destination- tucson | Branch- develop | Spatial- e5c1a | Argon- 16f65 | Virtualized- 1a5ad | Spatial-apps- 53177
2017-11-26_14-44-46
debug
scala
all
mattfel
london
e5c1acef50f71d2c9f93c515a35413ab0ee390d2
develop
tucson
/home/mattfel/regression
