Creation Time- 2017-12-14_15-59-01 | Status- debug | Type- chisel | tests- all | User- mattfel | Origin- london | Destination- tucson | Branch- develop | Spatial- b9a6c | Argon- 51a2f | Virtualized- 1a5ad | Spatial-apps- 7be43
2017-12-14_15-59-01
debug
chisel
all
mattfel
london
b9a6c066f138e30264f791c9bbf120df0a3b7c80
develop
tucson
/home/mattfel/regression
