Creation Time- 2017-03-28_16-08-23 | Status- debug | Type- chisel | tests- all | User- mattfel | Origin- london | Destination- portland | Branch- fpga | Spatial- bad6e | Argon- 43a63 | Virtualized- bdbad
2017-03-28_16-08-23
debug
chisel
all
mattfel
london
bad6e19c64f9269933d118aeb41ffb3058ee4505
43a630fd3e93db1788684e9a8e3da4fced475f2b
bdbad40497eeba309964562216fb2028a8c266b5
fpga
portland
/remote/regression/chisel
