Creation Time- 2017-07-13_01-31-48 | Status- debug | Type- chisel | tests- all | User- david | Origin- Wheatley | Destination- portland | Branch- compile | Spatial- c32f3 | Argon- 97783 | Virtualized- 8f02d | Spatial-apps- 0938c
2017-07-13_01-31-48
debug
chisel
all
dkoeplin
Wheatley
c32f3c353bbd48a8105c8e9ea785812b6eb7de6b
compile
portland
/home/regression/chisel
