Creation Time- 2017-10-02_11-21-29 | Status- debug | Type- chisel | tests- all | User- mattfel | Origin- london | Destination- tucson | Branch- develop | Spatial- 5601a | Argon- 55ba3 | Virtualized- 1a5ad | Spatial-apps- 5e7e1
2017-10-02_11-21-29
debug
chisel
all
mattfel
london
5601a77f47e32c81c605918869c8b6daddbb4b45
develop
tucson
/home/mattfel/regression
