Creation Time- 2017-03-28_16-34-24 | Status- debug | Type- chisel | tests- all | User- mattfel | Origin- london | Destination- portland | Branch- fpga | Spatial- ba649 | Argon- 43a63 | Virtualized- bdbad
2017-03-28_16-34-24
debug
chisel
all
mattfel
london
ba649a8b558050120cd4c0df6e6568d049d7fb3a
43a630fd3e93db1788684e9a8e3da4fced475f2b
bdbad40497eeba309964562216fb2028a8c266b5
fpga
portland
/remote/regression/chisel
