Creation Time- 2017-10-01_22-23-40 | Status- debug | Type- scala | tests- all | User- mattfel | Origin- london | Destination- portland | Branch- fpga | Spatial- 27d19 | Argon- 6bb14 | Virtualized- 1a5ad | Spatial-apps- 5e7e1
2017-10-01_22-23-40
debug
scala
all
mattfel
london
27d194f710143a9b0cbeffcb2c5892cc4e0e5395
fpga
portland
/home/regression/
