Creation Time- 2017-10-21_14-24-06 | Status- debug | Type- chisel | tests- all | User- mattfel | Origin- london | Destination- tucson | Branch- develop | Spatial- f3f2b | Argon- 47e0a | Virtualized- 1a5ad | Spatial-apps- cbca9
2017-10-21_14-24-06
debug
chisel
all
mattfel
london
f3f2b9573f12cb43a1f52bda5101ccd72a392a7a
develop
tucson
/home/mattfel/regression
