Creation Time- 2017-10-01_22-24-01 | Status- debug | Type- chisel | tests- all | User- mattfel | Origin- london | Destination- tflop2 | Branch- develop | Spatial- 27d19 | Argon- 6bb14 | Virtualized- 1a5ad | Spatial-apps- 5e7e1
2017-10-01_22-24-01
debug
chisel
all
mattfel
london
27d194f710143a9b0cbeffcb2c5892cc4e0e5395
develop
tflop2
/home/regression/
