Creation Time- 2017-04-13_18-55-38 | Status- debug | Type- scala | tests- all | User- mattfel | Origin- london | Destination- max-2 | Branch- master | Spatial- b3f34 | Argon-  | Virtualized- 
2017-04-13_18-55-38
debug
scala
all
mattfel
london
b3f34174abf1beea3c9e63d588245e9aa61ff9d6
master
max-2
/remote/regression/scala
