Creation Time- 2017-10-21_19-19-41 | Status- debug | Type- scala | tests- all | User- mattfel | Origin- london | Destination- tucson | Branch- syncMem | Spatial- ee33b | Argon- 47e0a | Virtualized- 1a5ad | Spatial-apps- cbca9
2017-10-21_19-19-41
debug
scala
all
mattfel
london
ee33bf048dfa93e180d0d2fda813e28bdde11832
syncMem
tucson
/home/mattfel/regression
