Creation Time- 2017-08-07_21-17-56 | Status- debug | Type- scala | tests- all | User- mattfel | Origin- london | Destination- tflop2 | Branch- retime | Spatial- 46260 | Argon- 0b387 | Virtualized- 1a5ad | Spatial-apps- 738e5
2017-08-07_21-17-56
debug
scala
all
mattfel
london
46260e321ab66ba4b508e6ba9793e756b89b88ed
retime
tflop2
/home/regression/
