Creation Time- 2017-08-07_00-49-02 | Status- debug | Type- scala | tests- all | User- mattfel | Origin- london | Destination- max-2 | Branch- pre-master | Spatial- 0a885 | Argon- a5302 | Virtualized- 1a5ad | Spatial-apps- 87047
2017-08-07_00-49-02
debug
scala
all
mattfel
london
0a8855ccf3239afb00b37a0065ba9210e21a5f15
pre-master
max-2
/kunle/users/mattfel/regression
