Creation Time- 2017-08-14_16-42-11 | Status- debug | Type- chisel | tests- all | User- mattfel | Origin- london | Destination- tucson | Branch- develop | Spatial- af3a5 | Argon- 12283 | Virtualized- 1a5ad | Spatial-apps- 8f0bc
2017-08-14_16-42-11
debug
chisel
all
mattfel
london
af3a5b76c2b19b428a238aa453faab0cebe57ff4
develop
tucson
/home/mattfel/regression
