Creation Time- 2017-03-09_18-48-32 | Status- debug | Type- scala | tests- all | User- mattfel | Origin- london | Destination- max-2 | Branch- fpga | Spatial- 48098 | Argon- e9e2a | Virtualized- bdbad
2017-03-09_18-48-32
debug
scala
all
mattfel
london
48098274749f56fdd0ec96e27d03e28106f9ab08
e9e2a5a2a9fd6e0e626855985e9b9289d989e043
bdbad40497eeba309964562216fb2028a8c266b5
fpga
max-2
/remote/regression/scala
