Creation Time- 2017-03-16_20-10-49 | Status- debug | Type- scala | tests- all | User- mattfel | Origin- mattfel-XPS-13-9360 | Destination- max-2 | Branch- fpga | Spatial- 18b75 | Argon- 7d772 | Virtualized- bdbad
2017-03-16_20-10-49
debug
scala
all
mattfel
mattfel-XPS-13-9360
18b75c2cf49a9653708bf14463e8f1fed4b3e035
7d7721dc5d6262619911c0d670ef0ec1215963e9
bdbad40497eeba309964562216fb2028a8c266b5
fpga
max-2
/remote/regression/scala
