Creation Time- 2017-03-11_21-29-41 | Status- debug | Type- chisel | tests- all | User- raghu | Origin- holodeck | Destination- portland | Branch- fpga | Spatial- d53c4 | Argon- e9e2a | Virtualized- bdbad
2017-03-11_21-29-41
debug
chisel
all
raghu
holodeck
d53c44d7ff028eb0b53fadefb11db0c062afca95
e9e2a5a2a9fd6e0e626855985e9b9289d989e043
bdbad40497eeba309964562216fb2028a8c266b5
fpga
portland
/remote/regression/chisel
