Creation Time- 2017-10-11_15-14-41 | Status- debug | Type- scala | tests- all | User- mattfel | Origin- london | Destination- tucson | Branch- fpga | Spatial- 8bffc | Argon- cb276 | Virtualized- 1a5ad | Spatial-apps- a7896
2017-10-11_15-14-41
debug
scala
all
mattfel
london
8bffc99e65553f5330f79aa18a0b61f9431a6471
fpga
tucson
/home/mattfel/regression
