Creation Time- 2017-10-24_23-06-58 | Status- debug | Type- chisel | tests- all | User- mattfel | Origin- london | Destination- london | Branch- fpga | Spatial- 670ed | Argon- 47e0a | Virtualized- 1a5ad | Spatial-apps- 12647
2017-10-24_23-06-58
debug
chisel
all
mattfel
london
670eda49d894a2490744eaaddbd255e0907aff4e
fpga
london
/home/mattfel/regression
