Creation Time- 2017-03-13_22-29-42 | Status- debug | Type- scala | tests- all | User- mattfel | Origin- london | Destination- max-2 | Branch- fpga | Spatial- f60e4 | Argon- e9e2a | Virtualized- bdbad
2017-03-13_22-29-42
debug
scala
all
mattfel
london
f60e4f50d13d150176373fd8353876e02366bb70
e9e2a5a2a9fd6e0e626855985e9b9289d989e043
bdbad40497eeba309964562216fb2028a8c266b5
fpga
max-2
/remote/regression/scala
