Creation Time- 2017-08-24_17-29-13 | Status- debug | Type- chisel | tests- all | User- mattfel | Origin- london | Destination- ottawa | Branch- fpga | Spatial- decf6 | Argon- 9eb7d | Virtualized- 1a5ad | Spatial-apps- b61c1
2017-08-24_17-29-13
debug
chisel
all
mattfel
london
decf69c234cb1986e629cf5f9e179bdc6e55b306
fpga
ottawa
/home/regression
