Creation Time- 2017-11-06_18-37-35 | Status- debug | Type- scala | tests- all | User- mattfel | Origin- london | Destination- tucson | Branch- develop | Spatial- cf2af | Argon- b7a2a | Virtualized- 1a5ad | Spatial-apps- 479e9
2017-11-06_18-37-35
debug
scala
all
mattfel
london
cf2afd8e768946dad6e232382a8a41a40e4d84b4
develop
tucson
/home/mattfel/regression
