Creation Time- 2017-12-31_13-50-29 | Status- debug | Type- scala | tests- all | User- mattfel | Origin- london | Destination- london | Branch- develop | Spatial- 095db | Argon- 7df75 | Virtualized- 1a5ad | Spatial-apps- 8e751
2017-12-31_13-50-29
debug
scala
all
mattfel
london
095db0cafb724a7928c2aac003d0b274a1e90f5a
develop
london
/home/mattfel/regression
