Creation Time- 2017-12-31_10-45-42 | Status- debug | Type- chisel | tests- all | User- mattfel | Origin- london | Destination- tucson | Branch- develop | Spatial- 095db | Argon- 7df75 | Virtualized- 1a5ad | Spatial-apps- 8e751
2017-12-31_10-45-42
debug
chisel
all
mattfel
london
095db0cafb724a7928c2aac003d0b274a1e90f5a
develop
tucson
/home/mattfel/regression
