Creation Time- 2017-08-24_18-16-53 | Status- debug | Type- chisel | tests- all | User- mattfel | Origin- london | Destination- london | Branch- syncMem | Spatial- 30e28 | Argon- 724f2 | Virtualized- 1a5ad | Spatial-apps- b61c1
2017-08-24_18-16-53
debug
chisel
all
mattfel
london
30e283e0422a884df73b25c59acfebe6859a784b
syncMem
london
/home/mattfel/regression
