Creation Time- 2017-08-22_15-45-25 | Status- debug | Type- chisel | tests- all | User- mattfel | Origin- london | Destination- tflop2 | Branch- develop | Spatial- dd308 | Argon- 1248e | Virtualized- 1a5ad | Spatial-apps- 6afe3
2017-08-22_15-45-25
debug
chisel
all
mattfel
london
dd30891ddc7af0a7764507d448f8ec0579674c88
develop
tflop2
/home/regression/
