Creation Time- 2017-02-27_20-07-21 | Status- debug | Type- scala | tests- all | User- mattfel | Origin- mattfel-Inspiron-13-7359 | Destination- max-2 | Branch- fpga | Spatial- be1b2 | Argon- 30b99 | Virtualized- bdbad
2017-02-27_20-07-21
debug
scala
all
mattfel
mattfel-Inspiron-13-7359
be1b26a371ecb1e4090ee48be022988406b5f0ce
30b992a6f7ead53f1f5ae1093eeef7bc39ba00d9
bdbad40497eeba309964562216fb2028a8c266b5
fpga
max-2
/remote/regression/scala
