Creation Time- 2017-07-19_12-25-35 | Status- debug | Type- scala | tests- all | User- mattfel | Origin- london | Destination- portland | Branch- master | Spatial- 46486 | Argon- d1e5b | Virtualized- 8f02d | Spatial-apps- d4a89
2017-07-19_12-25-35
debug
scala
all
mattfel
london
464862dded42d821d472cade1df39a729e8d13b0
master
portland
/home/regression/
