Creation Time- 2017-04-23_13-28-27 | Status- debug | Type- chisel | tests- all | User- mattfel | Origin- london | Destination- portland | Branch- pre-master | Spatial- cd141 | Argon- 59876 | Virtualized- 3cee8
2017-04-23_13-28-27
debug
chisel
all
mattfel
london
cd141ad8d55849a7f7197debc7fc2d5cc7530ccb
pre-master
portland
/remote/regression/chisel
