Creation Time- 2017-03-07_10-38-29 | Status- debug | Type- chisel | tests- all | User- mattfel | Origin- mattfel-Inspiron-13-7359 | Destination- portland | Branch- fpga | Spatial- f671b | Argon- 3d5d4 | Virtualized- bdbad
2017-03-07_10-38-29
debug
chisel
all
mattfel
mattfel-Inspiron-13-7359
f671b60d17242e16869f7243439cd80795892eda
3d5d43b18989201afe6a669567a4085141ef2820
bdbad40497eeba309964562216fb2028a8c266b5
fpga
portland
/remote/regression/chisel
