Creation Time- 2017-12-05_10-49-13 | Status- debug | Type- chisel | tests- all | User- mattfel | Origin- london | Destination- tucson | Branch- develop | Spatial- b24a9 | Argon- b7921 | Virtualized- 1a5ad | Spatial-apps- db60d
2017-12-05_10-49-13
debug
chisel
all
mattfel
london
b24a9efcf6c45cdd1fbc48b6a7e16efd6a63daa2
develop
tucson
/home/mattfel/regression
