Creation Time- 2017-10-07_19-38-24 | Status- debug | Type- chisel | tests- all | User- mattfel | Origin- london | Destination- london | Branch- fpga | Spatial- ec661 | Argon- 8d1f7 | Virtualized- 1a5ad | Spatial-apps- 74735
2017-10-07_19-38-24
debug
chisel
all
mattfel
london
ec66155b7aa9b63a3dc5be1c70e6e030ca5033af
fpga
london
/home/mattfel/regression
