Creation Time- 2017-08-06_00-36-58 | Status- debug | Type- chisel | tests- all | User- mattfel | Origin- london | Destination- london | Branch- master | Spatial- 9038f | Argon- 726fc | Virtualized- 1a5ad | Spatial-apps- ecdbd
2017-08-06_00-36-58
debug
chisel
all
mattfel
london
9038fc80adb5c0876d7e53bb3f423614d1ecd17e
master
london
/home/mattfel/regression
