Creation Time- 2017-09-07_21-40-46 | Status- debug | Type- chisel | tests- all | User- mattfel | Origin- london | Destination- ottawa | Branch- pre-master | Spatial- 43bdd | Argon- 2e130 | Virtualized- 1a5ad | Spatial-apps- 58461
2017-09-07_21-40-46
debug
chisel
all
mattfel
london
43bddf04249f1db23c9eebcc785032bc05fd8d89
pre-master
ottawa
/home/regression
