Creation Time- 2017-07-09_19-44-04 | Status- debug | Type- scala | tests- all | User-  | Origin- Wheatley | Destination- max-2 | Branch- compile | Spatial- 1d84e | Argon- 073c1 | Virtualized- 8f02d
2017-07-09_19-44-04
debug
scala
all
david
Wheatley
1d84e6ddee9494adf068e290066d93f618fd8a77
compile
max-2
/kunle/users/mattfel/regression/scala
