Creation Time- 2017-10-17_22-13-17 | Status- debug | Type- scala | tests- all | User- mattfel | Origin- london | Destination- tucson | Branch- fpga | Spatial- 61289 | Argon- fff25 | Virtualized- 1a5ad | Spatial-apps- 2b991
2017-10-17_22-13-17
debug
scala
all
mattfel
london
612899b498428f04d6852e0acbddc544a3252d63
fpga
tucson
/home/mattfel/regression
