Creation Time- 2017-12-24_05-52-31 | Status- debug | Type- scala | tests- all | User- mattfel | Origin- london | Destination- london | Branch- develop | Spatial- 7d0ba | Argon- 37628 | Virtualized- 1a5ad | Spatial-apps- 85111
2017-12-24_05-52-31
debug
scala
all
mattfel
london
7d0ba27d401e84a579d1caf469f1e66b70787392
develop
london
/home/mattfel/regression
