Creation Time- 2017-09-26_14-55-38 | Status- debug | Type- scala | tests- all | User- mattfel | Origin- london | Destination- tflop1 | Branch- retime | Spatial- 03197 | Argon- 577e5 | Virtualized- 1a5ad | Spatial-apps- bff6a
2017-09-26_14-55-38
debug
scala
all
mattfel
london
03197ad7bbb196d847010b8bda829141cb49d7dc
retime
tflop1
/home/regression/
