Creation Time- 2017-07-23_15-10-31 | Status- debug | Type- scala | tests- all | User- dkoeplin | Origin- Wheatley | Destination- portland | Branch- compile | Spatial- de8c4 | Argon- 4a2c4 | Virtualized- 1a5ad | Spatial-apps- 5346c
2017-07-23_15-10-31
debug
scala
all
dkoeplin
Wheatley
de8c4b7703ec65a27212eeff062b37b2530e168b
compile
portland
/home/regression/
