Creation Time- 2017-10-20_14-47-51 | Status- debug | Type- chisel | tests- all | User- mattfel | Origin- london | Destination- tucson | Branch- syncMem | Spatial- 12ffb | Argon- 47e0a | Virtualized- 1a5ad | Spatial-apps- cbca9
2017-10-20_14-47-51
debug
chisel
all
mattfel
london
12ffbb7f9873be2b9345a92871e2a6085344cd80
syncMem
tucson
/home/mattfel/regression
