Creation Time- 2017-10-01_22-26-50 | Status- debug | Type- scala | tests- all | User- mattfel | Origin- london | Destination- london | Branch- syncMem | Spatial- 27d19 | Argon- 6bb14 | Virtualized- 1a5ad | Spatial-apps- 5e7e1
2017-10-01_22-26-50
debug
scala
all
mattfel
london
27d194f710143a9b0cbeffcb2c5892cc4e0e5395
syncMem
london
/home/mattfel/regression
