Creation Time- 2017-12-04_14-16-32 | Status- debug | Type- scala | tests- all | User- mattfel | Origin- london | Destination- tucson | Branch- fpga | Spatial- 8a306 | Argon- b7921 | Virtualized- 1a5ad | Spatial-apps- db60d
2017-12-04_14-16-32
debug
scala
all
mattfel
london
8a30611644ec66e0ffba9c9364f718240846caed
fpga
tucson
/home/mattfel/regression
