Creation Time- 2017-09-25_12-53-33 | Status- debug | Type- chisel | tests- all | User- mattfel | Origin- london | Destination- london | Branch- syncMem | Spatial- 6f562 | Argon- 577e5 | Virtualized- 1a5ad | Spatial-apps- 434d8
2017-09-25_12-53-33
debug
chisel
all
mattfel
london
6f56271640163bc1a3068e68facbd16cd2a1cd7a
syncMem
london
/home/mattfel/regression
