Creation Time- 2017-12-07_10-52-53 | Status- debug | Type- chisel | tests- all | User- mattfel | Origin- london | Destination- london | Branch- fpga | Spatial- 3740a | Argon- b7921 | Virtualized- 1a5ad | Spatial-apps- f7fdd
2017-12-07_10-52-53
debug
chisel
all
mattfel
london
3740a5841f7c0cb610491e73637391313b00408d
fpga
london
/home/mattfel/regression
