Creation Time- 2017-10-22_00-24-51 | Status- debug | Type- chisel | tests- all | User- mattfel | Origin- london | Destination- london | Branch- pre-master | Spatial- ce3bc | Argon- 47e0a | Virtualized- 1a5ad | Spatial-apps- cbca9
2017-10-22_00-24-51
debug
chisel
all
mattfel
london
ce3bcf0d0099cd87e1529ed27c891b92dc8a1196
pre-master
london
/home/mattfel/regression
