Creation Time- 2017-12-05_16-33-45 | Status- debug | Type- chisel | tests- all | User- mattfel | Origin- london | Destination- tucson | Branch- retime | Spatial- 95614 | Argon- b7921 | Virtualized- 1a5ad | Spatial-apps- db60d
2017-12-05_16-33-45
debug
chisel
all
mattfel
london
956141ed3c5a37032106a9be9c7604d9cf23dfeb
retime
tucson
/home/mattfel/regression
