Creation Time- 2017-12-16_12-28-18 | Status- debug | Type- chisel | tests- all | User- mattfel | Origin- london | Destination- london | Branch- pre-master | Spatial- c4687 | Argon- 51a2f | Virtualized- 1a5ad | Spatial-apps- 7be43
2017-12-16_12-28-18
debug
chisel
all
mattfel
london
c4687bbca68bbe07b69cfebd88dbd0b24c677521
pre-master
london
/home/mattfel/regression
