Creation Time- 2017-12-13_15-43-24 | Status- debug | Type- chisel | tests- all | User- mattfel | Origin- london | Destination- tucson | Branch- fpga | Spatial- cc892 | Argon- 51a2f | Virtualized- 1a5ad | Spatial-apps- d3ef4
2017-12-13_15-43-24
debug
chisel
all
mattfel
london
cc8922c3f64ef98a62ef850f9bb97bfd96f9d596
fpga
tucson
/home/mattfel/regression
