Creation Time- 2017-12-04_15-16-18 | Status- debug | Type- chisel | tests- all | User- mattfel | Origin- london | Destination- tucson | Branch- develop | Spatial- 79b3a | Argon- b7921 | Virtualized- 1a5ad | Spatial-apps- db60d
2017-12-04_15-16-18
debug
chisel
all
mattfel
london
79b3ae925ade507b1e857a5f392517b3e31c404f
develop
tucson
/home/mattfel/regression
