Creation Time- 2017-08-09_14-19-18 | Status- debug | Type- scala | tests- all | User- mattfel | Origin- london | Destination- tflop1 | Branch- retime | Spatial- a55af | Argon- 12283 | Virtualized- 1a5ad | Spatial-apps- af221
2017-08-09_14-19-18
debug
scala
all
mattfel
london
a55afdf06e109844d586fe45d20c5fcd134282c5
retime
tflop1
/home/regression/
