Creation Time- 2017-10-12_09-53-09 | Status- debug | Type- chisel | tests- all | User- mattfel | Origin- london | Destination- london | Branch- master | Spatial- b79ca | Argon- 6e75a | Virtualized- 1a5ad | Spatial-apps- 2b991
2017-10-12_09-53-09
debug
chisel
all
mattfel
london
b79cae2b4fc1e3d83e67658fb2526acd22b4976f
master
london
/home/mattfel/regression
