Creation Time- 2017-12-09_09-17-45 | Status- debug | Type- scala | tests- all | User- mattfel | Origin- london | Destination- london | Branch- pre-master | Spatial- 9ce31 | Argon- 7d828 | Virtualized- 1a5ad | Spatial-apps- f7fdd
2017-12-09_09-17-45
debug
scala
all
mattfel
london
9ce31543e2f373a73696216aba0a4bc47a23ab04
pre-master
london
/home/mattfel/regression
