Creation Time- 2017-12-13_16-39-04 | Status- debug | Type- scala | tests- all | User- mattfel | Origin- london | Destination- london | Branch- develop | Spatial- 0e6e6 | Argon- 51a2f | Virtualized- 1a5ad | Spatial-apps- d3ef4
2017-12-13_16-39-04
debug
scala
all
mattfel
london
0e6e6486bbcb819a41bb727c2042a49ebf20cd6b
develop
london
/home/mattfel/regression
