Creation Time- 2017-11-28_17-49-40 | Status- debug | Type- chisel | tests- all | User- mattfel | Origin- london | Destination- tucson | Branch- pre-master | Spatial- 8d08a | Argon- 641b8 | Virtualized- 1a5ad | Spatial-apps- 769ad
2017-11-28_17-49-40
debug
chisel
all
mattfel
london
8d08ab7b24f3cff8fd04071d56a40501fe4127cd
pre-master
tucson
/home/mattfel/regression
