Creation Time- 2017-10-26_17-04-15 | Status- debug | Type- scala | tests- all | User- mattfel | Origin- london | Destination- tucson | Branch- retime | Spatial- 10a2a | Argon- 05cb4 | Virtualized- 1a5ad | Spatial-apps- f8946
2017-10-26_17-04-15
debug
scala
all
mattfel
london
10a2a97e1ccc7c7fdea1272d73e3acef148c3f67
retime
tucson
/home/mattfel/regression
