Creation Time- 2017-08-24_17-31-47 | Status- debug | Type- chisel | tests- all | User- mattfel | Origin- london | Destination- tucson | Branch- retime | Spatial- f57be | Argon- 9eb7d | Virtualized- 1a5ad | Spatial-apps- b61c1
2017-08-24_17-31-47
debug
chisel
all
mattfel
london
f57be44bc0d83f0805908743139cd801ef09fd71
retime
tucson
/home/mattfel/regression
