Creation Time- 2017-10-04_14-51-36 | Status- debug | Type- scala | tests- all | User- mattfel | Origin- london | Destination- tflop1 | Branch- retime | Spatial- 88aef | Argon- 86009 | Virtualized- 1a5ad | Spatial-apps- 5e7e1
2017-10-04_14-51-36
debug
scala
all
mattfel
london
88aef34264002e9d65f75c1b3c34e4b5a0fc2d66
retime
tflop1
/home/regression/
