Creation Time- 2017-02-13_17-26-07 | Status- debug | Type- chisel | tests- all | User- mattfel | Origin- mattfel-Inspiron-13-7359 | Destination- portland | Branch- fpga | Spatial- 0ce49 | Argon- 53496 | Virtualized- d9263
2017-02-13_17-26-07
debug
chisel
all
mattfel
mattfel-Inspiron-13-7359
0ce490061c5ca33d3867e9adead6246a86413425
5349684b5ec961f496ef3dc37023c7f443d64cca
d92637b16d3889be76a5358c091846493c6ef82d
fpga
portland
/home/mattfel/regression
