Creation Time- 2017-10-26_16-56-10 | Status- debug | Type- chisel | tests- all | User- mattfel | Origin- london | Destination- london | Branch- fpga | Spatial- 6febe | Argon- 05cb4 | Virtualized- 1a5ad | Spatial-apps- f8946
2017-10-26_16-56-10
debug
chisel
all
mattfel
london
6febef1cfec53788ae62f7d6537cfdbb150e6a9b
fpga
london
/home/mattfel/regression
