Creation Time- 2017-11-02_13-03-25 | Status- debug | Type- scala | tests- all | User- mattfel | Origin- london | Destination- tucson | Branch- fpga | Spatial- 3df6a | Argon- 4b046 | Virtualized- 1a5ad | Spatial-apps- 479e9
2017-11-02_13-03-25
debug
scala
all
mattfel
london
3df6a17b76e2d478b3536a196753e8609d3c758d
fpga
tucson
/home/mattfel/regression
