Creation Time- 2017-03-08_01-21-46 | Status- debug | Type- chisel | tests- all | User- mattfel | Origin- mattfel-Inspiron-13-7359 | Destination- portland | Branch- fpga | Spatial- 38740 | Argon- c51a3 | Virtualized- bdbad
2017-03-08_01-21-46
debug
chisel
all
mattfel
mattfel-Inspiron-13-7359
387407d0e0f9df3be2a5859057e493b2b6903c5a
c51a377c109b8d64b69c179b1d509aa99d2580b2
bdbad40497eeba309964562216fb2028a8c266b5
fpga
portland
/remote/regression/chisel
