Creation Time- 2017-08-22_23-52-06 | Status- debug | Type- chisel | tests- all | User- mattfel | Origin- london | Destination- ottawa | Branch- syncMem | Spatial- 32d77 | Argon- 17083 | Virtualized- 1a5ad | Spatial-apps- 6afe3
2017-08-22_23-52-06
debug
chisel
all
mattfel
london
32d77d0c4c1313ab945703d8bca2975c946083e9
syncMem
ottawa
/home/regression
