Creation Time- 2017-08-07_21-07-34 | Status- debug | Type- chisel | tests- all | User- mattfel | Origin- london | Destination- tucson | Branch- fpga | Spatial- 65116 | Argon- 0b387 | Virtualized- 1a5ad | Spatial-apps- 738e5
2017-08-07_21-07-34
debug
chisel
all
mattfel
london
651166270f58cc52513f09a6f6f5e0373b282ed2
fpga
tucson
/home/mattfel/regression
