Creation Time- 2017-11-22_12-40-49 | Status- debug | Type- chisel | tests- all | User- mattfel | Origin- london | Destination- london | Branch- fpga | Spatial- f1574 | Argon- 0f765 | Virtualized- 1a5ad | Spatial-apps- 292db
2017-11-22_12-40-49
debug
chisel
all
mattfel
london
f1574b93d48db207b44cdc7a9decf4e15e6e3251
fpga
london
/home/mattfel/regression
