Creation Time- 2017-10-02_11-27-50 | Status- debug | Type- scala | tests- all | User- mattfel | Origin- london | Destination- portland | Branch- pre-master | Spatial- 5601a | Argon- 55ba3 | Virtualized- 1a5ad | Spatial-apps- 5e7e1
2017-10-02_11-27-50
debug
scala
all
mattfel
london
5601a77f47e32c81c605918869c8b6daddbb4b45
pre-master
portland
/home/regression/
