Creation Time- 2017-08-15_14-48-06 | Status- debug | Type- chisel | tests- all | User- mattfel | Origin- london | Destination- tucson | Branch- retime | Spatial- 2755e | Argon- 12283 | Virtualized- 1a5ad | Spatial-apps- 93224
2017-08-15_14-48-06
debug
chisel
all
mattfel
london
2755e353bf8cdbd476b57cfe10ea12eb1d929a38
retime
tucson
/home/mattfel/regression
