Creation Time- 2017-08-10_17-01-43 | Status- debug | Type- scala | tests- all | User- mattfel | Origin- london | Destination- tflop2 | Branch- fpga | Spatial- 92bd3 | Argon- 12283 | Virtualized- 1a5ad | Spatial-apps- eb51f
2017-08-10_17-01-43
debug
scala
all
mattfel
london
92bd37faa2ee6679b25f305cad53d7ac19373782
fpga
tflop2
/home/regression/
