Creation Time- 2017-07-25_20-04-42 | Status- debug | Type- scala | tests- all | User- dkoeplin | Origin- Wheatley | Destination- portland | Branch- compile | Spatial- 54de8 | Argon- f3596 | Virtualized- 1a5ad | Spatial-apps- 943e8
2017-07-25_20-04-42
debug
scala
all
dkoeplin
Wheatley
54de85bb016fab073f7b660ace67f2935189a0c2
compile
portland
/home/regression/
