Creation Time- 2017-03-20_01-26-52 | Status- debug | Type- chisel | tests- all | User- mattfel | Origin- london | Destination- portland | Branch- fpga | Spatial- 5eea2 | Argon- 9a391 | Virtualized- bdbad
2017-03-20_01-26-52
debug
chisel
all
mattfel
london
5eea2014be1cbecd15b8faaf27b2887d24fd3f80
9a3910e4048007e93e6e63ce482fe2e94b9cf1d5
bdbad40497eeba309964562216fb2028a8c266b5
fpga
portland
/remote/regression/chisel
