Creation Time- 2017-11-27_20-41-08 | Status- debug | Type- chisel | tests- all | User- mattfel | Origin- london | Destination- tucson | Branch- syncMem | Spatial- d4941 | Argon- 16f65 | Virtualized- 1a5ad | Spatial-apps- 59dbc
2017-11-27_20-41-08
debug
chisel
all
mattfel
london
d4941bbf6148fad0611084768046518f5f5f2d5f
syncMem
tucson
/home/mattfel/regression
