Creation Time- 2017-04-26_10-23-17 | Status- debug | Type- chisel | tests- all | User- mattfel | Origin- london | Destination- portland | Branch- pre-master | Spatial- d2bda | Argon- 3f5d7 | Virtualized- 3cee8
2017-04-26_10-23-17
debug
chisel
all
mattfel
london
d2bdac573b94420c483956a8ac9520741f227952
pre-master
portland
/home/regression/chisel
