Creation Time- 2017-09-20_17-14-12 | Status- debug | Type- scala | tests- all | User- mattfel | Origin- london | Destination- portland | Branch- fpga | Spatial- bb142 | Argon- 577e5 | Virtualized- 1a5ad | Spatial-apps- dd74c
2017-09-20_17-14-12
debug
scala
all
mattfel
london
bb1422a4073828703b001ab87006e634d4dfe549
fpga
portland
/home/regression/
