Creation Time- 2017-03-13_00-57-21 | Status- debug | Type- chisel | tests- all | User- mattfel | Origin- london | Destination- portland | Branch- fpga | Spatial- 97094 | Argon- e9e2a | Virtualized- bdbad
2017-03-13_00-57-21
debug
chisel
all
mattfel
london
970940675366e969eae29a424ccc4117f7c6666b
e9e2a5a2a9fd6e0e626855985e9b9289d989e043
bdbad40497eeba309964562216fb2028a8c266b5
fpga
portland
/remote/regression/chisel
