Creation Time- 2017-12-28_17-26-55 | Status- debug | Type- chisel | tests- all | User- mattfel | Origin- london | Destination- london | Branch- fpga | Spatial- 4f6be | Argon- 37628 | Virtualized- 1a5ad | Spatial-apps- 85111
2017-12-28_17-26-55
debug
chisel
all
mattfel
london
4f6be9411a3c4904a36f27e66a93f354e43eb9c7
fpga
london
/home/mattfel/regression
