Creation Time- 2017-10-25_00-36-56 | Status- debug | Type- scala | tests- all | User- mattfel | Origin- london | Destination- tucson | Branch- fpga | Spatial- 6accc | Argon- 47e0a | Virtualized- 1a5ad | Spatial-apps- 12647
2017-10-25_00-36-56
debug
scala
all
mattfel
london
6accc779c0935b6c9fa0ea976800f74f86effd63
fpga
tucson
/home/mattfel/regression
