Creation Time- 2017-09-15_11-15-15 | Status- debug | Type- scala | tests- all | User- mattfel | Origin- london | Destination- portland | Branch- fpga | Spatial- 6b4e4 | Argon- 2e130 | Virtualized- 1a5ad | Spatial-apps- ef2f7
2017-09-15_11-15-15
debug
scala
all
mattfel
london
6b4e4683d5eb85afbf4244d686f83cc81485e347
fpga
portland
/home/regression/
