Creation Time- 2017-02-24_10-30-37 | Status- debug | Type- chisel | tests- all | User- mattfel | Origin- mattfel-Inspiron-13-7359 | Destination- portland | Branch- fpga | Spatial- e4139 | Argon- c0924 | Virtualized- bdbad
2017-02-24_10-30-37
debug
chisel
all
mattfel
mattfel-Inspiron-13-7359
e4139b5db821883365f3be72b19099b541673659
c0924baac4f3464528c94f51dca63ae50ac3c10e
bdbad40497eeba309964562216fb2028a8c266b5
fpga
portland
/remote/regression/chisel
