Creation Time- 2017-10-25_23-05-41 | Status- debug | Type- chisel | tests- all | User- mattfel | Origin- london | Destination- tucson | Branch- master | Spatial- a28c6 | Argon- fafd6 | Virtualized- 1a5ad | Spatial-apps- 12647
2017-10-25_23-05-41
debug
chisel
all
mattfel
london
a28c6abd18dbc713022acf6f5a1f45e29df6f006
master
tucson
/home/mattfel/regression
