Creation Time- 2017-10-24_18-50-39 | Status- debug | Type- chisel | tests- all | User- mattfel | Origin- london | Destination- london | Branch- develop | Spatial- 4c2cf | Argon- 47e0a | Virtualized- 1a5ad | Spatial-apps- 12647
2017-10-24_18-50-39
debug
chisel
all
mattfel
london
4c2cf2b90a7565a3762697c6a9e470b1202d8674
develop
london
/home/mattfel/regression
