Creation Time- 2017-09-28_00-17-22 | Status- debug | Type- scala | tests- all | User- mattfel | Origin- london | Destination- max-2 | Branch- fpga | Spatial- abc11 | Argon- 8d01c | Virtualized- 1a5ad | Spatial-apps- fb0ce
2017-09-28_00-17-22
debug
scala
all
mattfel
london
abc111e08e63eaf4b08c8ee773f1cb2715061909
fpga
max-2
/kunle/users/mattfel/regression
