Creation Time- 2017-09-30_17-16-39 | Status- debug | Type- scala | tests- all | User- mattfel | Origin- london | Destination- max-2 | Branch- aggressive_splitting | Spatial- 0b402 | Argon- fbc78 | Virtualized- 1a5ad | Spatial-apps- 5e7e1
2017-09-30_17-16-39
debug
scala
all
mattfel
london
0b4023b9d6cc8bdc16c21571a532cef3ff2e5d1b
aggressive_splitting
max-2
/kunle/users/mattfel/regression
