Creation Time- 2017-08-23_19-03-34 | Status- debug | Type- scala | tests- all | User- mattfel | Origin- london | Destination- portland | Branch- fpga | Spatial- aae8b | Argon- 1248e | Virtualized- 1a5ad | Spatial-apps- bed02
2017-08-23_19-03-34
debug
scala
all
mattfel
london
aae8b3bc9390d9266f6b6c56a61ab154780796c7
fpga
portland
/home/regression/
