Creation Time- 2017-09-19_22-21-19 | Status- debug | Type- chisel | tests- all | User- mattfel | Origin- london | Destination- ottawa | Branch- fpga | Spatial- 13570 | Argon- 577e5 | Virtualized- 1a5ad | Spatial-apps- 80199
2017-09-19_22-21-19
debug
chisel
all
mattfel
london
135709f7cc532650a0d662baa4d199cfa363921e
fpga
ottawa
/home/regression
