Creation Time- 2017-11-07_15-38-12 | Status- debug | Type- scala | tests- all | User- mattfel | Origin- london | Destination- london | Branch- fpga | Spatial- 3c186 | Argon- b7a2a | Virtualized- 1a5ad | Spatial-apps- 969f9
2017-11-07_15-38-12
debug
scala
all
mattfel
london
3c186205012e11ae03811927f61e776cc0a141e9
fpga
london
/home/mattfel/regression
