Creation Time- 2017-02-15_14-48-57 | Status- debug | Type- scala | tests- all | User- mattfel | Origin- mattfel-Inspiron-13-7359 | Destination- max-2 | Branch- fpga | Spatial- a7c2b | Argon- a07f0 | Virtualized- bdbad
2017-02-15_14-48-57
debug
scala
all
mattfel
mattfel-Inspiron-13-7359
a7c2be4faa54d229077060f230c04aee31ffd826
a07f05623029d9577db67d410955ddbfdc3cb8ad
bdbad40497eeba309964562216fb2028a8c266b5
fpga
max-2
/kunle/users/mattfel/regression
