Creation Time- 2017-09-24_18-14-23 | Status- debug | Type- scala | tests- all | User- dkoeplin | Origin- Wheatley | Destination- portland | Branch- compile | Spatial- 5f54c | Argon- 75675 | Virtualized- 1a5ad | Spatial-apps- c355c
2017-09-24_18-14-23
debug
scala
all
dkoeplin
Wheatley
5f54c787d2b7df7592273c07ec12244fed2c7f9b
compile
portland
/home/regression/
