Creation Time- 2017-08-28_18-04-38 | Status- debug | Type- scala | tests- all | User- dkoeplin | Origin- Wheatley | Destination- portland | Branch- compile | Spatial- e3c90 | Argon- d8090 | Virtualized- 1a5ad | Spatial-apps- 150e4
2017-08-28_18-04-38
debug
scala
all
dkoeplin
Wheatley
e3c90c24ce445ce580cbe6ef9bfaf2fd714e9d4d
compile
portland
/home/regression/
