Creation Time- 2017-09-30_17-13-56 | Status- debug | Type- chisel | tests- all | User- mattfel | Origin- london | Destination- ottawa | Branch- fpga | Spatial- f58a3 | Argon- fbc78 | Virtualized- 1a5ad | Spatial-apps- 5e7e1
2017-09-30_17-13-56
debug
chisel
all
mattfel
london
f58a368aab7f7bc144190817413ac00e0ff30798
fpga
ottawa
/home/regression
