Creation Time- 2017-09-05_10-28-39 | Status- debug | Type- scala | tests- all | User- mattfel | Origin- london | Destination- portland | Branch- fpga | Spatial- 93efa | Argon- 2e130 | Virtualized- 1a5ad | Spatial-apps- 359a7
2017-09-05_10-28-39
debug
scala
all
mattfel
london
93efaec71be5cd7141e50baa0f04bd162da933a2
fpga
portland
/home/regression/
