Creation Time- 2017-10-07_19-33-24 | Status- debug | Type- scala | tests- all | User- mattfel | Origin- london | Destination- tucson | Branch- develop | Spatial- 18047 | Argon- 8d1f7 | Virtualized- 1a5ad | Spatial-apps- 74735
2017-10-07_19-33-24
debug
scala
all
mattfel
london
1804719a9a971f1a36b89cbf5c2d5c2d48ba753a
develop
tucson
/home/mattfel/regression
