Creation Time- 2017-09-03_23-38-40 | Status- debug | Type- chisel | tests- all | User- mattfel | Origin- london | Destination- tflop2 | Branch- develop | Spatial- 84054 | Argon- 2e130 | Virtualized- 1a5ad | Spatial-apps- 359a7
2017-09-03_23-38-40
debug
chisel
all
mattfel
london
840549f2c50a4eb4761d94824b97981d6cbfaf47
develop
tflop2
/home/regression/
