Creation Time- 2017-08-16_11-08-23 | Status- debug | Type- scala | tests- all | User- mattfel | Origin- london | Destination- tflop1 | Branch- fpga | Spatial- 35c98 | Argon- 3ce58 | Virtualized- 1a5ad | Spatial-apps- b714c
2017-08-16_11-08-23
debug
scala
all
mattfel
london
35c98c545d963b233fa1bd82f328d624fb7ad3ae
fpga
tflop1
/home/regression/
