Creation Time- 2017-09-15_16-19-19 | Status- debug | Type- chisel | tests- all | User- mattfel | Origin- london | Destination- ottawa | Branch- develop | Spatial- 571a0 | Argon- 1493d | Virtualized- 1a5ad | Spatial-apps- c58dd
2017-09-15_16-19-19
debug
chisel
all
mattfel
london
571a0d60e6166219a34ac2f92995c8c01a8515ca
develop
ottawa
/home/regression
