Creation Time- 2017-10-09_00-06-39 | Status- debug | Type- chisel | tests- all | User- mattfel | Origin- london | Destination- london | Branch- fpga | Spatial- d7556 | Argon- 8d1f7 | Virtualized- 1a5ad | Spatial-apps- 315a1
2017-10-09_00-06-39
debug
chisel
all
mattfel
london
d755680b42e208c18e7402e13edffa6eee832934
fpga
london
/home/mattfel/regression
