Creation Time- 2017-10-17_22-16-31 | Status- debug | Type- chisel | tests- all | User- mattfel | Origin- london | Destination- tucson | Branch- syncMem | Spatial- a42d9 | Argon- fff25 | Virtualized- 1a5ad | Spatial-apps- 2b991
2017-10-17_22-16-31
debug
chisel
all
mattfel
london
a42d9b6a478553653a2e649e395d6ea7daabb94c
syncMem
tucson
/home/mattfel/regression
