Creation Time- 2017-11-28_17-36-11 | Status- debug | Type- chisel | tests- all | User- mattfel | Origin- london | Destination- london | Branch- develop | Spatial- bf817 | Argon- 641b8 | Virtualized- 1a5ad | Spatial-apps- 769ad
2017-11-28_17-36-11
debug
chisel
all
mattfel
london
bf8172acf200a96dcfb3abd46df80bd98930f91b
develop
london
/home/mattfel/regression
