Creation Time- 2017-10-07_18-08-22 | Status- debug | Type- chisel | tests- all | User- mattfel | Origin- london | Destination- london | Branch- fpga | Spatial- 7814f | Argon- 8d1f7 | Virtualized- 1a5ad | Spatial-apps- 74735
2017-10-07_18-08-22
debug
chisel
all
mattfel
london
7814ff148e8ab35cef57a89ebb3076da413dda71
fpga
london
/home/mattfel/regression
