Creation Time- 2017-10-06_09-38-06 | Status- debug | Type- scala | tests- all | User- mattfel | Origin- london | Destination- london | Branch- fpga | Spatial- a8522 | Argon- cb1d3 | Virtualized- 1a5ad | Spatial-apps- b92f4
2017-10-06_09-38-06
debug
scala
all
mattfel
london
a85221da63f3ddf81e0be0d8c62ecba44a9dd016
fpga
london
/home/mattfel/regression
