Creation Time- 2017-11-28_10-21-34 | Status- debug | Type- chisel | tests- all | User- mattfel | Origin- london | Destination- tucson | Branch- develop | Spatial- 48225 | Argon- 641b8 | Virtualized- 1a5ad | Spatial-apps- 769ad
2017-11-28_10-21-34
debug
chisel
all
mattfel
london
4822570e7555274377ba4f7daefab8e0661301ba
develop
tucson
/home/mattfel/regression
