Creation Time- 2017-09-08_14-12-10 | Status- debug | Type- chisel | tests- all | User- mattfel | Origin- london | Destination- tflop2 | Branch- develop | Spatial- fc328 | Argon- 2e130 | Virtualized- 1a5ad | Spatial-apps- 275e8
2017-09-08_14-12-10
debug
chisel
all
mattfel
london
fc3280b80b9198b41ac7f8e0493271fa0b1c148e
develop
tflop2
/home/regression/
