Creation Time- 2017-08-29_15-51-19 | Status- debug | Type- chisel | tests- all | User- dkoeplin | Origin- Wheatley | Destination- portland | Branch- compile | Spatial- 6e4d2 | Argon- d8090 | Virtualized- 1a5ad | Spatial-apps- 150e4
2017-08-29_15-51-19
debug
chisel
all
dkoeplin
Wheatley
6e4d2bbb1e9bb4910fb94a4831fdc6e7df31c3c0
compile
portland
/home/regression/
