Creation Time- 2017-12-04_14-16-32 | Status- debug | Type- chisel | tests- all | User- mattfel | Origin- london | Destination- london | Branch- fpga | Spatial- 8a306 | Argon- b7921 | Virtualized- 1a5ad | Spatial-apps- db60d
2017-12-04_14-16-32
debug
chisel
all
mattfel
london
8a30611644ec66e0ffba9c9364f718240846caed
fpga
london
/home/mattfel/regression
