Creation Time- 2017-05-08_12-13-00 | Status- debug | Type- scala | tests- all | User- mattfel | Origin- london | Destination- max-2 | Branch- master | Spatial- 824ed | Argon- 78620 | Virtualized- 3cee8
2017-05-08_12-13-00
debug
scala
all
mattfel
london
824edb836e2985993484c0784d615ea45a07398f
master
max-2
/kunle/users/mattfel/regression/scala
