Creation Time- 2017-08-24_18-33-40 | Status- debug | Type- chisel | tests- all | User- mattfel | Origin- london | Destination- tflop2 | Branch- retime | Spatial- 7f4fc | Argon- 9eb7d | Virtualized- 1a5ad | Spatial-apps- b61c1
2017-08-24_18-33-40
debug
chisel
all
mattfel
london
7f4fc4f5dd638fdf3b308e6ad699719efac1e11a
retime
tflop2
/home/regression/
