Creation Time- 2017-11-22_09-48-59 | Status- debug | Type- scala | tests- all | User- mattfel | Origin- london | Destination- tucson | Branch- master | Spatial- 06508 | Argon- 0f765 | Virtualized- 1a5ad | Spatial-apps- 292db
2017-11-22_09-48-59
debug
scala
all
mattfel
london
06508df6a3f4bb284b9e419a9ea11e9b7d9e4a17
master
tucson
/home/mattfel/regression
