Creation Time- 2017-12-12_14-21-55 | Status- debug | Type- chisel | tests- all | User- mattfel | Origin- london | Destination- london | Branch- retime | Spatial- 9360c | Argon- 7dfde | Virtualized- 1a5ad | Spatial-apps- f7fdd
2017-12-12_14-21-55
debug
chisel
all
mattfel
london
9360c57129bea6c6ffc4207d2150cae09a165661
retime
london
/home/mattfel/regression
