Creation Time- 2017-11-10_11-28-13 | Status- debug | Type- chisel | tests- all | User- mattfel | Origin- london | Destination- tucson | Branch- master | Spatial- 72695 | Argon- 133f6 | Virtualized- 1a5ad | Spatial-apps- c992e
2017-11-10_11-28-13
debug
chisel
all
mattfel
london
72695cb7899647c38aea9ee2a93127e2fb3f5caf
master
tucson
/home/mattfel/regression
