Creation Time- 2017-02-24_18-12-48 | Status- debug | Type- chisel | tests- all | User- mattfel | Origin- mattfel-Inspiron-13-7359 | Destination- portland | Branch- fpga | Spatial- dda67 | Argon- b2d22 | Virtualized- bdbad
2017-02-24_18-12-48
debug
chisel
all
mattfel
mattfel-Inspiron-13-7359
dda6766da3693bcafa1394a2ee07a5dacc2c6d8d
b2d22d25f01813089b9664feab785150cb177b45
bdbad40497eeba309964562216fb2028a8c266b5
fpga
portland
/remote/regression/chisel
