Creation Time- 2017-10-22_23-07-29 | Status- debug | Type- scala | tests- all | User- mattfel | Origin- london | Destination- tucson | Branch- syncMem | Spatial- d9981 | Argon- 47e0a | Virtualized- 1a5ad | Spatial-apps- 4bd1c
2017-10-22_23-07-29
debug
scala
all
mattfel
london
d9981db4980e231716ecc6a736cf4acf6542e5d0
syncMem
tucson
/home/mattfel/regression
