Creation Time- 2017-10-04_18-12-01 | Status- debug | Type- chisel | tests- all | User- mattfel | Origin- london | Destination- london | Branch- fpga | Spatial- efd26 | Argon- 1f6bd | Virtualized- 1a5ad | Spatial-apps- 5e7e1
2017-10-04_18-12-01
debug
chisel
all
mattfel
london
efd26888ea737cc96619b973c1a4fe3c7862cc44
fpga
london
/home/mattfel/regression
