Creation Time- 2017-11-09_00-51-39 | Status- debug | Type- chisel | tests- all | User- mattfel | Origin- london | Destination- london | Branch- fpga | Spatial- ae069 | Argon- e9811 | Virtualized- 1a5ad | Spatial-apps- 62392
2017-11-09_00-51-39
debug
chisel
all
mattfel
london
ae069fda88006b598dc1cd7187d12c72aefe84c4
fpga
london
/home/mattfel/regression
