Creation Time- 2017-08-08_23-27-31 | Status- debug | Type- chisel | tests- all | User- mattfel | Origin- london | Destination- ottawa | Branch- develop | Spatial- 88939 | Argon- 12283 | Virtualized- 1a5ad | Spatial-apps- 26a03
2017-08-08_23-27-31
debug
chisel
all
mattfel
london
88939efa62a1aa6699a73c1cc47c0f820afa2cb6
develop
ottawa
/home/regression
