Creation Time- 2017-09-15_11-17-58 | Status- debug | Type- chisel | tests- all | User- mattfel | Origin- london | Destination- london | Branch- syncMem | Spatial- fc328 | Argon- 2e130 | Virtualized- 1a5ad | Spatial-apps- 275e8
2017-09-15_11-17-58
debug
chisel
all
mattfel
london
fc3280b80b9198b41ac7f8e0493271fa0b1c148e
syncMem
london
/home/mattfel/regression
