Creation Time- 2017-03-08_01-11-42 | Status- debug | Type- scala | tests- all | User- mattfel | Origin- mattfel-Inspiron-13-7359 | Destination- max-2 | Branch- fpga | Spatial- 1c065 | Argon- c51a3 | Virtualized- bdbad
2017-03-08_01-11-42
debug
scala
all
mattfel
mattfel-Inspiron-13-7359
1c065a27806e9f192129ca9f79814b9b13a11533
c51a377c109b8d64b69c179b1d509aa99d2580b2
bdbad40497eeba309964562216fb2028a8c266b5
fpga
max-2
/remote/regression/scala
