Creation Time- 2017-09-29_11-47-00 | Status- debug | Type- scala | tests- all | User- mattfel | Origin- london | Destination- london | Branch- develop | Spatial- 6b76e | Argon- eed41 | Virtualized- 1a5ad | Spatial-apps- fb0ce
2017-09-29_11-47-00
debug
scala
all
mattfel
london
6b76e88a8de03c13aefbd9b40a72a89dabfbad84
develop
london
/home/mattfel/regression
