Creation Time- 2017-08-14_16-41-33 | Status- debug | Type- scala | tests- all | User- mattfel | Origin- london | Destination- portland | Branch- fpga | Spatial- 8b9c4 | Argon- 12283 | Virtualized- 1a5ad | Spatial-apps- 71f2f
2017-08-14_16-41-33
debug
scala
all
mattfel
london
8b9c42af48651692e7fa696bd1964f825ceb5495
fpga
portland
/home/regression/
