Creation Time- 2017-12-26_18-38-27 | Status- debug | Type- chisel | tests- all | User- mattfel | Origin- london | Destination- tucson | Branch- develop | Spatial- 6add1 | Argon- 37628 | Virtualized- 1a5ad | Spatial-apps- 85111
2017-12-26_18-38-27
debug
chisel
all
mattfel
london
6add16d44ea1ff4bc81e48ef2715bf70d8d74fbe
develop
tucson
/home/mattfel/regression
