Creation Time- 2017-02-15_13-55-06 | Status- debug | Type- chisel | tests- all | User- mattfel | Origin- mattfel-Inspiron-13-7359 | Destination- portland | Branch- fpga | Spatial- d2179 | Argon- a07f0 | Virtualized- bdbad
2017-02-15_13-55-06
debug
chisel
all
mattfel
mattfel-Inspiron-13-7359
d2179418311369b3737eb57b2bfd224b0efc94a1
a07f05623029d9577db67d410955ddbfdc3cb8ad
bdbad40497eeba309964562216fb2028a8c266b5
fpga
portland
/home/mattfel/regression
