Creation Time- 2017-04-25_16-53-45 | Status- debug | Type- chisel | tests- all | User- mattfel | Origin- london | Destination- portland | Branch- pre-master | Spatial- ded3f | Argon- 3f5d7 | Virtualized- 3cee8
2017-04-25_16-53-45
debug
chisel
all
mattfel
london
ded3f458d1356f559e08e1b72223c3cf5efb68b0
pre-master
portland
/home/regression/chisel
