Creation Time- 2017-12-12_18-38-36 | Status- debug | Type- chisel | tests- all | User- mattfel | Origin- london | Destination- london | Branch- fpga | Spatial- b3d4a | Argon- 4348e | Virtualized- 1a5ad | Spatial-apps- d3ef4
2017-12-12_18-38-36
debug
chisel
all
mattfel
london
b3d4a33826bf62f4c09b3dd13111f1034ee663ac
fpga
london
/home/mattfel/regression
