Creation Time- 2017-09-19_00-08-23 | Status- debug | Type- scala | tests- all | User- mattfel | Origin- london | Destination- london | Branch- syncMem | Spatial- 83329 | Argon- ce67d | Virtualized- 1a5ad | Spatial-apps- 80199
2017-09-19_00-08-23
debug
scala
all
mattfel
london
833297bc65cd118882e118e740bf15408fe294d3
syncMem
london
/home/mattfel/regression
