Creation Time- 2017-03-18_16-44-31 | Status- debug | Type- scala | tests- all | User- mattfel | Origin- london | Destination- max-2 | Branch- fpga | Spatial- c411e | Argon- 7d772 | Virtualized- bdbad
2017-03-18_16-44-31
debug
scala
all
mattfel
london
c411eb01fd60488a577942f9acbf24f1ebd1c077
7d7721dc5d6262619911c0d670ef0ec1215963e9
bdbad40497eeba309964562216fb2028a8c266b5
fpga
max-2
/remote/regression/scala
