Creation Time- 2017-09-29_20-53-14 | Status- debug | Type- scala | tests- all | User- mattfel | Origin- london | Destination- tflop2 | Branch- develop | Spatial- a173a | Argon- e0645 | Virtualized- 1a5ad | Spatial-apps- 5e7e1
2017-09-29_20-53-14
debug
scala
all
mattfel
london
a173aa190413d17e41f384472c21ed3f91fdf582
develop
tflop2
/home/regression/
