Creation Time- 2017-11-10_11-27-54 | Status- debug | Type- scala | tests- all | User- mattfel | Origin- london | Destination- london | Branch- pre-master | Spatial- 0fa55 | Argon- e9811 | Virtualized- 1a5ad | Spatial-apps- c992e
2017-11-10_11-27-54
debug
scala
all
mattfel
london
0fa550a740c2b1c2ffa3711873e95dee91f4e6df
pre-master
london
/home/mattfel/regression
