Creation Time- 2017-12-06_00-20-47 | Status- debug | Type- chisel | tests- all | User- mattfel | Origin- london | Destination- london | Branch- retime | Spatial- ec3dc | Argon- b7921 | Virtualized- 1a5ad | Spatial-apps- db60d
2017-12-06_00-20-47
debug
chisel
all
mattfel
london
ec3dc06e95e80f91b9df623b715b009a9aee3086
retime
london
/home/mattfel/regression
