Creation Time- 2017-02-21_13-44-13 | Status- debug | Type- chisel | tests- all | User- mattfel | Origin- mattfel-Inspiron-13-7359 | Destination- portland | Branch- fpga | Spatial- 919b2 | Argon- af800 | Virtualized- bdbad
2017-02-21_13-44-13
debug
chisel
all
mattfel
mattfel-Inspiron-13-7359
919b2b0930fa5e2cf8daec5829c5237a691ae67b
af8004ad41cc8c37cdcdc71b689de5b1ec45f429
bdbad40497eeba309964562216fb2028a8c266b5
fpga
portland
/home/mattfel/regression
