Creation Time- 2017-10-07_21-10-38 | Status- debug | Type- scala | tests- all | User- mattfel | Origin- london | Destination- london | Branch- syncMem | Spatial- c4db8 | Argon- 8d1f7 | Virtualized- 1a5ad | Spatial-apps- 74735
2017-10-07_21-10-38
debug
scala
all
mattfel
london
c4db8ecf65a8a056595fae2fca9056e688be9c3d
syncMem
london
/home/mattfel/regression
