Creation Time- 2017-12-31_17-06-36 | Status- debug | Type- chisel | tests- all | User- mattfel | Origin- london | Destination- tucson | Branch- retime | Spatial- 7ce51 | Argon- c3833 | Virtualized- 1a5ad | Spatial-apps- 84636
2017-12-31_17-06-36
debug
chisel
all
mattfel
london
7ce51f581bdfa3eb3706efaf69680d6583cd7100
retime
tucson
/home/mattfel/regression
