Creation Time- 2017-10-07_16-11-36 | Status- debug | Type- scala | tests- all | User- mattfel | Origin- london | Destination- portland | Branch- retime | Spatial- 49cce | Argon- 8d1f7 | Virtualized- 1a5ad | Spatial-apps- 74735
2017-10-07_16-11-36
debug
scala
all
mattfel
london
49cce518b3da831e452d81f877aca0e95758ee5c
retime
portland
/home/regression/
