Creation Time- 2017-09-25_23-50-37 | Status- debug | Type- chisel | tests- all | User- mattfel | Origin- london | Destination- tucson | Branch- retime | Spatial- 6b8b0 | Argon- 577e5 | Virtualized- 1a5ad | Spatial-apps- bff6a
2017-09-25_23-50-37
debug
chisel
all
mattfel
london
6b8b0cdffc030228e180981a2641885f0735f80c
retime
tucson
/home/mattfel/regression
