Creation Time- 2017-05-09_13-13-44 | Status- debug | Type- scala | tests- all | User- mattfel | Origin- london | Destination- max-2 | Branch- master | Spatial- f10bf | Argon- 6b0f5 | Virtualized- 3cee8
2017-05-09_13-13-44
debug
scala
all
mattfel
london
f10bf7b9b47d1156291db63fc71f5c744bf11665
master
max-2
/kunle/users/mattfel/regression/scala
