Creation Time- 2017-02-20_19-42-22 | Status- debug | Type- scala | tests- all | User- mattfel | Origin- mattfel-Inspiron-13-7359 | Destination- max-2 | Branch- fpga | Spatial- faea8 | Argon- af800 | Virtualized- bdbad
2017-02-20_19-42-22
debug
scala
all
mattfel
mattfel-Inspiron-13-7359
faea8e17dc14fd336d2e1fedd7c5d75a7ddcfff2
af8004ad41cc8c37cdcdc71b689de5b1ec45f429
bdbad40497eeba309964562216fb2028a8c266b5
fpga
max-2
/remote/spatial_regression
