Creation Time- 2017-10-25_15-09-04 | Status- debug | Type- scala | tests- all | User- mattfel | Origin- london | Destination- tucson | Branch- fpga | Spatial- ef848 | Argon- 05cb4 | Virtualized- 1a5ad | Spatial-apps- 12647
2017-10-25_15-09-04
debug
scala
all
mattfel
london
ef8489132d77db49eaef43855e0eb62d103b5121
fpga
tucson
/home/mattfel/regression
