Creation Time- 2017-10-04_23-59-06 | Status- debug | Type- chisel | tests- all | User- mattfel | Origin- london | Destination- portland | Branch- pre-master | Spatial- 9ed11 | Argon- e05f7 | Virtualized- 1a5ad | Spatial-apps- 3def9
2017-10-04_23-59-06
debug
chisel
all
mattfel
london
9ed110eec64b5a18827c2047dc362611eaeabb4c
pre-master
portland
/home/regression/
