Creation Time- 2017-12-09_16-24-06 | Status- debug | Type- chisel | tests- all | User- mattfel | Origin- london | Destination- london | Branch- retime | Spatial- ad487 | Argon- 7d828 | Virtualized- 1a5ad | Spatial-apps- f7fdd
2017-12-09_16-24-06
debug
chisel
all
mattfel
london
ad48726a4782ef96be2c2b0e4fa02472ae5a0479
retime
london
/home/mattfel/regression
