Creation Time- 2017-09-28_00-18-33 | Status- debug | Type- scala | tests- all | User- mattfel | Origin- london | Destination- tflop1 | Branch- pre-master | Spatial- abc11 | Argon- 8d01c | Virtualized- 1a5ad | Spatial-apps- fb0ce
2017-09-28_00-18-33
debug
scala
all
mattfel
london
abc111e08e63eaf4b08c8ee773f1cb2715061909
pre-master
tflop1
/home/regression/
