Creation Time- 2017-08-07_14-05-15 | Status- debug | Type- chisel | tests- all | User- mattfel | Origin- london | Destination- tflop2 | Branch- develop | Spatial- 90f8d | Argon- 0b387 | Virtualized- 1a5ad | Spatial-apps- 87047
2017-08-07_14-05-15
debug
chisel
all
mattfel
london
90f8d598c73b2d7bf705d0150556e7f44c0234d4
develop
tflop2
/home/regression/
