Creation Time- 2017-09-08_14-13-25 | Status- debug | Type- scala | tests- all | User- mattfel | Origin- london | Destination- portland | Branch- pre-master | Spatial- fc328 | Argon- 2e130 | Virtualized- 1a5ad | Spatial-apps- 275e8
2017-09-08_14-13-25
debug
scala
all
mattfel
london
fc3280b80b9198b41ac7f8e0493271fa0b1c148e
pre-master
portland
/home/regression/
