Creation Time- 2017-12-12_22-52-22 | Status- debug | Type- chisel | tests- all | User- mattfel | Origin- london | Destination- tucson | Branch- develop | Spatial- 5946d | Argon- 51a2f | Virtualized- 1a5ad | Spatial-apps- d3ef4
2017-12-12_22-52-22
debug
chisel
all
mattfel
london
5946dea6a755aa746131834dcf7531a87ff1cdb3
develop
tucson
/home/mattfel/regression
