Creation Time- 2017-12-28_15-20-58 | Status- debug | Type- scala | tests- all | User- mattfel | Origin- london | Destination- london | Branch- fpga | Spatial- 8c094 | Argon- 37628 | Virtualized- 1a5ad | Spatial-apps- 85111
2017-12-28_15-20-58
debug
scala
all
mattfel
london
8c094b59833f6bc17d66ce8b4de404bfc55033cd
fpga
london
/home/mattfel/regression
