Creation Time- 2017-10-04_23-55-55 | Status- debug | Type- chisel | tests- all | User- mattfel | Origin- london | Destination- ottawa | Branch- fpga | Spatial- 9ed11 | Argon- e05f7 | Virtualized- 1a5ad | Spatial-apps- 3def9
2017-10-04_23-55-55
debug
chisel
all
mattfel
london
9ed110eec64b5a18827c2047dc362611eaeabb4c
fpga
ottawa
/home/regression
