Creation Time- 2017-11-06_19-16-03 | Status- debug | Type- scala | tests- all | User- mattfel | Origin- london | Destination- london | Branch- retime | Spatial- f584a | Argon- b7a2a | Virtualized- 1a5ad | Spatial-apps- 479e9
2017-11-06_19-16-03
debug
scala
all
mattfel
london
f584a274e4e01d10bbab86956362d4f32ec0a076
retime
london
/home/mattfel/regression
