Creation Time- 2017-11-08_14-39-33 | Status- debug | Type- chisel | tests- all | User- mattfel | Origin- london | Destination- london | Branch- fpga | Spatial- eb667 | Argon- e9811 | Virtualized- 1a5ad | Spatial-apps- 62392
2017-11-08_14-39-33
debug
chisel
all
mattfel
london
eb6677da4ed3b6347d53a64be0e7d6cb1eb754a0
fpga
london
/home/mattfel/regression
