Creation Time- 2017-12-06_13-06-15 | Status- debug | Type- chisel | tests- all | User- mattfel | Origin- london | Destination- london | Branch- syncMem | Spatial- 18869 | Argon- b7921 | Virtualized- 1a5ad | Spatial-apps- db60d
2017-12-06_13-06-15
debug
chisel
all
mattfel
london
18869a8e3cf362d255d476bd1cef5892053aa595
syncMem
london
/home/mattfel/regression
