Creation Time- 2017-10-15_18-25-46 | Status- debug | Type- chisel | tests- all | User- mattfel | Origin- london | Destination- london | Branch- pre-master | Spatial- 55cda | Argon- fff25 | Virtualized- 1a5ad | Spatial-apps- 2b991
2017-10-15_18-25-46
debug
chisel
all
mattfel
london
55cda850fc14efb4730eacc07c6679552d399af6
pre-master
london
/home/mattfel/regression
