Creation Time- 2017-09-25_23-50-05 | Status- debug | Type- scala | tests- all | User- mattfel | Origin- london | Destination- tflop1 | Branch- develop | Spatial- 6b8b0 | Argon- 577e5 | Virtualized- 1a5ad | Spatial-apps- bff6a
2017-09-25_23-50-05
debug
scala
all
mattfel
london
6b8b0cdffc030228e180981a2641885f0735f80c
develop
tflop1
/home/regression/
