Creation Time- 2017-10-10_20-29-38 | Status- debug | Type- scala | tests- all | User- mattfel | Origin- london | Destination- london | Branch- syncMem | Spatial- 33325 | Argon- 18216 | Virtualized- 1a5ad | Spatial-apps- 53a4a
2017-10-10_20-29-38
debug
scala
all
mattfel
london
3332542441f50ee0db72c399ea11c73aaeccdc5e
syncMem
london
/home/mattfel/regression
