Creation Time- 2017-06-18_20-32-36 | Status- debug | Type- chisel | tests- all | User- david | Origin- glados | Destination- portland | Branch- compile | Spatial- a597f | Argon- 9fad8 | Virtualized- 8f02d
2017-06-18_20-32-36
debug
chisel
all
dkoeplin
glados
a597f07e8e3974159d798d87a9584ad94ce0a693
compile
portland
/home/regression/chisel
