Creation Time- 2017-10-16_12-18-13 | Status- debug | Type- chisel | tests- all | User- mattfel | Origin- london | Destination- london | Branch- fpga | Spatial- 6cd72 | Argon- fff25 | Virtualized- 1a5ad | Spatial-apps- 2b991
2017-10-16_12-18-13
debug
chisel
all
mattfel
london
6cd726f9707e60965be70101aa2aac07d3ce2efb
fpga
london
/home/mattfel/regression
