Creation Time- 2017-11-09_23-09-22 | Status- debug | Type- scala | tests- all | User- mattfel | Origin- london | Destination- tucson | Branch- fpga | Spatial- 63ab9 | Argon- e9811 | Virtualized- 1a5ad | Spatial-apps- c992e
2017-11-09_23-09-22
debug
scala
all
mattfel
london
63ab937c4fa80a6ca4df6e131074fcffa3cf7802
fpga
tucson
/home/mattfel/regression
