Creation Time- 2017-11-29_10-05-33 | Status- debug | Type- chisel | tests- all | User- mattfel | Origin- london | Destination- tucson | Branch- develop | Spatial- c0acf | Argon- 641b8 | Virtualized- 1a5ad | Spatial-apps- db60d
2017-11-29_10-05-33
debug
chisel
all
mattfel
london
c0acfe62080ede9db966c1d482a03ad781718ebb
develop
tucson
/home/mattfel/regression
