Creation Time- 2017-04-28_14-05-26 | Status- debug | Type- chisel | tests- all | User- mattfel | Origin- london | Destination- portland | Branch- compile | Spatial- 97087 | Argon- 31eb5 | Virtualized- 3cee8
2017-04-28_14-05-26
debug
chisel
all
mattfel
london
970872c2ae0a61f5d8d173179fca7b01642cd370
compile
portland
/home/regression/chisel
