Creation Time- 2017-10-17_23-02-44 | Status- debug | Type- chisel | tests- all | User- mattfel | Origin- london | Destination- tucson | Branch- develop | Spatial- 6c546 | Argon- fff25 | Virtualized- 1a5ad | Spatial-apps- 2b991
2017-10-17_23-02-44
debug
chisel
all
mattfel
london
6c5468cd56a9af645ce91c4d417315eaf6351905
develop
tucson
/home/mattfel/regression
