Creation Time- 2017-08-25_11-50-31 | Status- debug | Type- chisel | tests- all | User- mattfel | Origin- london | Destination- tflop2 | Branch- master | Spatial- dcc82 | Argon- 724f2 | Virtualized- 1a5ad | Spatial-apps- 393f0
2017-08-25_11-50-31
debug
chisel
all
mattfel
london
dcc82bc6a4bd5e43ddf167aa59561245e08e2887
master
tflop2
/home/regression/
