Creation Time- 2017-10-07_11-34-52 | Status- debug | Type- scala | tests- all | User- mattfel | Origin- london | Destination- tucson | Branch- fpga | Spatial- 0ba31 | Argon- 7d0e5 | Virtualized- 1a5ad | Spatial-apps- 74735
2017-10-07_11-34-52
debug
scala
all
mattfel
london
0ba31c2464100d30f1092f4595b1feecd1bc46f5
fpga
tucson
/home/mattfel/regression
