Creation Time- 2017-06-02_01-22-21 | Status- debug | Type- scala | tests- all | User-  | Origin- glados | Destination- max-2 | Branch- compile | Spatial- 01fab | Argon- 2a9c1 | Virtualized- 3cee8
2017-06-02_01-22-21
debug
scala
all
david
glados
01fabe910810db05c5c1be134ef423c2013e6d51
compile
max-2
/kunle/users/mattfel/regression/scala
