Creation Time- 2017-08-23_10-20-01 | Status- debug | Type- chisel | tests- all | User- mattfel | Origin- london | Destination- tflop2 | Branch- pre-master | Spatial- 180d6 | Argon- 17083 | Virtualized- 1a5ad | Spatial-apps- a518b
2017-08-23_10-20-01
debug
chisel
all
mattfel
london
180d6f76b169df0668dcb55f7cac7bc78c90bb39
pre-master
tflop2
/home/regression/
