Creation Time- 2017-11-10_00-41-08 | Status- debug | Type- chisel | tests- all | User- mattfel | Origin- london | Destination- london | Branch- develop | Spatial- ea226 | Argon- e9811 | Virtualized- 1a5ad | Spatial-apps- c992e
2017-11-10_00-41-08
debug
chisel
all
mattfel
london
ea226f51344b74863879491a44f955f82ff41a52
develop
london
/home/mattfel/regression
