Creation Time- 2017-10-10_20-12-09 | Status- debug | Type- chisel | tests- all | User- mattfel | Origin- london | Destination- tucson | Branch- retime | Spatial- 33325 | Argon- 18216 | Virtualized- 1a5ad | Spatial-apps- 53a4a
2017-10-10_20-12-09
debug
chisel
all
mattfel
london
3332542441f50ee0db72c399ea11c73aaeccdc5e
retime
tucson
/home/mattfel/regression
