Creation Time- 2017-09-07_21-39-14 | Status- debug | Type- chisel | tests- all | User- mattfel | Origin- london | Destination- london | Branch- retime | Spatial- 43bdd | Argon- 2e130 | Virtualized- 1a5ad | Spatial-apps- 58461
2017-09-07_21-39-14
debug
chisel
all
mattfel
london
43bddf04249f1db23c9eebcc785032bc05fd8d89
retime
london
/home/mattfel/regression
