Creation Time- 2017-08-07_15-08-01 | Status- debug | Type- scala | tests- all | User- mattfel | Origin- london | Destination- portland | Branch- syncMem | Spatial- e141d | Argon- a5302 | Virtualized- 1a5ad | Spatial-apps- 87047
2017-08-07_15-08-01
debug
scala
all
mattfel
london
e141da7b4ca21e4ed42765b26d9d40026d9491ee
syncMem
portland
/home/regression/
