Creation Time- 2017-10-18_17-09-11 | Status- debug | Type- chisel | tests- all | User- mattfel | Origin- london | Destination- london | Branch- retime | Spatial- 2db4c | Argon- 47e0a | Virtualized- 1a5ad | Spatial-apps- 76d97
2017-10-18_17-09-11
debug
chisel
all
mattfel
london
2db4ce6093a033a5f8bfeda11540e4c60ad2d2e9
retime
london
/home/mattfel/regression
