Creation Time- 2017-09-16_13-52-01 | Status- debug | Type- scala | tests- all | User- mattfel | Origin- london | Destination- max-2 | Branch- develop | Spatial- 21549 | Argon- 1493d | Virtualized- 1a5ad | Spatial-apps- 80199
2017-09-16_13-52-01
debug
scala
all
mattfel
london
215493233a084aafb438c7c69bd2f2a1f45b171a
develop
max-2
/kunle/users/mattfel/regression
