Creation Time- 2017-12-21_13-35-14 | Status- debug | Type- chisel | tests- all | User- mattfel | Origin- london | Destination- london | Branch- retime | Spatial- b8a79 | Argon- 37628 | Virtualized- 1a5ad | Spatial-apps- 85111
2017-12-21_13-35-14
debug
chisel
all
mattfel
london
b8a79c33eac7f9e034d7e516073371ef2bd2bbc8
retime
london
/home/mattfel/regression
