Creation Time- 2017-08-23_19-10-15 | Status- debug | Type- chisel | tests- all | User- mattfel | Origin- london | Destination- london | Branch- pre-master | Spatial- 98af5 | Argon- 17083 | Virtualized- 1a5ad | Spatial-apps- bed02
2017-08-23_19-10-15
debug
chisel
all
mattfel
london
98af5f07de014e604555ee9d0271e9aca3a54d9b
pre-master
london
/home/mattfel/regression
