Creation Time- 2017-11-01_10-39-01 | Status- debug | Type- scala | tests- all | User- mattfel | Origin- london | Destination- tucson | Branch- fpga | Spatial- afa23 | Argon- afc25 | Virtualized- 1a5ad | Spatial-apps- 479e9
2017-11-01_10-39-01
debug
scala
all
mattfel
london
afa23f6d0737f34037c997f0c3ad5a43d3fe93f9
fpga
tucson
/home/mattfel/regression
