Creation Time- 2017-11-29_15-35-05 | Status- debug | Type- scala | tests- all | User- mattfel | Origin- london | Destination- tucson | Branch- master | Spatial- 35a81 | Argon- b7921 | Virtualized- 1a5ad | Spatial-apps- db60d
2017-11-29_15-35-05
debug
scala
all
mattfel
london
35a814da5b9f7717ed23a6b69c684927e4ac8de1
master
tucson
/home/mattfel/regression
