Creation Time- 2017-08-23_19-05-04 | Status- debug | Type- chisel | tests- all | User- mattfel | Origin- london | Destination- tucson | Branch- retime | Spatial- f1b71 | Argon- 1248e | Virtualized- 1a5ad | Spatial-apps- bed02
2017-08-23_19-05-04
debug
chisel
all
mattfel
london
f1b71e984bdd97c951db8778e17feadd0e1b97fe
retime
tucson
/home/mattfel/regression
