Creation Time- 2017-12-12_13-49-02 | Status- debug | Type- chisel | tests- all | User- mattfel | Origin- london | Destination- tucson | Branch- fpga | Spatial- 5f703 | Argon- 7ff5f | Virtualized- 1a5ad | Spatial-apps- f7fdd
2017-12-12_13-49-02
debug
chisel
all
mattfel
london
5f70356092ef203c9bffa661dc484c3af358dabc
fpga
tucson
/home/mattfel/regression
