Creation Time- 2017-08-31_18-15-08 | Status- debug | Type- scala | tests- all | User- mattfel | Origin- london | Destination- portland | Branch- fpga | Spatial- a865c | Argon- 2e480 | Virtualized- 1a5ad | Spatial-apps- 4b2e2
2017-08-31_18-15-08
debug
scala
all
mattfel
london
a865c7e964d8ac60c489f252b919b81a24d57524
fpga
portland
/home/regression/
