Creation Time- 2017-09-19_11-01-42 | Status- debug | Type- chisel | tests- all | User- mattfel | Origin- london | Destination- ottawa | Branch- master | Spatial- 14daa | Argon- 8e225 | Virtualized- 1a5ad | Spatial-apps- 80199
2017-09-19_11-01-42
debug
chisel
all
mattfel
london
14daa5a60846f0e03bc413786ccb60801c24c69f
master
ottawa
/home/regression
