Creation Time- 2017-10-04_11-00-05 | Status- debug | Type- scala | tests- all | User- mattfel | Origin- london | Destination- portland | Branch- fpga | Spatial- a1baa | Argon- 1f6bd | Virtualized- 1a5ad | Spatial-apps- 5e7e1
2017-10-04_11-00-05
debug
scala
all
mattfel
london
a1baadc37e797e8506eb7edc5b992606329eb96e
fpga
portland
/home/regression/
