Creation Time- 2017-12-12_20-05-16 | Status- debug | Type- chisel | tests- all | User- mattfel | Origin- london | Destination- tucson | Branch- fpga | Spatial- b3d6e | Argon- 4348e | Virtualized- 1a5ad | Spatial-apps- d3ef4
2017-12-12_20-05-16
debug
chisel
all
mattfel
london
b3d6e484f2250f188aa0c79cf8a42f7a0fb1b619
fpga
tucson
/home/mattfel/regression
