Creation Time- 2017-04-11_15-30-35 | Status- debug | Type- scala | tests- all | User- mattfel | Origin- london | Destination- max-2 | Branch- master | Spatial- 352ce | Argon-  | Virtualized- 
2017-04-11_15-30-35
debug
scala
all
mattfel
london
352cea107f8cc23c651713283f670a7223071173
master
max-2
/remote/regression/scala
