Creation Time- 2017-09-26_19-08-19 | Status- debug | Type- chisel | tests- all | User- mattfel | Origin- london | Destination- tucson | Branch- master | Spatial- 409fe | Argon- 39842 | Virtualized- 1a5ad | Spatial-apps- bff6a
2017-09-26_19-08-19
debug
chisel
all
mattfel
london
409fe040c731396eeeca45e582ce8611946b5028
master
tucson
/home/mattfel/regression
