Creation Time- 2017-08-06_16-26-20 | Status- debug | Type- scala | tests- all | User- mattfel | Origin- london | Destination- max-2 | Branch- develop | Spatial- 2ef5d | Argon- 0b387 | Virtualized- 1a5ad | Spatial-apps- 9b825
2017-08-06_16-26-20
debug
scala
all
mattfel
london
2ef5d3f562c70a147724fd4139586163a2f46cd3
develop
max-2
/kunle/users/mattfel/regression
