Creation Time- 2017-10-25_10-09-49 | Status- debug | Type- scala | tests- all | User- mattfel | Origin- london | Destination- tucson | Branch- master | Spatial- 47193 | Argon- 94054 | Virtualized- 1a5ad | Spatial-apps- 12647
2017-10-25_10-09-49
debug
scala
all
mattfel
london
4719300c75360e208a00dbd96add1639879416db
master
tucson
/home/mattfel/regression
