Creation Time- 2017-12-05_10-12-17 | Status- debug | Type- chisel | tests- all | User- mattfel | Origin- london | Destination- london | Branch- fpga | Spatial- c2c8c | Argon- b7921 | Virtualized- 1a5ad | Spatial-apps- db60d
2017-12-05_10-12-17
debug
chisel
all
mattfel
london
c2c8c7e563adfe506a61e0a600a33284d7365aaa
fpga
london
/home/mattfel/regression
