Creation Time- 2017-08-24_18-25-32 | Status- debug | Type- chisel | tests- all | User- mattfel | Origin- london | Destination- ottawa | Branch- develop | Spatial- e8d7d | Argon- 9eb7d | Virtualized- 1a5ad | Spatial-apps- b61c1
2017-08-24_18-25-32
debug
chisel
all
mattfel
london
e8d7db6ac7f51aa5f627b706a6d79843ccbfb96b
develop
ottawa
/home/regression
