Creation Time- 2017-10-06_16-51-23 | Status- debug | Type- scala | tests- all | User- mattfel | Origin- london | Destination- portland | Branch- pre-master | Spatial- becfa | Argon- 5518a | Virtualized- 1a5ad | Spatial-apps- 0e241
2017-10-06_16-51-23
debug
scala
all
mattfel
london
becfa320efbc914e4c8ce1bc0d36c4e0cd848161
pre-master
portland
/home/regression/
