Creation Time- 2017-09-25_17-35-01 | Status- debug | Type- chisel | tests- all | User- mattfel | Origin- london | Destination- ottawa | Branch- retime | Spatial- 41b79 | Argon- 577e5 | Virtualized- 1a5ad | Spatial-apps- 434d8
2017-09-25_17-35-01
debug
chisel
all
mattfel
london
41b79b44f9ae18cb7d26edbfe239851c1cded427
retime
ottawa
/home/regression
