Creation Time- 2017-10-05_10-45-27 | Status- debug | Type- scala | tests- all | User- mattfel | Origin- london | Destination- tflop1 | Branch- retime | Spatial- f7c36 | Argon- e05f7 | Virtualized- 1a5ad | Spatial-apps- eb0ba
2017-10-05_10-45-27
debug
scala
all
mattfel
london
f7c36a96bf7311e88e4398ef7667a0cdcf9162df
retime
tflop1
/home/regression/
