Creation Time- 2017-10-07_15-38-40 | Status- debug | Type- scala | tests- all | User- mattfel | Origin- london | Destination- tucson | Branch- fpga | Spatial- bc803 | Argon- 0b0f8 | Virtualized- 1a5ad | Spatial-apps- 74735
2017-10-07_15-38-40
debug
scala
all
mattfel
london
bc803535c83fc8b014466184e33d95747b07c00e
fpga
tucson
/home/mattfel/regression
