Creation Time- 2017-05-30_15-20-47 | Status- debug | Type- scala | tests- all | User- mattfel | Origin- london | Destination- max-2 | Branch- master | Spatial- 8b139 | Argon- e9740 | Virtualized- 3cee8
2017-05-30_15-20-47
debug
scala
all
mattfel
london
8b1390681a579a66c67fa92bd45a336635be2a7f
master
max-2
/kunle/users/mattfel/regression/scala
