Creation Time- 2017-09-26_19-08-19 | Status- debug | Type- scala | tests- all | User- mattfel | Origin- london | Destination- max-2 | Branch- master | Spatial- 409fe | Argon- 39842 | Virtualized- 1a5ad | Spatial-apps- bff6a
2017-09-26_19-08-19
debug
scala
all
mattfel
london
409fe040c731396eeeca45e582ce8611946b5028
master
max-2
/kunle/users/mattfel/regression
