Creation Time- 2017-10-02_11-22-45 | Status- debug | Type- chisel | tests- all | User- mattfel | Origin- london | Destination- tflop2 | Branch- syncMem | Spatial- 5601a | Argon- 55ba3 | Virtualized- 1a5ad | Spatial-apps- 5e7e1
2017-10-02_11-22-45
debug
chisel
all
mattfel
london
5601a77f47e32c81c605918869c8b6daddbb4b45
syncMem
tflop2
/home/regression/
