Creation Time- 2017-08-16_09-35-08 | Status- debug | Type- scala | tests- all | User- mattfel | Origin- london | Destination- tflop1 | Branch- retime | Spatial- 2755e | Argon- 12283 | Virtualized- 1a5ad | Spatial-apps- 93224
2017-08-16_09-35-08
debug
scala
all
mattfel
london
2755e353bf8cdbd476b57cfe10ea12eb1d929a38
retime
tflop1
/home/regression/
