Creation Time- 2017-03-19_13-14-31 | Status- debug | Type- scala | tests- all | User- mattfel | Origin- london | Destination- max-2 | Branch- fpga | Spatial- ecdc1 | Argon- 2eb6d | Virtualized- bdbad
2017-03-19_13-14-31
debug
scala
all
mattfel
london
ecdc185324b2646f3447478f704ff57a6ca572a1
2eb6d68a6d7a5cefb86c688e53e493d7a9d3f25a
bdbad40497eeba309964562216fb2028a8c266b5
fpga
max-2
/remote/regression/scala
