Creation Time- 2017-09-19_00-07-38 | Status- debug | Type- scala | tests- all | User- mattfel | Origin- london | Destination- tflop1 | Branch- retime | Spatial- 83329 | Argon- ce67d | Virtualized- 1a5ad | Spatial-apps- 80199
2017-09-19_00-07-38
debug
scala
all
mattfel
london
833297bc65cd118882e118e740bf15408fe294d3
retime
tflop1
/home/regression/
