Creation Time- 2017-09-25_17-34-10 | Status- debug | Type- chisel | tests- all | User- mattfel | Origin- london | Destination- tflop2 | Branch- fpga | Spatial- 41b79 | Argon- 577e5 | Virtualized- 1a5ad | Spatial-apps- 434d8
2017-09-25_17-34-10
debug
chisel
all
mattfel
london
41b79b44f9ae18cb7d26edbfe239851c1cded427
fpga
tflop2
/home/regression/
