Creation Time- 2017-08-07_12-49-51 | Status- debug | Type- chisel | tests- all | User- mattfel | Origin- london | Destination- ottawa | Branch- fpga | Spatial- b615d | Argon- 0b387 | Virtualized- 1a5ad | Spatial-apps- 87047
2017-08-07_12-49-51
debug
chisel
all
mattfel
london
b615d0a7a1dc2a0e6f22b78791c352db81afe9ca
fpga
ottawa
/home/regression
