Creation Time- 2017-11-28_08-51-11 | Status- debug | Type- chisel | tests- all | User- mattfel | Origin- london | Destination- london | Branch- fpga | Spatial- 05983 | Argon- 641b8 | Virtualized- 1a5ad | Spatial-apps- 59dbc
2017-11-28_08-51-11
debug
chisel
all
mattfel
london
05983a57f93761895ffe9d61ed3386f313a84d8c
fpga
london
/home/mattfel/regression
