Creation Time- 2017-09-30_17-14-58 | Status- debug | Type- chisel | tests- all | User- mattfel | Origin- london | Destination- tflop2 | Branch- develop | Spatial- 0b402 | Argon- fbc78 | Virtualized- 1a5ad | Spatial-apps- 5e7e1
2017-09-30_17-14-58
debug
chisel
all
mattfel
london
0b4023b9d6cc8bdc16c21571a532cef3ff2e5d1b
develop
tflop2
/home/regression/
