Creation Time- 2017-10-10_18-13-30 | Status- debug | Type- scala | tests- all | User- mattfel | Origin- london | Destination- tucson | Branch- fpga | Spatial- 938f2 | Argon- 425ac | Virtualized- 1a5ad | Spatial-apps- 53a4a
2017-10-10_18-13-30
debug
scala
all
mattfel
london
938f2b6eae041640e98606c5932926440782ac02
fpga
tucson
/home/mattfel/regression
