Creation Time- 2017-03-08_20-15-27 | Status- debug | Type- scala | tests- all | User- mattfel | Origin- mattfel-Inspiron-13-7359 | Destination- max-2 | Branch- fpga | Spatial- 2dc12 | Argon- ccfb7 | Virtualized- bdbad
2017-03-08_20-15-27
debug
scala
all
mattfel
mattfel-Inspiron-13-7359
2dc122c0049e2040fc944b75234344ce82355dfa
ccfb7a98ad221fa4de720e7233ac481a491551db
bdbad40497eeba309964562216fb2028a8c266b5
fpga
max-2
/remote/regression/scala
