Creation Time- 2017-12-29_14-22-31 | Status- debug | Type- scala | tests- all | User- mattfel | Origin- london | Destination- tucson | Branch- develop | Spatial- 089d6 | Argon- 7df75 | Virtualized- 1a5ad | Spatial-apps- 8e751
2017-12-29_14-22-31
debug
scala
all
mattfel
london
089d66d93d1e709ae6b8f889ffd0d7179e397dd9
develop
tucson
/home/mattfel/regression
