Creation Time- 2017-08-07_11-59-11 | Status- debug | Type- chisel | tests- all | User- mattfel | Origin- london | Destination- london | Branch- syncMem | Spatial- 052ab | Argon- a5302 | Virtualized- 1a5ad | Spatial-apps- 87047
2017-08-07_11-59-11
debug
chisel
all
mattfel
london
052ab023fabed2a75dae29a9b07aad997410ba6f
syncMem
london
/home/mattfel/regression
