Creation Time- 2017-08-22_15-45-44 | Status- debug | Type- scala | tests- all | User- mattfel | Origin- london | Destination- tflop1 | Branch- retime | Spatial- 249f6 | Argon- 1248e | Virtualized- 1a5ad | Spatial-apps- 6afe3
2017-08-22_15-45-44
debug
scala
all
mattfel
london
249f6e566a50ea35ef6b38bf27791790a511cfce
retime
tflop1
/home/regression/
