Creation Time- 2017-09-27_16-44-29 | Status- debug | Type- scala | tests- all | User- raghup17 | Origin- holodeck | Destination- max-2 | Branch- develop | Spatial- dcacd | Argon- 577e5 | Virtualized- 1a5ad | Spatial-apps- bff6a
2017-09-27_16-44-29
debug
scala
all
raghup17
holodeck
dcacdcb56498e47a60648945f1550a4fbd43f41e
develop
max-2
/kunle/users/mattfel/regression
