Creation Time- 2017-02-24_10-52-42 | Status- debug | Type- scala | tests- all | User- mattfel | Origin- mattfel-Inspiron-13-7359 | Destination- max-2 | Branch- fpga | Spatial- 5fec2 | Argon- c0924 | Virtualized- bdbad
2017-02-24_10-52-42
debug
scala
all
mattfel
mattfel-Inspiron-13-7359
5fec2cd57bc5c992b2d06428ae74905553b22707
c0924baac4f3464528c94f51dca63ae50ac3c10e
bdbad40497eeba309964562216fb2028a8c266b5
fpga
max-2
/remote/regression/scala
