Creation Time- 2017-03-15_02-12-44 | Status- debug | Type- scala | tests- all | User- mattfel | Origin- london | Destination- max-2 | Branch- fpga | Spatial- 03632 | Argon- 28a19 | Virtualized- bdbad
2017-03-15_02-12-44
debug
scala
all
mattfel
london
036322ca7c470c8573415772f6a7a5214ae3c7a6
28a19734b9e5cd6c7386e4bae57d4021e0b130e1
bdbad40497eeba309964562216fb2028a8c266b5
fpga
max-2
/remote/regression/scala
