Creation Time- 2017-10-18_08-22-55 | Status- debug | Type- chisel | tests- all | User- mattfel | Origin- london | Destination- london | Branch- fpga | Spatial- a6fbb | Argon- fff25 | Virtualized- 1a5ad | Spatial-apps- 2b991
2017-10-18_08-22-55
debug
chisel
all
mattfel
london
a6fbb43cefdab969c0bd2b858ecaa5a997f5a050
fpga
london
/home/mattfel/regression
