Creation Time- 2017-10-16_12-18-33 | Status- debug | Type- chisel | tests- all | User- mattfel | Origin- london | Destination- tucson | Branch- develop | Spatial- 5e40a | Argon- fff25 | Virtualized- 1a5ad | Spatial-apps- 2b991
2017-10-16_12-18-33
debug
chisel
all
mattfel
london
5e40a2ce7386b92317283d3be8782d36afb32d4f
develop
tucson
/home/mattfel/regression
