Creation Time- 2017-11-26_14-45-22 | Status- debug | Type- chisel | tests- all | User- mattfel | Origin- london | Destination- tucson | Branch- syncMem | Spatial- e5c1a | Argon- 16f65 | Virtualized- 1a5ad | Spatial-apps- 53177
2017-11-26_14-45-22
debug
chisel
all
mattfel
london
e5c1acef50f71d2c9f93c515a35413ab0ee390d2
syncMem
tucson
/home/mattfel/regression
