Creation Time- 2017-11-27_11-28-18 | Status- debug | Type- scala | tests- all | User- mattfel | Origin- london | Destination- london | Branch- pre-master | Spatial- 27766 | Argon- 16f65 | Virtualized- 1a5ad | Spatial-apps- 59dbc
2017-11-27_11-28-18
debug
scala
all
mattfel
london
27766faa63899deceb001fe848435adc4aad93b3
pre-master
london
/home/mattfel/regression
