Creation Time- 2017-10-04_14-50-36 | Status- debug | Type- scala | tests- all | User- mattfel | Origin- london | Destination- portland | Branch- fpga | Spatial- b8234 | Argon- 1f6bd | Virtualized- 1a5ad | Spatial-apps- 5e7e1
2017-10-04_14-50-36
debug
scala
all
mattfel
london
b8234dfd2b040ebf67bc2254e21d7a112dbff9f4
fpga
portland
/home/regression/
