Creation Time- 2017-12-06_16-42-14 | Status- debug | Type- scala | tests- all | User- mattfel | Origin- london | Destination- london | Branch- retime | Spatial- dfc05 | Argon- b7921 | Virtualized- 1a5ad | Spatial-apps- f7fdd
2017-12-06_16-42-14
debug
scala
all
mattfel
london
dfc050064eb947c6aff116fde6a210e4867888f1
retime
london
/home/mattfel/regression
