Creation Time- 2017-03-16_13-35-46 | Status- debug | Type- scala | tests- all | User- mattfel | Origin- mattfel-XPS-13-9360 | Destination- max-2 | Branch- fpga | Spatial- 4a84c | Argon- 1dbb0 | Virtualized- bdbad
2017-03-16_13-35-46
debug
scala
all
mattfel
mattfel-XPS-13-9360
4a84cdc7a4518e5076c854fe6860083de0a6b8e5
1dbb095fd71627fd85947f44982b2a3009cc0688
bdbad40497eeba309964562216fb2028a8c266b5
fpga
max-2
/remote/regression/scala
