Creation Time- 2017-07-18_14-22-59 | Status- debug | Type- scala | tests- all | User- mattfel | Origin- london | Destination- max-2 | Branch- master | Spatial- 900cc | Argon- 9874e | Virtualized- 8f02d | Spatial-apps- d4a89
2017-07-18_14-22-59
debug
scala
all
mattfel
london
900cc376a189db817c3794517ea8d546decd06e3
master
max-2
/kunle/users/mattfel/regression
