Creation Time- 2017-10-24_19-28-20 | Status- debug | Type- scala | tests- all | User- mattfel | Origin- london | Destination- london | Branch- pre-master | Spatial- 4c2cf | Argon- 47e0a | Virtualized- 1a5ad | Spatial-apps- 12647
2017-10-24_19-28-20
debug
scala
all
mattfel
london
4c2cf2b90a7565a3762697c6a9e470b1202d8674
pre-master
london
/home/mattfel/regression
