Creation Time- 2017-12-04_10-34-29 | Status- debug | Type- scala | tests- all | User- mattfel | Origin- london | Destination- tucson | Branch- pre-master | Spatial- 479e1 | Argon- 641b8 | Virtualized- 1a5ad | Spatial-apps- db60d
2017-12-04_10-34-29
debug
scala
all
mattfel
london
479e18c7ee071a3669728b4a32f3e9595037836c
pre-master
tucson
/home/mattfel/regression
