Creation Time- 2017-02-14_20-16-44 | Status- debug | Type- scala | tests- all | User- mattfel | Origin- mattfel-Inspiron-13-7359 | Destination- max-2 | Branch- fpga | Spatial- 00142 | Argon- a07f0 | Virtualized- bdbad
2017-02-14_20-16-44
debug
scala
all
mattfel
mattfel-Inspiron-13-7359
001422268d674f6d8110b742d27e144fa2e497bd
a07f05623029d9577db67d410955ddbfdc3cb8ad
bdbad40497eeba309964562216fb2028a8c266b5
fpga
max-2
/kunle/users/mattfel/regression
