Creation Time- 2017-02-14_14-02-17 | Status- debug | Type- scala | tests- all | User- mattfel | Origin- mattfel-Inspiron-13-7359 | Destination- max-2 | Branch- fpga | Spatial- bc518 | Argon- a07f0 | Virtualized- bdbad
2017-02-14_14-02-17
debug
scala
all
mattfel
mattfel-Inspiron-13-7359
bc51802f31826783121829087a56e2cd5907a00d
a07f05623029d9577db67d410955ddbfdc3cb8ad
bdbad40497eeba309964562216fb2028a8c266b5
fpga
max-2
/kunle/users/mattfel/regression
