Creation Time- 2017-12-04_18-38-59 | Status- debug | Type- chisel | tests- all | User- mattfel | Origin- london | Destination- london | Branch- fpga | Spatial- c3cdb | Argon- b7921 | Virtualized- 1a5ad | Spatial-apps- db60d
2017-12-04_18-38-59
debug
chisel
all
mattfel
london
c3cdb73e1d5c825fe922d0cc536b5d1d219e43ca
fpga
london
/home/mattfel/regression
