Creation Time- 2017-08-09_18-35-10 | Status- debug | Type- scala | tests- all | User- mattfel | Origin- london | Destination- london | Branch- develop | Spatial- a1cbc | Argon- 12283 | Virtualized- 1a5ad | Spatial-apps- af221
2017-08-09_18-35-10
debug
scala
all
mattfel
london
a1cbcfd0d20b93d2dbd1d814e94c8e43e361b3e0
develop
london
/home/mattfel/regression
