Creation Time- 2017-10-04_00-00-29 | Status- debug | Type- scala | tests- all | User- mattfel | Origin- london | Destination- max-2 | Branch- syncMem | Spatial- 7dcc3 | Argon- 86009 | Virtualized- 1a5ad | Spatial-apps- 5e7e1
2017-10-04_00-00-29
debug
scala
all
mattfel
london
7dcc3394aca9809f520e8f1dbd6d3a2b703c5dfa
syncMem
max-2
/kunle/users/mattfel/regression
