Creation Time- 2017-02-17_17-32-04 | Status- debug | Type- scala | tests- all | User- mattfel | Origin- mattfel-Inspiron-13-7359 | Destination- max-2 | Branch- fpga | Spatial- 772d9 | Argon- 2f505 | Virtualized- bdbad
2017-02-17_17-32-04
debug
scala
all
mattfel
mattfel-Inspiron-13-7359
772d9dbd08615b0e9b3aeb127004e96c30c52a81
2f505a604095e2496f26346b01fc3224e2a93281
bdbad40497eeba309964562216fb2028a8c266b5
fpga
max-2
/kunle/users/mattfel/regression
