Creation Time- 2017-03-02_11-07-32 | Status- debug | Type- chisel | tests- all | User- mattfel | Origin- mattfel-Inspiron-13-7359 | Destination- portland | Branch- fpga | Spatial- 16466 | Argon- 1355d | Virtualized- bdbad
2017-03-02_11-07-32
debug
chisel
all
mattfel
mattfel-Inspiron-13-7359
1646673ff63ee6da536a6257063242111d2fcd4d
1355db45752dcbedafb18a0b51711fdb380d316b
bdbad40497eeba309964562216fb2028a8c266b5
fpga
portland
/remote/regression/chisel
