Creation Time- 2017-12-04_10-33-06 | Status- debug | Type- scala | tests- all | User- mattfel | Origin- london | Destination- tucson | Branch- develop | Spatial- 75f17 | Argon- b7921 | Virtualized- 1a5ad | Spatial-apps- db60d
2017-12-04_10-33-06
debug
scala
all
mattfel
london
75f1718bedc034a050e44f4b5045a24c9c522b73
develop
tucson
/home/mattfel/regression
