Creation Time- 2018-01-09_12-49-42 | Status- debug | Type- chisel | tests- all | User- mattfel | Origin- london | Destination- tucson | Branch- pre-master | Spatial- 7bd1e | Argon- 1aa74 | Virtualized- 1a5ad | Spatial-apps- 6d422
2018-01-09_12-49-42
debug
chisel
all
mattfel
london
7bd1e8766486462146105da899eeff4e5f10684b
pre-master
tucson
/home/mattfel/regression
