Creation Time- 2018-01-05_22-54-45 | Status- debug | Type- chisel | tests- all | User- mattfel | Origin- london | Destination- london | Branch- retime | Spatial- 02d87 | Argon- 1aa74 | Virtualized- 1a5ad | Spatial-apps- f0ad4
2018-01-05_22-54-45
debug
chisel
all
mattfel
london
02d876cbcae4f3a553c2103bed9abdf1fcf0768b
retime
london
/home/mattfel/regression
