Creation Time- 2018-01-15_15-34-44 | Status- debug | Type- chisel | tests- all | User- mattfel | Origin- london | Destination- tucson | Branch- develop | Spatial- e5987 | Argon- cf072 | Virtualized- 1a5ad | Spatial-apps- a5704
2018-01-15_15-34-44
debug
chisel
all
mattfel
london
e598791719cc4b35aaa3b911aa0144aadcb509af
develop
tucson
/home/mattfel/regression
