Creation Time- 2018-03-23_11-43-32 | Status- debug | Type- chisel | tests- all | User- mattfel | Origin- london | Destination- tucson | Branch- develop | Spatial- 52d6c | Argon- b19da | Virtualized- 05f6c | Spatial-apps- 27f5c
2018-03-23_11-43-32
debug
chisel
all
mattfel
london
52d6cf3dbbf34508143ef9bfa1d4288c6d964b8a
develop
tucson
/home/mattfel/regression
