Creation Time- 2018-01-31_17-56-48 | Status- debug | Type- chisel | tests- all | User- mattfel | Origin- london | Destination- london | Branch- fpga | Spatial- 74a4e | Argon- dfdda | Virtualized- 1a5ad | Spatial-apps- 482cf
2018-01-31_17-56-48
debug
chisel
all
mattfel
london
74a4eb1173dbcdaf28b924f11a0fcdbe8fa06ac9
fpga
london
/home/mattfel/regression
