Creation Time- 2018-02-17_20-09-16 | Status- debug | Type- chisel | tests- all | User- mattfel | Origin- london | Destination- london | Branch- pre-master | Spatial- 81c38 | Argon- 6d3d2 | Virtualized- 1a5ad | Spatial-apps- 30d30
2018-02-17_20-09-16
debug
chisel
all
mattfel
london
81c38278a40165f027b3f7482ae47e8cf9e31c83
pre-master
london
/home/mattfel/regression
