Creation Time- 2018-01-13_09-58-15 | Status- debug | Type- scala | tests- all | User- mattfel | Origin- tucson | Destination- tucson | Branch- compile | Spatial- 662c2 | Argon- 9518b | Virtualized- 1a5ad | Spatial-apps- a5704
2018-01-13_09-58-15
debug
scala
all
mattfel
tucson
662c26a43348f38070017f817b04d6fa0c06de2c
compile
tucson
/home/mattfel/regression
