Creation Time- 2018-02-11_12-23-17 | Status- debug | Type- scala | tests- all | User- mattfel | Origin- london | Destination- london | Branch- fpga | Spatial- 7eea6 | Argon- 9a522 | Virtualized- 1a5ad | Spatial-apps- 72c99
2018-02-11_12-23-17
debug
scala
all
mattfel
london
7eea638bdbbc73656bfdf80d9b22facddee04fcb
fpga
london
/home/mattfel/regression
