Creation Time- 2018-01-26_11-41-23 | Status- debug | Type- chisel | tests- all | User- mattfel | Origin- tucson | Destination- tucson | Branch- compile | Spatial- 998ce | Argon- 12c03 | Virtualized- 1a5ad | Spatial-apps- 4a738
2018-01-26_11-41-23
debug
chisel
all
mattfel
tucson
998ce96d7c92ad141e5b1e20cc47d19ece9eae07
compile
tucson
/home/mattfel/regression
