Creation Time- 2018-01-31_17-33-24 | Status- debug | Type- scala | tests- all | User- mattfel | Origin- london | Destination- tucson | Branch- fpga | Spatial- c4ac2 | Argon- dfdda | Virtualized- 1a5ad | Spatial-apps- 482cf
2018-01-31_17-33-24
debug
scala
all
mattfel
london
c4ac2117d1a6266a8c17ab2834db42d43d78236e
fpga
tucson
/home/mattfel/regression
