Creation Time- 2018-01-26_12-48-06 | Status- debug | Type- scala | tests- all | User- mattfel | Origin- tucson | Destination- tucson | Branch- compile | Spatial- 0404a | Argon- b64c5 | Virtualized- 1a5ad | Spatial-apps- 4a738
2018-01-26_12-48-06
debug
scala
all
mattfel
tucson
0404a2971c618119b6106134364b3f3e1d841a9e
compile
tucson
/home/mattfel/regression
