Creation Time- 2018-01-30_15-56-45 | Status- debug | Type- chisel | tests- all | User- mattfel | Origin- london | Destination- tucson | Branch- develop | Spatial- 09b6c | Argon- dfdda | Virtualized- 1a5ad | Spatial-apps- 482cf
2018-01-30_15-56-45
debug
chisel
all
mattfel
london
09b6cfda3d2fe6e18e2da3b4ddadc527b93c38fc
develop
tucson
/home/mattfel/regression
