Creation Time- 2018-01-15_15-37-32 | Status- debug | Type- scala | tests- all | User- mattfel | Origin- london | Destination- london | Branch- retime | Spatial- e5987 | Argon- cf072 | Virtualized- 1a5ad | Spatial-apps- a5704
2018-01-15_15-37-32
debug
scala
all
mattfel
london
e598791719cc4b35aaa3b911aa0144aadcb509af
retime
london
/home/mattfel/regression
