Creation Time- 2018-03-10_19-14-07 | Status- debug | Type- scala | tests- all | User- mattfel | Origin- london | Destination- london | Branch- retime | Spatial- ecc9b | Argon- 4e354 | Virtualized- 9bc7b | Spatial-apps- 3531c
2018-03-10_19-14-07
debug
scala
all
mattfel
london
ecc9b165f90c40a9340683edaa17d6d524a6b75c
retime
london
/home/mattfel/regression
