Creation Time- 2018-03-15_22-45-52 | Status- debug | Type- scala | tests- all | User- mattfel | Origin- london | Destination- tucson | Branch- fpga | Spatial- 84e3d | Argon- 4e354 | Virtualized- 05f6c | Spatial-apps- 5d8e4
2018-03-15_22-45-52
debug
scala
all
mattfel
london
84e3d32b90d36f8146180cd5c80687c90b5f36e9
fpga
tucson
/home/mattfel/regression
