Creation Time- 2018-01-29_14-08-07 | Status- debug | Type- chisel | tests- all | User- mattfel | Origin- london | Destination- tucson | Branch- fpga | Spatial- 72920 | Argon- 578f2 | Virtualized- 1a5ad | Spatial-apps- 4a738
2018-01-29_14-08-07
debug
chisel
all
mattfel
london
72920e6462bc79de51c82db346ba1df2ac043ac5
fpga
tucson
/home/mattfel/regression
