Creation Time- 2018-01-18_22-33-48 | Status- debug | Type- chisel | tests- all | User- mattfel | Origin- london | Destination- london | Branch- master | Spatial- bc8e9 | Argon- cf072 | Virtualized- 1a5ad | Spatial-apps- a5704
2018-01-18_22-33-48
debug
chisel
all
mattfel
london
bc8e9b14a7006445a8bd21224703289bff98c7ea
master
london
/home/mattfel/regression
