Creation Time- 2018-01-09_10-53-58 | Status- debug | Type- chisel | tests- all | User- mattfel | Origin- london | Destination- tucson | Branch- develop | Spatial- 2f8f0 | Argon- 1aa74 | Virtualized- 1a5ad | Spatial-apps- 6d422
2018-01-09_10-53-58
debug
chisel
all
mattfel
london
2f8f092928915a7d0ebda69757a6ab93a1c4bed4
develop
tucson
/home/mattfel/regression
