Creation Time- 2018-02-17_20-08-58 | Status- debug | Type- scala | tests- all | User- mattfel | Origin- london | Destination- tucson | Branch- syncMem | Spatial- 70d38 | Argon- 6d3d2 | Virtualized- 1a5ad | Spatial-apps- 30d30
2018-02-17_20-08-58
debug
scala
all
mattfel
london
70d38ccb8eaf51857b234af9054becda080f9397
syncMem
tucson
/home/mattfel/regression
