Creation Time- 2018-02-14_13-55-39 | Status- debug | Type- scala | tests- all | User- mattfel | Origin- london | Destination- tucson | Branch- fpga | Spatial- f4a73 | Argon- 6d3d2 | Virtualized- 1a5ad | Spatial-apps- 5550e
2018-02-14_13-55-39
debug
scala
all
mattfel
london
f4a73d38601c6828e4d89297fc2a0702fcebe80e
fpga
tucson
/home/mattfel/regression
