Creation Time- 2018-02-23_21-23-14 | Status- debug | Type- scala | tests- all | User- mattfel | Origin- london | Destination- tucson | Branch- retime | Spatial- d559e | Argon- d04ed | Virtualized- 1a5ad | Spatial-apps- a8a2b
2018-02-23_21-23-14
debug
scala
all
mattfel
london
d559e9cfef8d75661290839c2b87a6e6b9ddbe6f
retime
tucson
/home/mattfel/regression
