Creation Time- 2018-02-19_23-25-23 | Status- debug | Type- chisel | tests- all | User- mattfel | Origin- london | Destination- tucson | Branch- master | Spatial- 14484 | Argon- 6d3d2 | Virtualized- 1a5ad | Spatial-apps- cd0e5
2018-02-19_23-25-23
debug
chisel
all
mattfel
london
14484550dbfdf338e6e1a3deaf7daa7c60c2f5ce
master
tucson
/home/mattfel/regression
