Creation Time- 2018-02-15_21-45-53 | Status- debug | Type- scala | tests- all | User- mattfel | Origin- london | Destination- london | Branch- fpga | Spatial- 5821c | Argon- 6d3d2 | Virtualized- 1a5ad | Spatial-apps- ea74f
2018-02-15_21-45-53
debug
scala
all
mattfel
london
5821c25fb1ef08253ea0f80e4038d3ddcfa3c622
fpga
london
/home/mattfel/regression
