Creation Time- 2018-01-31_14-52-44 | Status- debug | Type- scala | tests- all | User- mattfel | Origin- london | Destination- london | Branch- fpga | Spatial- 45b88 | Argon- dfdda | Virtualized- 1a5ad | Spatial-apps- 482cf
2018-01-31_14-52-44
debug
scala
all
mattfel
london
45b8816b0b935226e3990ab5ba30be213f280d4c
fpga
london
/home/mattfel/regression
