Creation Time- 2018-01-05_09-37-16 | Status- debug | Type- scala | tests- all | User- mattfel | Origin- london | Destination- tucson | Branch- fpga | Spatial- 82681 | Argon- 1aa74 | Virtualized- 1a5ad | Spatial-apps- f0ad4
2018-01-05_09-37-16
debug
scala
all
mattfel
london
826812bd207b2152de58c12ff126451a39b3ffef
fpga
tucson
/home/mattfel/regression
