Creation Time- 2018-01-03_18-08-51 | Status- debug | Type- scala | tests- all | User- mattfel | Origin- london | Destination- tucson | Branch- develop | Spatial- 86103 | Argon- 1aa74 | Virtualized- 1a5ad | Spatial-apps- 6f0c0
2018-01-03_18-08-51
debug
scala
all
mattfel
london
86103b6f929dbd76e1928df4a14a594416bcfea9
develop
tucson
/home/mattfel/regression
