Creation Time- 2018-02-20_12-57-24 | Status- debug | Type- scala | tests- all | User- mattfel | Origin- london | Destination- tucson | Branch- master | Spatial- 1c7f2 | Argon- 6d3d2 | Virtualized- 1a5ad | Spatial-apps- cd0e5
2018-02-20_12-57-24
debug
scala
all
mattfel
london
1c7f2b338743da50ee67abefcc8e7eb075985015
master
tucson
/home/mattfel/regression
