Creation Time- 2018-02-02_16-55-24 | Status- debug | Type- chisel | tests- all | User- mattfel | Origin- london | Destination- london | Branch- fpga | Spatial- 9d653 | Argon- dfdda | Virtualized- 1a5ad | Spatial-apps- 482cf
2018-02-02_16-55-24
debug
chisel
all
mattfel
london
9d653f06735704aa5df97804fbccc4ce9f7cb7fc
fpga
london
/home/mattfel/regression
