Creation Time- 2018-02-27_00-32-59 | Status- debug | Type- chisel | tests- all | User- mattfel | Origin- london | Destination- london | Branch- master | Spatial- d5f07 | Argon- d04ed | Virtualized- 1a5ad | Spatial-apps- 74f2c
2018-02-27_00-32-59
debug
chisel
all
mattfel
london
d5f07a4ec4eda9742bb19e6e5bf1471dcc7f11d2
master
london
/home/mattfel/regression
