Creation Time- 2018-01-31_17-35-40 | Status- debug | Type- scala | tests- all | User- mattfel | Origin- london | Destination- tucson | Branch- develop | Spatial- ab386 | Argon- dfdda | Virtualized- 1a5ad | Spatial-apps- 482cf
2018-01-31_17-35-40
debug
scala
all
mattfel
london
ab3865cd1c9a0a8522fe5cea13ea81148eec9ded
develop
tucson
/home/mattfel/regression
