Creation Time- 2018-01-16_12-47-17 | Status- debug | Type- chisel | tests- all | User- mattfel | Origin- tucson | Destination- london | Branch- compile | Spatial- b94d7 | Argon- 57ab5 | Virtualized- 1a5ad | Spatial-apps- f140f
2018-01-16_12-47-17
debug
chisel
all
mattfel
tucson
b94d7153f8eabc844b75e10e3f33763be23be50e
compile
london
/home/mattfel/regression
