Creation Time- 2018-01-12_11-46-09 | Status- debug | Type- chisel | tests- all | User- mattfel | Origin- tucson | Destination- london | Branch- compile | Spatial- a61d6 | Argon- 9518b | Virtualized- 1a5ad | Spatial-apps- a5704
2018-01-12_11-46-09
debug
chisel
all
mattfel
tucson
a61d638637a86a7b6f13f23048b44964731dc1de
compile
london
/home/mattfel/regression
