Creation Time- 2018-01-29_17-19-24 | Status- debug | Type- chisel | tests- all | User- mattfel | Origin- london | Destination- london | Branch- develop | Spatial- 3eee2 | Argon- dfdda | Virtualized- 1a5ad | Spatial-apps- 4a738
2018-01-29_17-19-24
debug
chisel
all
mattfel
london
3eee2519e5f275d06ae8943d3d27143c16816333
develop
london
/home/mattfel/regression
