Creation Time- 2018-01-01_17-28-10 | Status- debug | Type- chisel | tests- all | User- mattfel | Origin- london | Destination- london | Branch- fpga | Spatial- f43b8 | Argon- 60d6c | Virtualized- 1a5ad | Spatial-apps- 42c87
2018-01-01_17-28-10
debug
chisel
all
mattfel
london
f43b8f1ff4de24c8980d301934ab6939f084bb7a
fpga
london
/home/mattfel/regression
