Creation Time- 2018-02-10_23-12-49 | Status- debug | Type- scala | tests- all | User- mattfel | Origin- london | Destination- tucson | Branch- fpga | Spatial- 110b5 | Argon- 9a522 | Virtualized- 1a5ad | Spatial-apps- 72c99
2018-02-10_23-12-49
debug
scala
all
mattfel
london
110b59b7e4c93ee66e015c01ede48cfe1f7ae043
fpga
tucson
/home/mattfel/regression
