Creation Time- 2018-01-22_23-48-35 | Status- debug | Type- scala | tests- all | User- mattfel | Origin- london | Destination- london | Branch- retime | Spatial- a11e6 | Argon- ce913 | Virtualized- 1a5ad | Spatial-apps- 03886
2018-01-22_23-48-35
debug
scala
all
mattfel
london
a11e61f9c4b6094ca011c2bb0baa2c7da2e7d2a2
retime
london
/home/mattfel/regression
