Creation Time- 2018-01-03_17-12-45 | Status- debug | Type- chisel | tests- all | User- mattfel | Origin- london | Destination- london | Branch- develop | Spatial- 98295 | Argon- 1aa74 | Virtualized- 1a5ad | Spatial-apps- 6f0c0
2018-01-03_17-12-45
debug
chisel
all
mattfel
london
98295da29dd91bf315cc900440eb5c0055f923d1
develop
london
/home/mattfel/regression
