Creation Time- 2018-01-30_12-45-33 | Status- debug | Type- chisel | tests- all | User- mattfel | Origin- london | Destination- london | Branch- master | Spatial- 4ec4d | Argon- dfdda | Virtualized- 1a5ad | Spatial-apps- 4a738
2018-01-30_12-45-33
debug
chisel
all
mattfel
london
4ec4d4ffa98059ce21a478d2d5ffe2a8a91a4c0b
master
london
/home/mattfel/regression
