Creation Time- 2018-01-22_19-46-34 | Status- debug | Type- scala | tests- all | User- mattfel | Origin- london | Destination- london | Branch- retime | Spatial- acc09 | Argon- f8911 | Virtualized- 1a5ad | Spatial-apps- 77f47
2018-01-22_19-46-34
debug
scala
all
mattfel
london
acc09897305e2b895c9eabc3b234486c53e5470e
retime
london
/home/mattfel/regression
