Creation Time- 2018-01-31_14-57-39 | Status- debug | Type- chisel | tests- all | User- mattfel | Origin- london | Destination- london | Branch- develop | Spatial- 1e03a | Argon- dfdda | Virtualized- 1a5ad | Spatial-apps- 482cf
2018-01-31_14-57-39
debug
chisel
all
mattfel
london
1e03a4bd69bedcd73dde0563f8fbe60b8a4aff44
develop
london
/home/mattfel/regression
