Creation Time- 2018-03-11_09-08-24 | Status- debug | Type- scala | tests- all | User- mattfel | Origin- london | Destination- tucson | Branch- pre-master | Spatial- c1c28 | Argon- 4e354 | Virtualized- 9bc7b | Spatial-apps- 3531c
2018-03-11_09-08-24
debug
scala
all
mattfel
london
c1c287ed59734f09d1e1b82777d00b109b322303
pre-master
tucson
/home/mattfel/regression
