Creation Time- 2018-01-31_23-06-19 | Status- debug | Type- scala | tests- all | User- mattfel | Origin- london | Destination- tucson | Branch- retime | Spatial- 163b8 | Argon- dfdda | Virtualized- 1a5ad | Spatial-apps- 482cf
2018-01-31_23-06-19
debug
scala
all
mattfel
london
163b8fd77809ee043117915b4107935a4003f3ec
retime
tucson
/home/mattfel/regression
