Creation Time- 2018-02-26_18-58-29 | Status- debug | Type- chisel | tests- all | User- mattfel | Origin- london | Destination- tucson | Branch- develop | Spatial- 5760c | Argon- d04ed | Virtualized- 1a5ad | Spatial-apps- 74f2c
2018-02-26_18-58-29
debug
chisel
all
mattfel
london
5760c6dbfa421499af4424a3b36bff4946dee199
develop
tucson
/home/mattfel/regression
