Creation Time- 2018-01-09_10-54-53 | Status- debug | Type- chisel | tests- all | User- mattfel | Origin- london | Destination- london | Branch- pre-master | Spatial- e7b9c | Argon- 1aa74 | Virtualized- 1a5ad | Spatial-apps- 6d422
2018-01-09_10-54-53
debug
chisel
all
mattfel
london
e7b9c0df2fead8d56544b537de7752061b18bb70
pre-master
london
/home/mattfel/regression
