Creation Time- 2018-02-20_12-52-50 | Status- debug | Type- chisel | tests- all | User- mattfel | Origin- london | Destination- london | Branch- retime | Spatial- e1355 | Argon- 6d3d2 | Virtualized- 1a5ad | Spatial-apps- cd0e5
2018-02-20_12-52-50
debug
chisel
all
mattfel
london
e1355ef6f25b1159e35de94e0fc045beceb01b4d
retime
london
/home/mattfel/regression
