Creation Time- 2018-02-16_15-31-45 | Status- debug | Type- chisel | tests- all | User- mattfel | Origin- london | Destination- london | Branch- pre-master | Spatial- 2db73 | Argon- 6d3d2 | Virtualized- 1a5ad | Spatial-apps- 843ec
2018-02-16_15-31-45
debug
chisel
all
mattfel
london
2db73649e19658d8ed3365043f58227c3022ba1a
pre-master
london
/home/mattfel/regression
