Creation Time- 2018-02-26_18-58-11 | Status- debug | Type- scala | tests- all | User- mattfel | Origin- london | Destination- tucson | Branch- fpga | Spatial- 68d71 | Argon- d04ed | Virtualized- 1a5ad | Spatial-apps- 74f2c
2018-02-26_18-58-11
debug
scala
all
mattfel
london
68d71746b02c982f979c04fc2404d0280aff21d6
fpga
tucson
/home/mattfel/regression
