Creation Time- 2018-03-19_10-00-48 | Status- debug | Type- chisel | tests- all | User- mattfel | Origin- london | Destination- london | Branch- pre-master | Spatial- ab231 | Argon- b19da | Virtualized- 05f6c | Spatial-apps- ff8f3
2018-03-19_10-00-48
debug
chisel
all
mattfel
london
ab23115ae0944a62118491d1e14c0172fdeca234
pre-master
london
/home/mattfel/regression
