Creation Time- 2018-02-02_16-55-43 | Status- debug | Type- chisel | tests- all | User- mattfel | Origin- london | Destination- tucson | Branch- develop | Spatial- e6a53 | Argon- dfdda | Virtualized- 1a5ad | Spatial-apps- 482cf
2018-02-02_16-55-43
debug
chisel
all
mattfel
london
e6a53206ce0fd1be1da66a5630b3632d11715dd6
develop
tucson
/home/mattfel/regression
