Creation Time- 2018-01-04_19-13-09 | Status- debug | Type- chisel | tests- all | User- mattfel | Origin- london | Destination- tucson | Branch- develop | Spatial- 58ea9 | Argon- 1aa74 | Virtualized- 1a5ad | Spatial-apps- f0ad4
2018-01-04_19-13-09
debug
chisel
all
mattfel
london
58ea98686993494611c8a08844c32b9238c70bc3
develop
tucson
/home/mattfel/regression
