Creation Time- 2018-02-23_17-51-44 | Status- debug | Type- chisel | tests- all | User- mattfel | Origin- london | Destination- tucson | Branch- fpga | Spatial- 5dae9 | Argon- d04ed | Virtualized- 1a5ad | Spatial-apps- 00861
2018-02-23_17-51-44
debug
chisel
all
mattfel
london
5dae99ee2da0ee8af8fb9519ab43cb7e161a7632
fpga
tucson
/home/mattfel/regression
