Creation Time- 2018-03-16_09-48-20 | Status- debug | Type- chisel | tests- all | User- mattfel | Origin- london | Destination- london | Branch- fpga | Spatial- 9f590 | Argon- 4e354 | Virtualized- 05f6c | Spatial-apps- ee2b3
2018-03-16_09-48-20
debug
chisel
all
mattfel
london
9f59039e2eb566ac16a8025cefad66f9d7f337c3
fpga
london
/home/mattfel/regression
