Creation Time- 2018-02-17_20-08-21 | Status- debug | Type- scala | tests- all | User- mattfel | Origin- london | Destination- tucson | Branch- develop | Spatial- 91bdd | Argon- 6d3d2 | Virtualized- 1a5ad | Spatial-apps- 30d30
2018-02-17_20-08-21
debug
scala
all
mattfel
london
91bdda1d3e59cc4e21a6797cbb4df5eb0e5a0f6f
develop
tucson
/home/mattfel/regression
