Creation Time- 2018-02-27_00-32-41 | Status- debug | Type- scala | tests- all | User- mattfel | Origin- london | Destination- tucson | Branch- pre-master | Spatial- 12f9d | Argon- d04ed | Virtualized- 1a5ad | Spatial-apps- 74f2c
2018-02-27_00-32-41
debug
scala
all
mattfel
london
12f9de3c7bcf63b0436c642b229c2df444bbbd14
pre-master
tucson
/home/mattfel/regression
