Creation Time- 2018-02-27_00-32-04 | Status- debug | Type- chisel | tests- all | User- mattfel | Origin- london | Destination- tucson | Branch- retime | Spatial- 830ae | Argon- d04ed | Virtualized- 1a5ad | Spatial-apps- 74f2c
2018-02-27_00-32-04
debug
chisel
all
mattfel
london
830ae834c4eb13816a3eb15a0463913c7d03301c
retime
tucson
/home/mattfel/regression
