Creation Time- 2018-01-08_21-17-36 | Status- debug | Type- scala | tests- all | User- mattfel | Origin- london | Destination- tucson | Branch- pre-master | Spatial- 51521 | Argon- 1aa74 | Virtualized- 1a5ad | Spatial-apps- f0ad4
2018-01-08_21-17-36
debug
scala
all
mattfel
london
51521d4eae4699f519683c129a13a39c8fd80544
pre-master
tucson
/home/mattfel/regression
