Creation Time- 2018-02-23_17-13-30 | Status- debug | Type- scala | tests- all | User- mattfel | Origin- london | Destination- tucson | Branch- pre-master | Spatial- 038e3 | Argon- d04ed | Virtualized- 1a5ad | Spatial-apps- 29445
2018-02-23_17-13-30
debug
scala
all
mattfel
london
038e32e2a50393eb147eb84cf8a47d343db0d4ac
pre-master
tucson
/home/mattfel/regression
