Creation Time- 2018-02-27_10-16-56 | Status- debug | Type- chisel | tests- all | User- mattfel | Origin- london | Destination- tucson | Branch- develop | Spatial- 3e71b | Argon- d04ed | Virtualized- 1a5ad | Spatial-apps- 74f2c
2018-02-27_10-16-56
debug
chisel
all
mattfel
london
3e71b980eb1ef1abbc5f4a080184b345b2fc9c88
develop
tucson
/home/mattfel/regression
