Creation Time- 2018-01-06_00-12-48 | Status- debug | Type- scala | tests- all | User- mattfel | Origin- london | Destination- tucson | Branch- master | Spatial- 36370 | Argon- 1aa74 | Virtualized- 1a5ad | Spatial-apps- f0ad4
2018-01-06_00-12-48
debug
scala
all
mattfel
london
363705e431e83e8982665d0906c501cfaf176ca9
master
tucson
/home/mattfel/regression
