Creation Time- 2018-01-01_18-08-08 | Status- debug | Type- chisel | tests- all | User- mattfel | Origin- london | Destination- tucson | Branch- syncMem | Spatial- 3cb55 | Argon- 60d6c | Virtualized- 1a5ad | Spatial-apps- 01d86
2018-01-01_18-08-08
debug
chisel
all
mattfel
london
3cb55187032e0568fd3fef65ee42a3d5da675a82
syncMem
tucson
/home/mattfel/regression
