Creation Time- 2018-02-20_12-53-09 | Status- debug | Type- scala | tests- all | User- mattfel | Origin- london | Destination- tucson | Branch- syncMem | Spatial- e1355 | Argon- 6d3d2 | Virtualized- 1a5ad | Spatial-apps- cd0e5
2018-02-20_12-53-09
debug
scala
all
mattfel
london
e1355ef6f25b1159e35de94e0fc045beceb01b4d
syncMem
tucson
/home/mattfel/regression
