Creation Time- 2018-03-03_09-02-59 | Status- debug | Type- scala | tests- all | User- mattfel | Origin- london | Destination- tucson | Branch- master | Spatial- c4810 | Argon- 397a8 | Virtualized- 1a5ad | Spatial-apps- f2045
2018-03-03_09-02-59
debug
scala
all
mattfel
london
c48108e901de76f86834f7bb60f936dad7a10ff7
master
tucson
/home/mattfel/regression
