Creation Time- 2018-01-10_13-03-42 | Status- debug | Type- scala | tests- all | User- mattfel | Origin- london | Destination- tucson | Branch- fpga | Spatial- 98594 | Argon- 858e0 | Virtualized- 1a5ad | Spatial-apps- c1bae
2018-01-10_13-03-42
debug
scala
all
mattfel
london
9859418a340978c4b6033cac26a054cde439663a
fpga
tucson
/home/mattfel/regression
