Creation Time- 2018-01-23_12-11-16 | Status- debug | Type- chisel | tests- all | User- mattfel | Origin- tucson | Destination- london | Branch- compile | Spatial- f6eaa | Argon- 2279a | Virtualized- 1a5ad | Spatial-apps- 3a8f8
2018-01-23_12-11-16
debug
chisel
all
mattfel
tucson
f6eaa72990e5ce78ca006b6cac7be1105de313e7
compile
london
/home/mattfel/regression
