Creation Time- 2018-01-18_19-03-01 | Status- debug | Type- scala | tests- all | User- mattfel | Origin- tucson | Destination- tucson | Branch- compile | Spatial- f920f | Argon- cbbd2 | Virtualized- 1a5ad | Spatial-apps- f140f
2018-01-18_19-03-01
debug
scala
all
mattfel
tucson
f920f1b0e7c11af61d5f2e0f9ea81c30a7ec313d
compile
tucson
/home/mattfel/regression
