Creation Time- 2018-01-22_20-13-11 | Status- debug | Type- scala | tests- all | User- mattfel | Origin- london | Destination- tucson | Branch- fpga | Spatial- e8e5f | Argon- ce913 | Virtualized- 1a5ad | Spatial-apps- 03886
2018-01-22_20-13-11
debug
scala
all
mattfel
london
e8e5faa4d27a5d557a3a60c61f914e01cbd210a8
fpga
tucson
/home/mattfel/regression
