Creation Time- 2018-02-20_12-53-28 | Status- debug | Type- chisel | tests- all | User- mattfel | Origin- london | Destination- london | Branch- pre-master | Spatial- fb3cb | Argon- 6d3d2 | Virtualized- 1a5ad | Spatial-apps- cd0e5
2018-02-20_12-53-28
debug
chisel
all
mattfel
london
fb3cb00a9a9cb3252c1052bbb121bd166877d8ae
pre-master
london
/home/mattfel/regression
