Creation Time- 2018-03-16_11-58-02 | Status- debug | Type- chisel | tests- all | User- mattfel | Origin- london | Destination- london | Branch- pre-master | Spatial- 77d4c | Argon- b19da | Virtualized- 05f6c | Spatial-apps- 136b3
2018-03-16_11-58-02
debug
chisel
all
mattfel
london
77d4c4d0b0583e525cc62a0329432af31738a5b1
pre-master
london
/home/mattfel/regression
