Creation Time- 2018-01-05_14-52-43 | Status- debug | Type- chisel | tests- all | User- mattfel | Origin- london | Destination- london | Branch- fpga | Spatial- f0209 | Argon- 1aa74 | Virtualized- 1a5ad | Spatial-apps- f0ad4
2018-01-05_14-52-43
debug
chisel
all
mattfel
london
f02091c5775145b76271e3173acd3867e2095da8
fpga
london
/home/mattfel/regression
