Creation Time- 2018-01-17_10-28-04 | Status- debug | Type- chisel | tests- all | User- mattfel | Origin- tucson | Destination- london | Branch- compile | Spatial- b8d9c | Argon- cbbd2 | Virtualized- 1a5ad | Spatial-apps- f140f
2018-01-17_10-28-04
debug
chisel
all
mattfel
tucson
b8d9c8a897d93d892558115ea0bfc642d2707a26
compile
london
/home/mattfel/regression
