Creation Time- 2018-02-16_10-52-14 | Status- debug | Type- chisel | tests- all | User- mattfel | Origin- london | Destination- tucson | Branch- develop | Spatial- 85206 | Argon- 6d3d2 | Virtualized- 1a5ad | Spatial-apps- ea74f
2018-02-16_10-52-14
debug
chisel
all
mattfel
london
85206c0697aabfe602e2a16d3ba01ea8c4d76157
develop
tucson
/home/mattfel/regression
