Creation Time- 2018-01-05_14-12-10 | Status- debug | Type- chisel | tests- all | User- mattfel | Origin- london | Destination- london | Branch- fpga | Spatial- e9529 | Argon- 1aa74 | Virtualized- 1a5ad | Spatial-apps- f0ad4
2018-01-05_14-12-10
debug
chisel
all
mattfel
london
e952954c1049366e8db08b8b0d277134c5cc8770
fpga
london
/home/mattfel/regression
