Creation Time- 2018-01-31_10-50-16 | Status- debug | Type- scala | tests- all | User- mattfel | Origin- london | Destination- tucson | Branch- master | Spatial- 53913 | Argon- dfdda | Virtualized- 1a5ad | Spatial-apps- 482cf
2018-01-31_10-50-16
debug
scala
all
mattfel
london
53913e17392c6c7c50187fb04cc3033d0182c31a
master
tucson
/home/mattfel/regression
