Creation Time- 2018-03-09_12-51-41 | Status- debug | Type- chisel | tests- all | User- mattfel | Origin- london | Destination- london | Branch- fpga | Spatial- f336e | Argon- 4e354 | Virtualized- 9bc7b | Spatial-apps- 3531c
2018-03-09_12-51-41
debug
chisel
all
mattfel
london
f336ef583b11c064594436d31e79cf6e886b5b95
fpga
london
/home/mattfel/regression
