Creation Time- 2018-04-17_10-10-58 | Status- debug | Type- scala | tests- all | User- mattfel | Origin- london | Destination- tucson | Branch- fpga | Spatial- a33f3 | Argon- b19da | Virtualized- 05f6c | Spatial-apps- 231a8
2018-04-17_10-10-58
debug
scala
all
mattfel
london
a33f38a27bfcb671eb0f446ea523e7b84bfc6d73
fpga
tucson
/home/mattfel/regression
