Creation Time- 2018-01-03_22-49-31 | Status- debug | Type- chisel | tests- all | User- mattfel | Origin- london | Destination- london | Branch- syncMem | Spatial- e3177 | Argon- 1aa74 | Virtualized- 1a5ad | Spatial-apps- f0ad4
2018-01-03_22-49-31
debug
chisel
all
mattfel
london
e317797b94f79cd4891e6c1eaf717836dbedac61
syncMem
london
/home/mattfel/regression
