Creation Time- 2018-02-12_23-23-48 | Status- debug | Type- chisel | tests- all | User- mattfel | Origin- london | Destination- london | Branch- fpga | Spatial- f89a7 | Argon- 6d3d2 | Virtualized- 1a5ad | Spatial-apps- c4cf6
2018-02-12_23-23-48
debug
chisel
all
mattfel
london
f89a7140a5e584a9a101dfc1814544e91caf03ae
fpga
london
/home/mattfel/regression
