Creation Time- 2018-01-08_21-17-54 | Status- debug | Type- scala | tests- all | User- mattfel | Origin- london | Destination- london | Branch- master | Spatial- 9873c | Argon- 1aa74 | Virtualized- 1a5ad | Spatial-apps- f0ad4
2018-01-08_21-17-54
debug
scala
all
mattfel
london
9873cfcb324e8e61f4579a11b40c75e170525b3f
master
london
/home/mattfel/regression
