Creation Time- 2018-02-13_15-34-56 | Status- debug | Type- chisel | tests- all | User- mattfel | Origin- london | Destination- tucson | Branch- develop | Spatial- f6c02 | Argon- 6d3d2 | Virtualized- 1a5ad | Spatial-apps- e4a8e
2018-02-13_15-34-56
debug
chisel
all
mattfel
london
f6c023dede059e2e07328dbf6ef19b492935b4a2
develop
tucson
/home/mattfel/regression
