Creation Time- 2018-05-01_16-01-24 | Status- debug | Type- chisel | tests- all | User- mattfel | Origin- london | Destination- london | Branch- fpga | Spatial- f2ba4 | Argon- b19da | Virtualized- 05f6c | Spatial-apps- 53fb3
2018-05-01_16-01-24
debug
chisel
all
mattfel
london
f2ba4e7c5d88539b973a1ea96c287629636a1f4a
fpga
london
/home/mattfel/regression
