Creation Time- 2018-01-01_18-07-11 | Status- debug | Type- chisel | tests- all | User- mattfel | Origin- london | Destination- london | Branch- fpga | Spatial- 9e2a0 | Argon- 60d6c | Virtualized- 1a5ad | Spatial-apps- 01d86
2018-01-01_18-07-11
debug
chisel
all
mattfel
london
9e2a07e72624e6bd61eb15b642ece0a9de1c4a5f
fpga
london
/home/mattfel/regression
