Creation Time- 2018-03-09_12-26-30 | Status- debug | Type- scala | tests- all | User- mattfel | Origin- london | Destination- tucson | Branch- fpga | Spatial- 088e6 | Argon- 4e354 | Virtualized- 9bc7b | Spatial-apps- 3531c
2018-03-09_12-26-30
debug
scala
all
mattfel
london
088e63d8fd0cb428e0efbf7a0cd3abf841fde16c
fpga
tucson
/home/mattfel/regression
