Creation Time- 2018-01-20_14-12-12 | Status- debug | Type- chisel | tests- all | User- mattfel | Origin- tucson | Destination- london | Branch- compile | Spatial- 537d9 | Argon- cbbd2 | Virtualized- 1a5ad | Spatial-apps- f140f
2018-01-20_14-12-12
debug
chisel
all
mattfel
tucson
537d9342936408306a33a85f4222f735090c54d8
compile
london
/home/mattfel/regression
