Creation Time- 2018-01-10_17-18-49 | Status- debug | Type- scala | tests- all | User- mattfel | Origin- london | Destination- tucson | Branch- syncMem | Spatial- d7e3c | Argon- 858e0 | Virtualized- 1a5ad | Spatial-apps- c1bae
2018-01-10_17-18-49
debug
scala
all
mattfel
london
d7e3c6a5a9897e69283609e3b2e8e7d53982dab7
syncMem
tucson
/home/mattfel/regression
