Creation Time- 2018-02-23_16-32-42 | Status- debug | Type- scala | tests- all | User- mattfel | Origin- london | Destination- london | Branch- syncMem | Spatial- cd840 | Argon- d04ed | Virtualized- 1a5ad | Spatial-apps- 29445
2018-02-23_16-32-42
debug
scala
all
mattfel
london
cd84076dc52f1893e075610695c297217cd0df35
syncMem
london
/home/mattfel/regression
