Creation Time- 2018-01-23_11-14-22 | Status- debug | Type- scala | tests- all | User- mattfel | Origin- tucson | Destination- tucson | Branch- compile | Spatial- 5c6d5 | Argon- 2279a | Virtualized- 1a5ad | Spatial-apps- 7404f
2018-01-23_11-14-22
debug
scala
all
mattfel
tucson
5c6d5390007932a316d9debbad848c525ae6ac5f
compile
tucson
/home/mattfel/regression
