Creation Time- 2018-02-15_19-09-42 | Status- debug | Type- chisel | tests- all | User- mattfel | Origin- london | Destination- tucson | Branch- syncMem | Spatial- 52b79 | Argon- 6d3d2 | Virtualized- 1a5ad | Spatial-apps- ea74f
2018-02-15_19-09-42
debug
chisel
all
mattfel
london
52b7969985ff9f53e9a9627a9f5aed4f72f3d286
syncMem
tucson
/home/mattfel/regression
