Creation Time- 2018-01-20_14-31-03 | Status- debug | Type- chisel | tests- all | User- mattfel | Origin- london | Destination- tucson | Branch- fpga | Spatial- d0796 | Argon- cf072 | Virtualized- 1a5ad | Spatial-apps- aff6c
2018-01-20_14-31-03
debug
chisel
all
mattfel
london
d07969a242744972e49b4b54f4da6509bfea890d
fpga
tucson
/home/mattfel/regression
