Creation Time- 2018-01-12_12-02-52 | Status- debug | Type- chisel | tests- all | User- mattfel | Origin- london | Destination- tucson | Branch- master | Spatial- a8031 | Argon- 858e0 | Virtualized- 1a5ad | Spatial-apps- a5704
2018-01-12_12-02-52
debug
chisel
all
mattfel
london
a8031c95d8191e6291e9c12b5cdad1dd8fbcfd1e
master
tucson
/home/mattfel/regression
