Creation Time- 2018-03-10_19-24-51 | Status- debug | Type- chisel | tests- all | User- mattfel | Origin- london | Destination- london | Branch- pre-master | Spatial- da24d | Argon- 4e354 | Virtualized- 9bc7b | Spatial-apps- 3531c
2018-03-10_19-24-51
debug
chisel
all
mattfel
london
da24dbdca3123c4d590cbf3a6f8ac80238dbe4c7
pre-master
london
/home/mattfel/regression
