Creation Time- 2018-03-29_10-33-43 | Status- debug | Type- scala | tests- all | User- mattfel | Origin- london | Destination- tucson | Branch- develop | Spatial- 71235 | Argon- b19da | Virtualized- 05f6c | Spatial-apps- 3fbeb
2018-03-29_10-33-43
debug
scala
all
mattfel
london
7123530f4ae2677069c9a24867f0d9ed9c7c6736
develop
tucson
/home/mattfel/regression
