Creation Time- 2018-02-16_11-40-40 | Status- debug | Type- chisel | tests- all | User- mattfel | Origin- london | Destination- london | Branch- syncMem | Spatial- 2d4e5 | Argon- 6d3d2 | Virtualized- 1a5ad | Spatial-apps- 843ec
2018-02-16_11-40-40
debug
chisel
all
mattfel
london
2d4e5a6f4bf680dccd32956e23d9d1035299d499
syncMem
london
/home/mattfel/regression
