Creation Time- 2018-01-12_14-18-07 | Status- debug | Type- chisel | tests- all | User- mattfel | Origin- tucson | Destination- tucson | Branch- compile | Spatial- 6abe3 | Argon- 9518b | Virtualized- 1a5ad | Spatial-apps- a5704
2018-01-12_14-18-07
debug
chisel
all
mattfel
tucson
6abe3c784852987e6bdc8af17111ccc63464f2c5
compile
tucson
/home/mattfel/regression
