Creation Time- 2018-02-23_12-35-46 | Status- debug | Type- scala | tests- all | User- mattfel | Origin- london | Destination- tucson | Branch- retime | Spatial- 667e6 | Argon- 5bdc7 | Virtualized- 1a5ad | Spatial-apps- d7862
2018-02-23_12-35-46
debug
scala
all
mattfel
london
667e6caa1711eab2ef7310737e7cc2bed9a72a43
retime
tucson
/home/mattfel/regression
