Creation Time- 2018-02-19_12-53-13 | Status- debug | Type- scala | tests- all | User- mattfel | Origin- london | Destination- london | Branch- pre-master | Spatial- 64bbf | Argon- 6d3d2 | Virtualized- 1a5ad | Spatial-apps- 30d30
2018-02-19_12-53-13
debug
scala
all
mattfel
london
64bbfdba4dc7d072c562617c11378fe75c50c02d
pre-master
london
/home/mattfel/regression
