Creation Time- 2018-01-08_20-02-48 | Status- debug | Type- chisel | tests- all | User- mattfel | Origin- london | Destination- tucson | Branch- syncMem | Spatial- cf227 | Argon- 1aa74 | Virtualized- 1a5ad | Spatial-apps- f0ad4
2018-01-08_20-02-48
debug
chisel
all
mattfel
london
cf227b6ddf5dfb9d4d3c0cb53f42edebe8ec391c
syncMem
tucson
/home/mattfel/regression
