Creation Time- 2018-02-10_10-25-03 | Status- debug | Type- chisel | tests- all | User- mattfel | Origin- london | Destination- london | Branch- fpga | Spatial- 2cecb | Argon- 8f3ad | Virtualized- 1a5ad | Spatial-apps- 482cf
2018-02-10_10-25-03
debug
chisel
all
mattfel
london
2cecbf6ff12066e831e5c622fbf3fd07c3708aeb
fpga
london
/home/mattfel/regression
