Creation Time- 2018-03-17_12-44-04 | Status- debug | Type- chisel | tests- all | User- mattfel | Origin- london | Destination- london | Branch- develop | Spatial- 3822a | Argon- b19da | Virtualized- 05f6c | Spatial-apps- 93787
2018-03-17_12-44-04
debug
chisel
all
mattfel
london
3822a6d0391417e9cef86091cfd91d712d3f838a
develop
london
/home/mattfel/regression
