Creation Time- 2018-01-03_18-08-32 | Status- debug | Type- chisel | tests- all | User- mattfel | Origin- london | Destination- london | Branch- fpga | Spatial- 86103 | Argon- 1aa74 | Virtualized- 1a5ad | Spatial-apps- 6f0c0
2018-01-03_18-08-32
debug
chisel
all
mattfel
london
86103b6f929dbd76e1928df4a14a594416bcfea9
fpga
london
/home/mattfel/regression
