Creation Time- 2018-02-16_11-40-04 | Status- debug | Type- chisel | tests- all | User- mattfel | Origin- london | Destination- london | Branch- develop | Spatial- a93e0 | Argon- 6d3d2 | Virtualized- 1a5ad | Spatial-apps- 843ec
2018-02-16_11-40-04
debug
chisel
all
mattfel
london
a93e094d31f841e10b327508524e267bad1aef7a
develop
london
/home/mattfel/regression
