Creation Time- 2018-01-16_00-01-42 | Status- debug | Type- chisel | tests- all | User- mattfel | Origin- tucson | Destination- london | Branch- compile | Spatial- eb62f | Argon- 5d5b2 | Virtualized- 1a5ad | Spatial-apps- f140f
2018-01-16_00-01-42
debug
chisel
all
mattfel
tucson
eb62f186a5aea34477e756163f7dcb857eaed9ec
compile
london
/home/mattfel/regression
