Creation Time- 2018-01-28_15-58-24 | Status- debug | Type- scala | tests- all | User- mattfel | Origin- tucson | Destination- tucson | Branch- compile | Spatial- 6d509 | Argon- b64c5 | Virtualized- 1a5ad | Spatial-apps- bcf07
2018-01-28_15-58-24
debug
scala
all
mattfel
tucson
6d509dc506aa1d595b1f9d01a44456d76af2058b
compile
tucson
/home/mattfel/regression
