Creation Time- 2018-01-09_12-50-00 | Status- debug | Type- chisel | tests- all | User- mattfel | Origin- london | Destination- london | Branch- master | Spatial- 42037 | Argon- 1aa74 | Virtualized- 1a5ad | Spatial-apps- 6d422
2018-01-09_12-50-00
debug
chisel
all
mattfel
london
4203784c90b5630199ef53fdb59145a7ba2c5a14
master
london
/home/mattfel/regression
