Creation Time- 2018-01-20_14-31-21 | Status- debug | Type- scala | tests- all | User- mattfel | Origin- london | Destination- london | Branch- develop | Spatial- d0796 | Argon- cf072 | Virtualized- 1a5ad | Spatial-apps- aff6c
2018-01-20_14-31-21
debug
scala
all
mattfel
london
d07969a242744972e49b4b54f4da6509bfea890d
develop
london
/home/mattfel/regression
