Creation Time- 2018-02-02_15-40-50 | Status- debug | Type- scala | tests- all | User- mattfel | Origin- london | Destination- tucson | Branch- master | Spatial- 92f5b | Argon- dfdda | Virtualized- 1a5ad | Spatial-apps- 482cf
2018-02-02_15-40-50
debug
scala
all
mattfel
london
92f5b1cb4e1de10e061b4a76f6b1011d43f6cde5
master
tucson
/home/mattfel/regression
