Creation Time- 2018-02-19_23-24-22 | Status- debug | Type- scala | tests- all | User- mattfel | Origin- london | Destination- tucson | Branch- retime | Spatial- 7ed12 | Argon- 6d3d2 | Virtualized- 1a5ad | Spatial-apps- cd0e5
2018-02-19_23-24-22
debug
scala
all
mattfel
london
7ed12c7ab3aac2f6df5d787638d468da5389f759
retime
tucson
/home/mattfel/regression
