Creation Time- 2018-01-16_13-46-35 | Status- debug | Type- scala | tests- all | User- mattfel | Origin- tucson | Destination- london | Branch- compile | Spatial- 58ace | Argon- f73fe | Virtualized- 1a5ad | Spatial-apps- f140f
2018-01-16_13-46-35
debug
scala
all
mattfel
tucson
58ace2c17cd7240d3ebc83023824595f5b7702e1
compile
london
/home/mattfel/regression
