Creation Time- 2018-02-10_13-03-47 | Status- debug | Type- scala | tests- all | User- mattfel | Origin- london | Destination- tucson | Branch- fpga | Spatial- fff75 | Argon- 8f3ad | Virtualized- 1a5ad | Spatial-apps- 72c99
2018-02-10_13-03-47
debug
scala
all
mattfel
london
fff75913c501ea2abb599cd2a6ead3b5751f78e9
fpga
tucson
/home/mattfel/regression
