Creation Time- 2018-01-10_19-44-47 | Status- debug | Type- scala | tests- all | User- mattfel | Origin- london | Destination- london | Branch- pre-master | Spatial- 793dd | Argon- 858e0 | Virtualized- 1a5ad | Spatial-apps- 1b907
2018-01-10_19-44-47
debug
scala
all
mattfel
london
793dd238decd4c00c9c4667fe7693fb165f176ca
pre-master
london
/home/mattfel/regression
