Creation Time- 2018-02-13_12-22-34 | Status- debug | Type- scala | tests- all | User- mattfel | Origin- london | Destination- london | Branch- retime | Spatial- d4cae | Argon- 6d3d2 | Virtualized- 1a5ad | Spatial-apps- c4cf6
2018-02-13_12-22-34
debug
scala
all
mattfel
london
d4cae9edb6f4f68694fc1641733ad492b3624058
retime
london
/home/mattfel/regression
