Creation Time- 2018-03-05_19-03-46 | Status- debug | Type- scala | tests- all | User- mattfel | Origin- london | Destination- tucson | Branch- develop | Spatial- bdd45 | Argon- 397a8 | Virtualized- 1a5ad | Spatial-apps- dc7a8
2018-03-05_19-03-46
debug
scala
all
mattfel
london
bdd456c56ecca6930b9fe8298c4c8b8ad0c4f48d
develop
tucson
/home/mattfel/regression
