Creation Time- 2018-02-12_18-28-35 | Status- debug | Type- scala | tests- all | User- mattfel | Origin- london | Destination- tucson | Branch- retime | Spatial- 715ff | Argon- 6d3d2 | Virtualized- 1a5ad | Spatial-apps- ddeb4
2018-02-12_18-28-35
debug
scala
all
mattfel
london
715ffa45c0ab19e0daaebc265ed9fa208f2277f2
retime
tucson
/home/mattfel/regression
