Creation Time- 2018-01-02_11-56-29 | Status- debug | Type- chisel | tests- all | User- mattfel | Origin- london | Destination- london | Branch- pre-master | Spatial- be4cf | Argon- 60d6c | Virtualized- 1a5ad | Spatial-apps- 8296b
2018-01-02_11-56-29
debug
chisel
all
mattfel
london
be4cf35618f25f2b250afffa8a91f672b6ceac12
pre-master
london
/home/mattfel/regression
