Creation Time- 2018-03-06_18-50-09 | Status- debug | Type- scala | tests- all | User- mattfel | Origin- london | Destination- london | Branch- syncMem | Spatial- 330a8 | Argon- 4e354 | Virtualized- 4fec9 | Spatial-apps- f919c
2018-03-06_18-50-09
debug
scala
all
mattfel
london
330a8d848f6a4cfe7278be47fb360fe5ae647c11
syncMem
london
/home/mattfel/regression
