Creation Time- 2018-03-19_10-01-07 | Status- debug | Type- scala | tests- all | User- mattfel | Origin- london | Destination- tucson | Branch- master | Spatial- a3de4 | Argon- b19da | Virtualized- 05f6c | Spatial-apps- ff8f3
2018-03-19_10-01-07
debug
scala
all
mattfel
london
a3de41caf541f39ad3d337f66b5a452e149f0c75
master
tucson
/home/mattfel/regression
