Creation Time- 2018-01-24_13-12-48 | Status- debug | Type- chisel | tests- all | User- mattfel | Origin- london | Destination- london | Branch- develop | Spatial- f2520 | Argon- 578f2 | Virtualized- 1a5ad | Spatial-apps- 4a738
2018-01-24_13-12-48
debug
chisel
all
mattfel
london
f25205817177f9c906291d20f33584177230b441
develop
london
/home/mattfel/regression
