Creation Time- 2018-01-31_20-13-32 | Status- debug | Type- scala | tests- all | User- mattfel | Origin- london | Destination- london | Branch- develop | Spatial- 2acd0 | Argon- dfdda | Virtualized- 1a5ad | Spatial-apps- 482cf
2018-01-31_20-13-32
debug
scala
all
mattfel
london
2acd0e6df9af3c5b93361a243b982b8c3bc9c165
develop
london
/home/mattfel/regression
