Creation Time- 2018-02-17_20-08-39 | Status- debug | Type- chisel | tests- all | User- mattfel | Origin- london | Destination- london | Branch- retime | Spatial- 70d38 | Argon- 6d3d2 | Virtualized- 1a5ad | Spatial-apps- 30d30
2018-02-17_20-08-39
debug
chisel
all
mattfel
london
70d38ccb8eaf51857b234af9054becda080f9397
retime
london
/home/mattfel/regression
