Creation Time- 2018-02-06_23-03-58 | Status- debug | Type- chisel | tests- all | User- mattfel | Origin- london | Destination- tucson | Branch- syncMem | Spatial- 90e11 | Argon- 82428 | Virtualized- 1a5ad | Spatial-apps- 482cf
2018-02-06_23-03-58
debug
chisel
all
mattfel
london
90e11c6c839dac9ea48ae84a6de32925aeeb9a39
syncMem
tucson
/home/mattfel/regression
