Creation Time- 2018-01-31_14-57-22 | Status- debug | Type- chisel | tests- all | User- mattfel | Origin- london | Destination- tucson | Branch- fpga | Spatial- d0017 | Argon- dfdda | Virtualized- 1a5ad | Spatial-apps- 482cf
2018-01-31_14-57-22
debug
chisel
all
mattfel
london
d0017fbbe3bd72ea01760f635a471d2087a8a7c9
fpga
tucson
/home/mattfel/regression
