Creation Time- 2018-02-19_12-52-14 | Status- debug | Type- scala | tests- all | User- mattfel | Origin- london | Destination- london | Branch- retime | Spatial- 2e028 | Argon- 6d3d2 | Virtualized- 1a5ad | Spatial-apps- 30d30
2018-02-19_12-52-14
debug
scala
all
mattfel
london
2e02817f6c7a91e5ac6c3094b734b5517ca99678
retime
london
/home/mattfel/regression
