Creation Time- 2018-03-16_10-43-27 | Status- debug | Type- chisel | tests- all | User- mattfel | Origin- london | Destination- london | Branch- retime | Spatial- c4f36 | Argon- 8b516 | Virtualized- 05f6c | Spatial-apps- 136b3
2018-03-16_10-43-27
debug
chisel
all
mattfel
london
c4f368527d2523d20d1da0525b6909c9e8f88249
retime
london
/home/mattfel/regression
