Creation Time- 2018-02-01_11-09-37 | Status- debug | Type- scala | tests- all | User- mattfel | Origin- tucson | Destination- tucson | Branch- compile | Spatial- dc24e | Argon- 7ac8f | Virtualized- 1a5ad | Spatial-apps- b158e
2018-02-01_11-09-37
debug
scala
all
mattfel
tucson
dc24eae2c0702ef7ea9214c7d72fe058e0c333db
compile
tucson
/home/mattfel/regression
