Creation Time- 2018-02-16_11-41-17 | Status- debug | Type- chisel | tests- all | User- mattfel | Origin- london | Destination- london | Branch- master | Spatial- de75d | Argon- 6d3d2 | Virtualized- 1a5ad | Spatial-apps- 843ec
2018-02-16_11-41-17
debug
chisel
all
mattfel
london
de75d4f2023508b6a1a073b6ceb6f8a3310063f4
master
london
/home/mattfel/regression
