Creation Time- 2018-01-23_10-36-35 | Status- debug | Type- scala | tests- all | User- mattfel | Origin- london | Destination- london | Branch- master | Spatial- 9b765 | Argon- ce913 | Virtualized- 1a5ad | Spatial-apps- b8b21
2018-01-23_10-36-35
debug
scala
all
mattfel
london
9b765d63843ec36741ac8e834619ce09e6f69848
master
london
/home/mattfel/regression
