Creation Time- 2018-02-12_23-54-43 | Status- debug | Type- chisel | tests- all | User- mattfel | Origin- london | Destination- tucson | Branch- fpga | Spatial- 49146 | Argon- 6d3d2 | Virtualized- 1a5ad | Spatial-apps- c4cf6
2018-02-12_23-54-43
debug
chisel
all
mattfel
london
491467540a64de0d33e2396fc5df00b9521da312
fpga
tucson
/home/mattfel/regression
