Creation Time- 2018-03-02_22-02-37 | Status- debug | Type- chisel | tests- all | User- mattfel | Origin- london | Destination- tucson | Branch- fpga | Spatial- d81ca | Argon- 397a8 | Virtualized- 1a5ad | Spatial-apps- f2045
2018-03-02_22-02-37
debug
chisel
all
mattfel
london
d81ca9582194d759b533399a769b09dab8647f98
fpga
tucson
/home/mattfel/regression
