Creation Time- 2018-01-03_14-34-20 | Status- debug | Type- chisel | tests- all | User- mattfel | Origin- london | Destination- tucson | Branch- develop | Spatial- 43f9f | Argon- 60d6c | Virtualized- 1a5ad | Spatial-apps- 95f04
2018-01-03_14-34-20
debug
chisel
all
mattfel
london
43f9f987b00de7467ec04bc96140ffb9a27efe3e
develop
tucson
/home/mattfel/regression
