Creation Time- 2018-02-27_00-31-27 | Status- debug | Type- chisel | tests- all | User- mattfel | Origin- london | Destination- tucson | Branch- fpga | Spatial- 42b71 | Argon- d04ed | Virtualized- 1a5ad | Spatial-apps- 74f2c
2018-02-27_00-31-27
debug
chisel
all
mattfel
london
42b7159d552decaa9c4c08ea4df0d5b207b2a726
fpga
tucson
/home/mattfel/regression
