Creation Time- 2018-01-17_15-32-18 | Status- debug | Type- chisel | tests- all | User- mattfel | Origin- tucson | Destination- london | Branch- compile | Spatial- f5ffd | Argon- cbbd2 | Virtualized- 1a5ad | Spatial-apps- f140f
2018-01-17_15-32-18
debug
chisel
all
mattfel
tucson
f5ffd8310bb236578a0dc67d35c374583cf83521
compile
london
/home/mattfel/regression
