Creation Time- 2018-03-19_09-59-34 | Status- debug | Type- scala | tests- all | User- mattfel | Origin- london | Destination- tucson | Branch- fpga | Spatial- 44efd | Argon- b19da | Virtualized- 05f6c | Spatial-apps- ff8f3
2018-03-19_09-59-34
debug
scala
all
mattfel
london
44efd2fc3af7452a9e9c7c302e8995622681e6d3
fpga
tucson
/home/mattfel/regression
