Creation Time- 2018-02-23_17-54-42 | Status- debug | Type- scala | tests- all | User- mattfel | Origin- london | Destination- london | Branch- develop | Spatial- 3d5ed | Argon- d04ed | Virtualized- 1a5ad | Spatial-apps- a8a2b
2018-02-23_17-54-42
debug
scala
all
mattfel
london
3d5edcb2f1860a85e6b046ffdf8201e16f8eceb0
develop
london
/home/mattfel/regression
