Creation Time- 2018-01-10_14-04-04 | Status- debug | Type- scala | tests- all | User- mattfel | Origin- london | Destination- tucson | Branch- syncMem | Spatial- e19f2 | Argon- 858e0 | Virtualized- 1a5ad | Spatial-apps- c1bae
2018-01-10_14-04-04
debug
scala
all
mattfel
london
e19f29778af1770e4863012cf72ee71434dae5e6
syncMem
tucson
/home/mattfel/regression
