Creation Time- 2018-01-16_19-56-54 | Status- debug | Type- chisel | tests- all | User- mattfel | Origin- tucson | Destination- london | Branch- compile | Spatial- c7522 | Argon- cbbd2 | Virtualized- 1a5ad | Spatial-apps- f140f
2018-01-16_19-56-54
debug
chisel
all
mattfel
tucson
c75228b9d2e43b9f2444dfbb1b98142ca1f92e96
compile
london
/home/mattfel/regression
