Creation Time- 2018-01-14_09-39-59 | Status- debug | Type- scala | tests- all | User- mattfel | Origin- tucson | Destination- tucson | Branch- compile | Spatial- 8a9ec | Argon- 5d5b2 | Virtualized- 1a5ad | Spatial-apps- a5704
2018-01-14_09-39-59
debug
scala
all
mattfel
tucson
8a9ecc99b042131354eefe7f1fde803fba14c9cf
compile
tucson
/home/mattfel/regression
