Creation Time- 2018-01-01_22-44-03 | Status- debug | Type- chisel | tests- all | User- mattfel | Origin- london | Destination- london | Branch- fpga | Spatial- 6adb0 | Argon- 60d6c | Virtualized- 1a5ad | Spatial-apps- 8296b
2018-01-01_22-44-03
debug
chisel
all
mattfel
london
6adb0beaa4b5297793b7c9acdf87b244ee4b3759
fpga
london
/home/mattfel/regression
