Creation Time- 2018-01-17_16-49-31 | Status- debug | Type- chisel | tests- all | User- mattfel | Origin- tucson | Destination- london | Branch- compile | Spatial- 8e065 | Argon- cbbd2 | Virtualized- 1a5ad | Spatial-apps- f140f
2018-01-17_16-49-31
debug
chisel
all
mattfel
tucson
8e06535275328cc01f25333944f1ee221e431b8a
compile
london
/home/mattfel/regression
