Creation Time- 2018-01-15_18-30-48 | Status- debug | Type- scala | tests- all | User- mattfel | Origin- tucson | Destination- tucson | Branch- compile | Spatial- d32e8 | Argon- 5d5b2 | Virtualized- 1a5ad | Spatial-apps- f140f
2018-01-15_18-30-48
debug
scala
all
mattfel
tucson
d32e8205b99277232726d1cef9ae1b4d426fa767
compile
tucson
/home/mattfel/regression
