Creation Time- 2018-02-23_23-39-57 | Status- debug | Type- chisel | tests- all | User- mattfel | Origin- london | Destination- tucson | Branch- master | Spatial- 8fa25 | Argon- d04ed | Virtualized- 1a5ad | Spatial-apps- a8a2b
2018-02-23_23-39-57
debug
chisel
all
mattfel
london
8fa25e6824db0223c89cc72807556ea7b056c992
master
tucson
/home/mattfel/regression
