Creation Time- 2018-02-26_18-59-06 | Status- debug | Type- scala | tests- all | User- mattfel | Origin- london | Destination- tucson | Branch- syncMem | Spatial- 42d5f | Argon- d04ed | Virtualized- 1a5ad | Spatial-apps- 74f2c
2018-02-26_18-59-06
debug
scala
all
mattfel
london
42d5fee15f56dba574037218ece798a35f04ca7b
syncMem
tucson
/home/mattfel/regression
