Creation Time- 2018-01-10_14-03-20 | Status- debug | Type- chisel | tests- all | User- mattfel | Origin- london | Destination- london | Branch- develop | Spatial- e19f2 | Argon- 858e0 | Virtualized- 1a5ad | Spatial-apps- c1bae
2018-01-10_14-03-20
debug
chisel
all
mattfel
london
e19f29778af1770e4863012cf72ee71434dae5e6
develop
london
/home/mattfel/regression
