Creation Time- 2018-02-26_12-50-40 | Status- debug | Type- chisel | tests- all | User- mattfel | Origin- london | Destination- london | Branch- fpga | Spatial- dadca | Argon- d04ed | Virtualized- 1a5ad | Spatial-apps- a8a2b
2018-02-26_12-50-40
debug
chisel
all
mattfel
london
dadca1c3dd174f2d51cc4b870db5435f16500e3a
fpga
london
/home/mattfel/regression
