Creation Time- 2018-01-15_12-06-31 | Status- debug | Type- scala | tests- all | User- mattfel | Origin- tucson | Destination- tucson | Branch- compile | Spatial- 6c34b | Argon- 5d5b2 | Virtualized- 1a5ad | Spatial-apps- a5704
2018-01-15_12-06-31
debug
scala
all
mattfel
tucson
6c34b811cd42e1674734b6653a92b6533774dc26
compile
tucson
/home/mattfel/regression
