Creation Time- 2018-02-13_00-07-16 | Status- debug | Type- chisel | tests- all | User- mattfel | Origin- london | Destination- london | Branch- pre-master | Spatial- 26230 | Argon- 6d3d2 | Virtualized- 1a5ad | Spatial-apps- c4cf6
2018-02-13_00-07-16
debug
chisel
all
mattfel
london
262304f14228cd6ee75bfc17b95d8ef8c400fe34
pre-master
london
/home/mattfel/regression
