Creation Time- 2018-03-06_10-03-26 | Status- debug | Type- chisel | tests- all | User- mattfel | Origin- london | Destination- london | Branch- fpga | Spatial- 79147 | Argon- 397a8 | Virtualized- 1a5ad | Spatial-apps- cdf34
2018-03-06_10-03-26
debug
chisel
all
mattfel
london
7914768047529bf968ad37c478b8f7a2a1029520
fpga
london
/home/mattfel/regression
