Creation Time- 2018-01-01_13-52-13 | Status- debug | Type- chisel | tests- all | User- mattfel | Origin- london | Destination- tucson | Branch- fpga | Spatial- 99892 | Argon- c3833 | Virtualized- 1a5ad | Spatial-apps- 84636
2018-01-01_13-52-13
debug
chisel
all
mattfel
london
99892952ff57f07bc23edf1d23d231f56ec005f2
fpga
tucson
/home/mattfel/regression
