Creation Time- 2018-02-16_17-11-10 | Status- debug | Type- chisel | tests- all | User- mattfel | Origin- london | Destination- london | Branch- pre-master | Spatial- cbf81 | Argon- 6d3d2 | Virtualized- 1a5ad | Spatial-apps- 30d30
2018-02-16_17-11-10
debug
chisel
all
mattfel
london
cbf818277127de483f6796f5957a73b458cf6469
pre-master
london
/home/mattfel/regression
