Creation Time- 2018-01-11_16-36-43 | Status- debug | Type- chisel | tests- all | User- mattfel | Origin- london | Destination- london | Branch- fpga | Spatial- 457fe | Argon- 858e0 | Virtualized- 1a5ad | Spatial-apps- 1b907
2018-01-11_16-36-43
debug
chisel
all
mattfel
london
457fe495ecd655cd06fd54dad0bf79383b08c148
fpga
london
/home/mattfel/regression
