Creation Time- 2018-02-16_10-51-56 | Status- debug | Type- chisel | tests- all | User- mattfel | Origin- london | Destination- london | Branch- fpga | Spatial- 85206 | Argon- 6d3d2 | Virtualized- 1a5ad | Spatial-apps- ea74f
2018-02-16_10-51-56
debug
chisel
all
mattfel
london
85206c0697aabfe602e2a16d3ba01ea8c4d76157
fpga
london
/home/mattfel/regression
