Creation Time- 2018-02-13_15-35-34 | Status- debug | Type- chisel | tests- all | User- mattfel | Origin- london | Destination- tucson | Branch- syncMem | Spatial- 3de78 | Argon- 6d3d2 | Virtualized- 1a5ad | Spatial-apps- e4a8e
2018-02-13_15-35-34
debug
chisel
all
mattfel
london
3de78cc7f7c222293ec7ab507d9fdb24f4f1114d
syncMem
tucson
/home/mattfel/regression
