Creation Time- 2018-02-15_19-09-19 | Status- debug | Type- scala | tests- all | User- mattfel | Origin- london | Destination- london | Branch- retime | Spatial- 52b79 | Argon- 6d3d2 | Virtualized- 1a5ad | Spatial-apps- ea74f
2018-02-15_19-09-19
debug
scala
all
mattfel
london
52b7969985ff9f53e9a9627a9f5aed4f72f3d286
retime
london
/home/mattfel/regression
