Creation Time- 2018-01-24_13-14-21 | Status- debug | Type- chisel | tests- all | User- mattfel | Origin- london | Destination- london | Branch- retime | Spatial- 0a497 | Argon- 578f2 | Virtualized- 1a5ad | Spatial-apps- 4a738
2018-01-24_13-14-21
debug
chisel
all
mattfel
london
0a497ccba9b9de7881dde7d1b0af87b08cf3958c
retime
london
/home/mattfel/regression
