Creation Time- 2018-02-02_16-56-20 | Status- debug | Type- chisel | tests- all | User- mattfel | Origin- london | Destination- tucson | Branch- syncMem | Spatial- f984a | Argon- dfdda | Virtualized- 1a5ad | Spatial-apps- 482cf
2018-02-02_16-56-20
debug
chisel
all
mattfel
london
f984a2206b99d836b1e8cec4f491edf56ea09041
syncMem
tucson
/home/mattfel/regression
