Creation Time- 2018-02-16_15-31-08 | Status- debug | Type- chisel | tests- all | User- mattfel | Origin- london | Destination- london | Branch- retime | Spatial- 7ead2 | Argon- 6d3d2 | Virtualized- 1a5ad | Spatial-apps- 843ec
2018-02-16_15-31-08
debug
chisel
all
mattfel
london
7ead2e739a94915ad9c27508f89326e0cfc6e671
retime
london
/home/mattfel/regression
