Creation Time- 2018-02-10_09-12-08 | Status- debug | Type- scala | tests- all | User- mattfel | Origin- london | Destination- tucson | Branch- develop | Spatial- b57ee | Argon- 8f3ad | Virtualized- 1a5ad | Spatial-apps- 482cf
2018-02-10_09-12-08
debug
scala
all
mattfel
london
b57ee5142739832a38590b81f654eb3f3ba1c807
develop
tucson
/home/mattfel/regression
