Creation Time- 2018-03-15_22-46-28 | Status- debug | Type- chisel | tests- all | User- mattfel | Origin- london | Destination- london | Branch- retime | Spatial- 49851 | Argon- 4e354 | Virtualized- 05f6c | Spatial-apps- 5d8e4
2018-03-15_22-46-28
debug
chisel
all
mattfel
london
4985141a2404deab1efa0196068205dfdb57d99b
retime
london
/home/mattfel/regression
