Creation Time- 2018-03-12_17-53-19 | Status- debug | Type- chisel | tests- all | User- mattfel | Origin- london | Destination- london | Branch- fpga | Spatial- 3ed04 | Argon- 4e354 | Virtualized- 05f6c | Spatial-apps- 92cf7
2018-03-12_17-53-19
debug
chisel
all
mattfel
london
3ed04253dfcbed2c634cb173fdde1806f9ffa2e7
fpga
london
/home/mattfel/regression
