Creation Time- 2018-01-24_13-34-41 | Status- debug | Type- scala | tests- all | User- mattfel | Origin- london | Destination- london | Branch- develop | Spatial- 9758f | Argon- 578f2 | Virtualized- 1a5ad | Spatial-apps- 4a738
2018-01-24_13-34-41
debug
scala
all
mattfel
london
9758fcdf82cfbe8c61f4837807a2d72a09a7c301
develop
london
/home/mattfel/regression
