Creation Time- 2018-01-05_17-38-45 | Status- debug | Type- chisel | tests- all | User- mattfel | Origin- london | Destination- tucson | Branch- retime | Spatial- efe4b | Argon- 1aa74 | Virtualized- 1a5ad | Spatial-apps- f0ad4
2018-01-05_17-38-45
debug
chisel
all
mattfel
london
efe4bffb4907bcab938885d9e26171e58816dcca
retime
tucson
/home/mattfel/regression
