Creation Time- 2018-01-09_12-27-49 | Status- debug | Type- scala | tests- all | User- mattfel | Origin- london | Destination- tucson | Branch- fpga | Spatial- daa83 | Argon- 1aa74 | Virtualized- 1a5ad | Spatial-apps- 6d422
2018-01-09_12-27-49
debug
scala
all
mattfel
london
daa831ece0c33ddd2934be8538c36f721b6f0ce5
fpga
tucson
/home/mattfel/regression
