Creation Time- 2018-01-05_15-34-10 | Status- debug | Type- chisel | tests- all | User- mattfel | Origin- london | Destination- london | Branch- retime | Spatial- 3c3b3 | Argon- 1aa74 | Virtualized- 1a5ad | Spatial-apps- f0ad4
2018-01-05_15-34-10
debug
chisel
all
mattfel
london
3c3b3742b953893f1d7d1e6cc34e4ba005a9a935
retime
london
/home/mattfel/regression
