Creation Time- 2018-03-02_15-27-02 | Status- debug | Type- chisel | tests- all | User- mattfel | Origin- london | Destination- london | Branch- pre-master | Spatial- 4109d | Argon- 397a8 | Virtualized- 1a5ad | Spatial-apps- f2045
2018-03-02_15-27-02
debug
chisel
all
mattfel
london
4109d032945af562efecd8a6d38e0992a1a6b5bf
pre-master
london
/home/mattfel/regression
