Creation Time- 2018-03-10_19-24-32 | Status- debug | Type- chisel | tests- all | User- mattfel | Origin- london | Destination- tucson | Branch- syncMem | Spatial- ecc9b | Argon- 4e354 | Virtualized- 9bc7b | Spatial-apps- 3531c
2018-03-10_19-24-32
debug
chisel
all
mattfel
london
ecc9b165f90c40a9340683edaa17d6d524a6b75c
syncMem
tucson
/home/mattfel/regression
