Creation Time- 2018-02-14_14-01-36 | Status- debug | Type- chisel | tests- all | User- mattfel | Origin- london | Destination- london | Branch- pre-master | Spatial- 3134b | Argon- 6d3d2 | Virtualized- 1a5ad | Spatial-apps- 5550e
2018-02-14_14-01-36
debug
chisel
all
mattfel
london
3134bf906b605c69a6a05feea92ba72b765c57a5
pre-master
london
/home/mattfel/regression
