Creation Time- 2018-01-16_16-17-59 | Status- debug | Type- chisel | tests- all | User- mattfel | Origin- tucson | Destination- london | Branch- compile | Spatial- 19779 | Argon- cbbd2 | Virtualized- 1a5ad | Spatial-apps- f140f
2018-01-16_16-17-59
debug
chisel
all
mattfel
tucson
197799bb4008281944d403892db1689eacdc0110
compile
london
/home/mattfel/regression
