Creation Time- 2018-02-12_10-53-54 | Status- debug | Type- chisel | tests- all | User- mattfel | Origin- london | Destination- tucson | Branch- develop | Spatial- 9c75d | Argon- 9a522 | Virtualized- 1a5ad | Spatial-apps- 9e288
2018-02-12_10-53-54
debug
chisel
all
mattfel
london
9c75d9707ba187ba9babbda69f5094d15965a481
develop
tucson
/home/mattfel/regression
