Creation Time- 2018-03-02_13-42-04 | Status- debug | Type- scala | tests- all | User- mattfel | Origin- london | Destination- tucson | Branch- fpga | Spatial- f245b | Argon- 397a8 | Virtualized- 1a5ad | Spatial-apps- f2045
2018-03-02_13-42-04
debug
scala
all
mattfel
london
f245b8a9b5bae1a3dfb4cf379e93153e6111c718
fpga
tucson
/home/mattfel/regression
