Creation Time- 2018-01-01_13-52-31 | Status- debug | Type- scala | tests- all | User- mattfel | Origin- london | Destination- london | Branch- develop | Spatial- 99892 | Argon- c3833 | Virtualized- 1a5ad | Spatial-apps- 84636
2018-01-01_13-52-31
debug
scala
all
mattfel
london
99892952ff57f07bc23edf1d23d231f56ec005f2
develop
london
/home/mattfel/regression
