Creation Time- 2018-01-01_13-34-46 | Status- debug | Type- chisel | tests- all | User- mattfel | Origin- london | Destination- london | Branch- fpga | Spatial- f7a9d | Argon- c3833 | Virtualized- 1a5ad | Spatial-apps- 84636
2018-01-01_13-34-46
debug
chisel
all
mattfel
london
f7a9d0068acf0208a83a387f3ab5dae70da0c958
fpga
london
/home/mattfel/regression
