Creation Time- 2018-01-11_10-11-54 | Status- debug | Type- chisel | tests- all | User- mattfel | Origin- london | Destination- london | Branch- develop | Spatial- 793dd | Argon- 858e0 | Virtualized- 1a5ad | Spatial-apps- 1b907
2018-01-11_10-11-54
debug
chisel
all
mattfel
london
793dd238decd4c00c9c4667fe7693fb165f176ca
develop
london
/home/mattfel/regression
