Creation Time- 2018-01-25_09-22-51 | Status- debug | Type- chisel | tests- all | User- mattfel | Origin- london | Destination- london | Branch- master | Spatial- 1e74f | Argon- 578f2 | Virtualized- 1a5ad | Spatial-apps- 4a738
2018-01-25_09-22-51
debug
chisel
all
mattfel
london
1e74fdf9e819b812e0503eb877f3f58935b1f048
master
london
/home/mattfel/regression
