Creation Time- 2018-01-03_15-41-31 | Status- debug | Type- chisel | tests- all | User- mattfel | Origin- london | Destination- tucson | Branch- syncMem | Spatial- 8aaa3 | Argon- 60d6c | Virtualized- 1a5ad | Spatial-apps- 6f0c0
2018-01-03_15-41-31
debug
chisel
all
mattfel
london
8aaa360a241947028ce873d55b7eff0c477b276a
syncMem
tucson
/home/mattfel/regression
