Creation Time- 2018-01-03_22-48-51 | Status- debug | Type- chisel | tests- all | User- mattfel | Origin- london | Destination- tucson | Branch- fpga | Spatial- 0a82f | Argon- 1aa74 | Virtualized- 1a5ad | Spatial-apps- f0ad4
2018-01-03_22-48-51
debug
chisel
all
mattfel
london
0a82f46c8387683dc2414d1120eec8ba12cbbdd0
fpga
tucson
/home/mattfel/regression
