Creation Time- 2018-01-09_10-54-16 | Status- debug | Type- scala | tests- all | User- mattfel | Origin- london | Destination- london | Branch- retime | Spatial- 2f8f0 | Argon- 1aa74 | Virtualized- 1a5ad | Spatial-apps- 6d422
2018-01-09_10-54-16
debug
scala
all
mattfel
london
2f8f092928915a7d0ebda69757a6ab93a1c4bed4
retime
london
/home/mattfel/regression
