Creation Time- 2018-02-17_20-09-35 | Status- debug | Type- scala | tests- all | User- mattfel | Origin- london | Destination- tucson | Branch- master | Spatial- f21c1 | Argon- 6d3d2 | Virtualized- 1a5ad | Spatial-apps- 30d30
2018-02-17_20-09-35
debug
scala
all
mattfel
london
f21c1bdc5b281a89c43034c99f477388ac0db60b
master
tucson
/home/mattfel/regression
