Creation Time- 2018-02-16_11-40-59 | Status- debug | Type- chisel | tests- all | User- mattfel | Origin- london | Destination- tucson | Branch- pre-master | Spatial- 556a4 | Argon- 6d3d2 | Virtualized- 1a5ad | Spatial-apps- 843ec
2018-02-16_11-40-59
debug
chisel
all
mattfel
london
556a498525c4ec16126c870a61c4a3ae71a26252
pre-master
tucson
/home/mattfel/regression
