Creation Time- 2018-01-02_15-23-33 | Status- debug | Type- chisel | tests- all | User- mattfel | Origin- london | Destination- tucson | Branch- retime | Spatial- a6e8b | Argon- 60d6c | Virtualized- 1a5ad | Spatial-apps- 8296b
2018-01-02_15-23-33
debug
chisel
all
mattfel
london
a6e8bd8adb25bda939686aa0b90cc95fb76e70c8
retime
tucson
/home/mattfel/regression
