Creation Time- 2018-01-25_22-13-59 | Status- debug | Type- scala | tests- all | User- tianzhao | Origin- tucson | Destination- london | Branch- arria10 | Spatial- 1948f | Argon- dd8ba | Virtualized- 1a5ad | Spatial-apps- 4a738
2018-01-25_22-13-59
debug
scala
all
tianzhao
tucson
1948fe001d35b354269a1e64469e59fddb4a3ff4
arria10
london
/home/mattfel/regression
