Creation Time- 2018-03-23_11-47-18 | Status- debug | Type- scala | tests- all | User- mattfel | Origin- london | Destination- london | Branch- retime | Spatial- 52d6c | Argon- b19da | Virtualized- 05f6c | Spatial-apps- 27f5c
2018-03-23_11-47-18
debug
scala
all
mattfel
london
52d6cf3dbbf34508143ef9bfa1d4288c6d964b8a
retime
london
/home/mattfel/regression
