Creation Time- 2018-01-11_10-12-31 | Status- debug | Type- chisel | tests- all | User- mattfel | Origin- london | Destination- london | Branch- master | Spatial- c1e5e | Argon- 858e0 | Virtualized- 1a5ad | Spatial-apps- 1b907
2018-01-11_10-12-31
debug
chisel
all
mattfel
london
c1e5efb3411dddcb55a79aac2e4e4aaac72bdbee
master
london
/home/mattfel/regression
