Creation Time- 2018-03-28_13-26-14 | Status- debug | Type- scala | tests- all | User- mattfel | Origin- london | Destination- tucson | Branch- develop | Spatial- 4cfb9 | Argon- b19da | Virtualized- 05f6c | Spatial-apps- aac2b
2018-03-28_13-26-14
debug
scala
all
mattfel
london
4cfb94e19162395e0f988bd1a7f64d8b673bdf7d
develop
tucson
/home/mattfel/regression
