Creation Time- 2018-01-31_10-48-25 | Status- debug | Type- chisel | tests- all | User- mattfel | Origin- london | Destination- london | Branch- retime | Spatial- 33d7f | Argon- dfdda | Virtualized- 1a5ad | Spatial-apps- 482cf
2018-01-31_10-48-25
debug
chisel
all
mattfel
london
33d7fa012e6b90294951c5a3e6aa27e664bc2694
retime
london
/home/mattfel/regression
