Creation Time- 2018-03-05_19-15-54 | Status- debug | Type- chisel | tests- all | User- mattfel | Origin- london | Destination- london | Branch- pre-master | Spatial- 756ee | Argon- 397a8 | Virtualized- 1a5ad | Spatial-apps- dc7a8
2018-03-05_19-15-54
debug
chisel
all
mattfel
london
756ee0973a582611e5fa792a7029c7992cbcd2ef
pre-master
london
/home/mattfel/regression
