Creation Time- 2018-01-26_14-57-15 | Status- debug | Type- scala | tests- all | User- mattfel | Origin- tucson | Destination- tucson | Branch- compile | Spatial- e2320 | Argon- b64c5 | Virtualized- 1a5ad | Spatial-apps- 4a738
2018-01-26_14-57-15
debug
scala
all
mattfel
tucson
e2320b03d4e4af0749e4fde5009018934de33b4b
compile
tucson
/home/mattfel/regression
