Creation Time- 2018-01-11_18-56-41 | Status- debug | Type- scala | tests- all | User- mattfel | Origin- london | Destination- london | Branch- master | Spatial- 4d3e1 | Argon- 858e0 | Virtualized- 1a5ad | Spatial-apps- 63340
2018-01-11_18-56-41
debug
scala
all
mattfel
london
4d3e160fe860974c73ff32f3995395ded5f002fe
master
london
/home/mattfel/regression
