Creation Time- 2018-01-26_12-48-06 | Status- debug | Type- chisel | tests- all | User- mattfel | Origin- tucson | Destination- london | Branch- compile | Spatial- 0404a | Argon- b64c5 | Virtualized- 1a5ad | Spatial-apps- 4a738
2018-01-26_12-48-06
debug
chisel
all
mattfel
tucson
0404a2971c618119b6106134364b3f3e1d841a9e
compile
london
/home/mattfel/regression
