Creation Time- 2018-02-19_12-53-39 | Status- debug | Type- scala | tests- all | User- mattfel | Origin- london | Destination- tucson | Branch- master | Spatial- 65d60 | Argon- 6d3d2 | Virtualized- 1a5ad | Spatial-apps- 30d30
2018-02-19_12-53-39
debug
scala
all
mattfel
london
65d60924a47ba9bbd17213235ed8c2f0a0c674fc
master
tucson
/home/mattfel/regression
