Creation Time- 2018-01-23_12-38-33 | Status- debug | Type- scala | tests- all | User- mattfel | Origin- london | Destination- london | Branch- fpga | Spatial- 35378 | Argon- ce913 | Virtualized- 1a5ad | Spatial-apps- b8b21
2018-01-23_12-38-33
debug
scala
all
mattfel
london
353786b6c6b5acc9e9c8f87a9cd90782aba2a1b3
fpga
london
/home/mattfel/regression
