Creation Time- 2018-03-06_14-51-27 | Status- debug | Type- scala | tests- all | User- mattfel | Origin- london | Destination- tucson | Branch- fpga | Spatial- 382f4 | Argon- 4e354 | Virtualized- 4fec9 | Spatial-apps- f919c
2018-03-06_14-51-27
debug
scala
all
mattfel
london
382f4deba003ca6455ff9a07918f59bd8c71af21
fpga
tucson
/home/mattfel/regression
