Creation Time- 2018-03-09_08-30-10 | Status- debug | Type- chisel | tests- all | User- mattfel | Origin- london | Destination- tucson | Branch- develop | Spatial- acb15 | Argon- 4e354 | Virtualized- 9bc7b | Spatial-apps- 3f32f
2018-03-09_08-30-10
debug
chisel
all
mattfel
london
acb15e8a592e86b9019943af8cea05b327a02212
develop
tucson
/home/mattfel/regression
