Creation Time- 2018-01-31_23-22-27 | Status- debug | Type- scala | tests- all | User- mattfel | Origin- london | Destination- tucson | Branch- master | Spatial- 48a65 | Argon- dfdda | Virtualized- 1a5ad | Spatial-apps- 482cf
2018-01-31_23-22-27
debug
scala
all
mattfel
london
48a653bb1b5d2d088d4827fb2e6f83cd56105388
master
tucson
/home/mattfel/regression
