Creation Time- 2018-01-12_15-57-18 | Status- debug | Type- scala | tests- all | User- mattfel | Origin- tucson | Destination- tucson | Branch- compile | Spatial- 8068b | Argon- 9518b | Virtualized- 1a5ad | Spatial-apps- a5704
2018-01-12_15-57-18
debug
scala
all
mattfel
tucson
8068b4d1f1f3d6394a2f05fb65122cd92a902eff
compile
tucson
/home/mattfel/regression
