Creation Time- 2018-01-04_21-18-52 | Status- debug | Type- chisel | tests- all | User- mattfel | Origin- london | Destination- tucson | Branch- develop | Spatial- 8113e | Argon- 1aa74 | Virtualized- 1a5ad | Spatial-apps- f0ad4
2018-01-04_21-18-52
debug
chisel
all
mattfel
london
8113ec9612c401e49e349ad6448cbf34207a2b85
develop
tucson
/home/mattfel/regression
