Creation Time- 2018-03-29_12-06-23 | Status- debug | Type- chisel | tests- all | User- mattfel | Origin- london | Destination- tucson | Branch- retime | Spatial- 71235 | Argon- b19da | Virtualized- 05f6c | Spatial-apps- 3fbeb
2018-03-29_12-06-23
debug
chisel
all
mattfel
london
7123530f4ae2677069c9a24867f0d9ed9c7c6736
retime
tucson
/home/mattfel/regression
