Creation Time- 2018-01-19_09-47-50 | Status- debug | Type- chisel | tests- all | User- mattfel | Origin- london | Destination- tucson | Branch- syncMem | Spatial- e3db4 | Argon- cf072 | Virtualized- 1a5ad | Spatial-apps- a5704
2018-01-19_09-47-50
debug
chisel
all
mattfel
london
e3db447c69a19623c5986f838eea38e3487d9563
syncMem
tucson
/home/mattfel/regression
